{
  "version": 4,
  "terraform_version": "1.0.6",
  "serial": 367,
  "lineage": "a4affea1-72ce-c94d-ebc8-df338f88327c",
  "outputs": {},
  "resources": [
    {
      "module": "module.github",
      "mode": "managed",
      "type": "github_membership",
      "name": "admins",
      "provider": "provider[\"registry.terraform.io/hashicorp/github\"]",
      "instances": [
        {
          "index_key": "codeReddington",
          "schema_version": 0,
          "attributes": {
            "etag": "W/\"c472aa5e376de6ac965c419c8e21d92e2c37c1716d2e8e19f84fbf1e82319719\"",
            "id": "MTN-AYOBA-HACK-2021:codeReddington",
            "role": "admin",
            "username": "codeReddington"
          },
          "sensitive_attributes": [],
          "private": "bnVsbA=="
        },
        {
          "index_key": "sarps",
          "schema_version": 0,
          "attributes": {
            "etag": "W/\"cd4415beb900ff07d7c137243db2cc70f0b021954fda93418b653879a386418d\"",
            "id": "MTN-AYOBA-HACK-2021:sarps",
            "role": "admin",
            "username": "sarps"
          },
          "sensitive_attributes": [],
          "private": "bnVsbA=="
        },
        {
          "index_key": "theHinneh",
          "schema_version": 0,
          "attributes": {
            "etag": "W/\"1dd7e6b424c450240dfc38a6ed7ccbac6f3f6a44e475f5214bac94da0202ad9d\"",
            "id": "MTN-AYOBA-HACK-2021:theHinneh",
            "role": "admin",
            "username": "theHinneh"
          },
          "sensitive_attributes": [],
          "private": "bnVsbA=="
        }
      ]
    },
    {
      "module": "module.github",
      "mode": "managed",
      "type": "github_repository",
      "name": "this",
      "provider": "provider[\"registry.terraform.io/hashicorp/github\"]",
      "instances": [
        {
          "index_key": "Adamteh",
          "schema_version": 0,
          "attributes": {
            "allow_merge_commit": true,
            "allow_rebase_merge": true,
            "allow_squash_merge": true,
            "archive_on_destroy": null,
            "archived": false,
            "auto_init": null,
            "default_branch": "main",
            "delete_branch_on_merge": false,
            "description": "",
            "etag": "W/\"c480c92291753266f17e58a53392fdaa97833a01edbcec6f7c1f6621bbbc63de\"",
            "full_name": "MTN-AYOBA-HACK-2021/ayoba_Adamteh",
            "git_clone_url": "git://github.com/MTN-AYOBA-HACK-2021/ayoba_Adamteh.git",
            "gitignore_template": null,
            "has_downloads": false,
            "has_issues": false,
            "has_projects": false,
            "has_wiki": false,
            "homepage_url": "",
            "html_url": "https://github.com/MTN-AYOBA-HACK-2021/ayoba_Adamteh",
            "http_clone_url": "https://github.com/MTN-AYOBA-HACK-2021/ayoba_Adamteh.git",
            "id": "ayoba_Adamteh",
            "is_template": false,
            "license_template": null,
            "name": "ayoba_Adamteh",
            "node_id": "MDEwOlJlcG9zaXRvcnk0MDI2ODE0Njg=",
            "pages": [],
            "private": true,
            "repo_id": 402681468,
            "ssh_clone_url": "git@github.com:MTN-AYOBA-HACK-2021/ayoba_Adamteh.git",
            "svn_url": "https://github.com/MTN-AYOBA-HACK-2021/ayoba_Adamteh",
            "template": [],
            "topics": null,
            "visibility": "private",
            "vulnerability_alerts": false
          },
          "sensitive_attributes": [],
          "private": "bnVsbA=="
        },
        {
          "index_key": "Afari318",
          "schema_version": 0,
          "attributes": {
            "allow_merge_commit": true,
            "allow_rebase_merge": true,
            "allow_squash_merge": true,
            "archive_on_destroy": null,
            "archived": false,
            "auto_init": null,
            "default_branch": "main",
            "delete_branch_on_merge": false,
            "description": "",
            "etag": "W/\"a26653b0c3e1f0456783f94919d171a88d21b2c44ad7623c4e9bd0e730cd736f\"",
            "full_name": "MTN-AYOBA-HACK-2021/ayoba_Afari318",
            "git_clone_url": "git://github.com/MTN-AYOBA-HACK-2021/ayoba_Afari318.git",
            "gitignore_template": null,
            "has_downloads": false,
            "has_issues": false,
            "has_projects": false,
            "has_wiki": false,
            "homepage_url": "",
            "html_url": "https://github.com/MTN-AYOBA-HACK-2021/ayoba_Afari318",
            "http_clone_url": "https://github.com/MTN-AYOBA-HACK-2021/ayoba_Afari318.git",
            "id": "ayoba_Afari318",
            "is_template": false,
            "license_template": null,
            "name": "ayoba_Afari318",
            "node_id": "MDEwOlJlcG9zaXRvcnk0MDI2ODA2OTU=",
            "pages": [],
            "private": true,
            "repo_id": 402680695,
            "ssh_clone_url": "git@github.com:MTN-AYOBA-HACK-2021/ayoba_Afari318.git",
            "svn_url": "https://github.com/MTN-AYOBA-HACK-2021/ayoba_Afari318",
            "template": [],
            "topics": null,
            "visibility": "private",
            "vulnerability_alerts": false
          },
          "sensitive_attributes": [],
          "private": "bnVsbA=="
        },
        {
          "index_key": "BomehD",
          "schema_version": 0,
          "attributes": {
            "allow_merge_commit": true,
            "allow_rebase_merge": true,
            "allow_squash_merge": true,
            "archive_on_destroy": null,
            "archived": false,
            "auto_init": null,
            "default_branch": "main",
            "delete_branch_on_merge": false,
            "description": "",
            "etag": "W/\"72b5f41d6f01473d39354c995d472d01a48977b0ed2c9d78fbd6829de5695a29\"",
            "full_name": "MTN-AYOBA-HACK-2021/ayoba_BomehD",
            "git_clone_url": "git://github.com/MTN-AYOBA-HACK-2021/ayoba_BomehD.git",
            "gitignore_template": null,
            "has_downloads": false,
            "has_issues": false,
            "has_projects": false,
            "has_wiki": false,
            "homepage_url": "",
            "html_url": "https://github.com/MTN-AYOBA-HACK-2021/ayoba_BomehD",
            "http_clone_url": "https://github.com/MTN-AYOBA-HACK-2021/ayoba_BomehD.git",
            "id": "ayoba_BomehD",
            "is_template": false,
            "license_template": null,
            "name": "ayoba_BomehD",
            "node_id": "MDEwOlJlcG9zaXRvcnk0MDI2ODEwMTk=",
            "pages": [],
            "private": true,
            "repo_id": 402681019,
            "ssh_clone_url": "git@github.com:MTN-AYOBA-HACK-2021/ayoba_BomehD.git",
            "svn_url": "https://github.com/MTN-AYOBA-HACK-2021/ayoba_BomehD",
            "template": [],
            "topics": [],
            "visibility": "private",
            "vulnerability_alerts": false
          },
          "sensitive_attributes": [],
          "private": "bnVsbA=="
        },
        {
          "index_key": "CodeitSoft-Tech",
          "schema_version": 0,
          "attributes": {
            "allow_merge_commit": true,
            "allow_rebase_merge": true,
            "allow_squash_merge": true,
            "archive_on_destroy": null,
            "archived": false,
            "auto_init": null,
            "default_branch": "main",
            "delete_branch_on_merge": false,
            "description": "",
            "etag": "W/\"985fb243d077315a5e7578f2a075fe7385b686d28e3f6ebf7f89e4ef763dd3cc\"",
            "full_name": "MTN-AYOBA-HACK-2021/ayoba_CodeitSoft-Tech",
            "git_clone_url": "git://github.com/MTN-AYOBA-HACK-2021/ayoba_CodeitSoft-Tech.git",
            "gitignore_template": null,
            "has_downloads": false,
            "has_issues": false,
            "has_projects": false,
            "has_wiki": false,
            "homepage_url": "",
            "html_url": "https://github.com/MTN-AYOBA-HACK-2021/ayoba_CodeitSoft-Tech",
            "http_clone_url": "https://github.com/MTN-AYOBA-HACK-2021/ayoba_CodeitSoft-Tech.git",
            "id": "ayoba_CodeitSoft-Tech",
            "is_template": false,
            "license_template": null,
            "name": "ayoba_CodeitSoft-Tech",
            "node_id": "MDEwOlJlcG9zaXRvcnk0MDI5NDg4MzY=",
            "pages": [],
            "private": true,
            "repo_id": 402948836,
            "ssh_clone_url": "git@github.com:MTN-AYOBA-HACK-2021/ayoba_CodeitSoft-Tech.git",
            "svn_url": "https://github.com/MTN-AYOBA-HACK-2021/ayoba_CodeitSoft-Tech",
            "template": [],
            "topics": null,
            "visibility": "private",
            "vulnerability_alerts": false
          },
          "sensitive_attributes": [],
          "private": "bnVsbA=="
        },
        {
          "index_key": "DAVNOBLE",
          "schema_version": 0,
          "attributes": {
            "allow_merge_commit": true,
            "allow_rebase_merge": true,
            "allow_squash_merge": true,
            "archive_on_destroy": null,
            "archived": false,
            "auto_init": null,
            "default_branch": "main",
            "delete_branch_on_merge": false,
            "description": "",
            "etag": "W/\"3ce166646706fb1c18898d0226a87a2be3e2ea63fbafac54011381b5ab5d4ea8\"",
            "full_name": "MTN-AYOBA-HACK-2021/ayoba_DAVNOBLE",
            "git_clone_url": "git://github.com/MTN-AYOBA-HACK-2021/ayoba_DAVNOBLE.git",
            "gitignore_template": null,
            "has_downloads": false,
            "has_issues": false,
            "has_projects": false,
            "has_wiki": false,
            "homepage_url": "",
            "html_url": "https://github.com/MTN-AYOBA-HACK-2021/ayoba_DAVNOBLE",
            "http_clone_url": "https://github.com/MTN-AYOBA-HACK-2021/ayoba_DAVNOBLE.git",
            "id": "ayoba_DAVNOBLE",
            "is_template": false,
            "license_template": null,
            "name": "ayoba_DAVNOBLE",
            "node_id": "MDEwOlJlcG9zaXRvcnk0MDI2ODE0MDY=",
            "pages": [],
            "private": true,
            "repo_id": 402681406,
            "ssh_clone_url": "git@github.com:MTN-AYOBA-HACK-2021/ayoba_DAVNOBLE.git",
            "svn_url": "https://github.com/MTN-AYOBA-HACK-2021/ayoba_DAVNOBLE",
            "template": [],
            "topics": null,
            "visibility": "private",
            "vulnerability_alerts": false
          },
          "sensitive_attributes": [],
          "private": "bnVsbA=="
        },
        {
          "index_key": "Dennis-Lord",
          "schema_version": 0,
          "attributes": {
            "allow_merge_commit": true,
            "allow_rebase_merge": true,
            "allow_squash_merge": true,
            "archive_on_destroy": null,
            "archived": false,
            "auto_init": null,
            "default_branch": "main",
            "delete_branch_on_merge": false,
            "description": "",
            "etag": "W/\"a815ecba93a30b1535a219340ea225ccbffcf4e23df94646e9d129baf356dd81\"",
            "full_name": "MTN-AYOBA-HACK-2021/ayoba_Dennis-Lord",
            "git_clone_url": "git://github.com/MTN-AYOBA-HACK-2021/ayoba_Dennis-Lord.git",
            "gitignore_template": null,
            "has_downloads": false,
            "has_issues": false,
            "has_projects": false,
            "has_wiki": false,
            "homepage_url": "",
            "html_url": "https://github.com/MTN-AYOBA-HACK-2021/ayoba_Dennis-Lord",
            "http_clone_url": "https://github.com/MTN-AYOBA-HACK-2021/ayoba_Dennis-Lord.git",
            "id": "ayoba_Dennis-Lord",
            "is_template": false,
            "license_template": null,
            "name": "ayoba_Dennis-Lord",
            "node_id": "MDEwOlJlcG9zaXRvcnk0MDI5NDg4NDQ=",
            "pages": [],
            "private": true,
            "repo_id": 402948844,
            "ssh_clone_url": "git@github.com:MTN-AYOBA-HACK-2021/ayoba_Dennis-Lord.git",
            "svn_url": "https://github.com/MTN-AYOBA-HACK-2021/ayoba_Dennis-Lord",
            "template": [],
            "topics": null,
            "visibility": "private",
            "vulnerability_alerts": false
          },
          "sensitive_attributes": [],
          "private": "bnVsbA=="
        },
        {
          "index_key": "Eddy-Morgan",
          "schema_version": 0,
          "attributes": {
            "allow_merge_commit": true,
            "allow_rebase_merge": true,
            "allow_squash_merge": true,
            "archive_on_destroy": null,
            "archived": false,
            "auto_init": null,
            "default_branch": "main",
            "delete_branch_on_merge": false,
            "description": "",
            "etag": "W/\"8328961a2810c6f044e7cbf45e75656dc3078018b0c6b1fa53c2781be7342c3a\"",
            "full_name": "MTN-AYOBA-HACK-2021/ayoba_Eddy-Morgan",
            "git_clone_url": "git://github.com/MTN-AYOBA-HACK-2021/ayoba_Eddy-Morgan.git",
            "gitignore_template": null,
            "has_downloads": false,
            "has_issues": false,
            "has_projects": false,
            "has_wiki": false,
            "homepage_url": "",
            "html_url": "https://github.com/MTN-AYOBA-HACK-2021/ayoba_Eddy-Morgan",
            "http_clone_url": "https://github.com/MTN-AYOBA-HACK-2021/ayoba_Eddy-Morgan.git",
            "id": "ayoba_Eddy-Morgan",
            "is_template": false,
            "license_template": null,
            "name": "ayoba_Eddy-Morgan",
            "node_id": "MDEwOlJlcG9zaXRvcnk0MDI2ODEyMDk=",
            "pages": [],
            "private": true,
            "repo_id": 402681209,
            "ssh_clone_url": "git@github.com:MTN-AYOBA-HACK-2021/ayoba_Eddy-Morgan.git",
            "svn_url": "https://github.com/MTN-AYOBA-HACK-2021/ayoba_Eddy-Morgan",
            "template": [],
            "topics": [],
            "visibility": "private",
            "vulnerability_alerts": false
          },
          "sensitive_attributes": [],
          "private": "bnVsbA=="
        },
        {
          "index_key": "Elvis-Sarfo",
          "schema_version": 0,
          "attributes": {
            "allow_merge_commit": true,
            "allow_rebase_merge": true,
            "allow_squash_merge": true,
            "archive_on_destroy": null,
            "archived": false,
            "auto_init": null,
            "default_branch": "main",
            "delete_branch_on_merge": false,
            "description": "",
            "etag": "W/\"0a0746d539c0378d368b85f5f9ad51d4e31c4621a383052c4532e7f299ab4624\"",
            "full_name": "MTN-AYOBA-HACK-2021/ayoba_Elvis-Sarfo",
            "git_clone_url": "git://github.com/MTN-AYOBA-HACK-2021/ayoba_Elvis-Sarfo.git",
            "gitignore_template": null,
            "has_downloads": false,
            "has_issues": false,
            "has_projects": false,
            "has_wiki": false,
            "homepage_url": "",
            "html_url": "https://github.com/MTN-AYOBA-HACK-2021/ayoba_Elvis-Sarfo",
            "http_clone_url": "https://github.com/MTN-AYOBA-HACK-2021/ayoba_Elvis-Sarfo.git",
            "id": "ayoba_Elvis-Sarfo",
            "is_template": false,
            "license_template": null,
            "name": "ayoba_Elvis-Sarfo",
            "node_id": "MDEwOlJlcG9zaXRvcnk0MDI2ODExODU=",
            "pages": [],
            "private": true,
            "repo_id": 402681185,
            "ssh_clone_url": "git@github.com:MTN-AYOBA-HACK-2021/ayoba_Elvis-Sarfo.git",
            "svn_url": "https://github.com/MTN-AYOBA-HACK-2021/ayoba_Elvis-Sarfo",
            "template": [],
            "topics": null,
            "visibility": "private",
            "vulnerability_alerts": false
          },
          "sensitive_attributes": [],
          "private": "bnVsbA=="
        },
        {
          "index_key": "Emmanuelfrimpong",
          "schema_version": 0,
          "attributes": {
            "allow_merge_commit": true,
            "allow_rebase_merge": true,
            "allow_squash_merge": true,
            "archive_on_destroy": null,
            "archived": false,
            "auto_init": null,
            "default_branch": "main",
            "delete_branch_on_merge": false,
            "description": "",
            "etag": "W/\"9443b6f65e6efd154542ca37daebf865110b991bb71270c38ad78bf9d522eede\"",
            "full_name": "MTN-AYOBA-HACK-2021/ayoba_Emmanuelfrimpong",
            "git_clone_url": "git://github.com/MTN-AYOBA-HACK-2021/ayoba_Emmanuelfrimpong.git",
            "gitignore_template": null,
            "has_downloads": false,
            "has_issues": false,
            "has_projects": false,
            "has_wiki": false,
            "homepage_url": "",
            "html_url": "https://github.com/MTN-AYOBA-HACK-2021/ayoba_Emmanuelfrimpong",
            "http_clone_url": "https://github.com/MTN-AYOBA-HACK-2021/ayoba_Emmanuelfrimpong.git",
            "id": "ayoba_Emmanuelfrimpong",
            "is_template": false,
            "license_template": null,
            "name": "ayoba_Emmanuelfrimpong",
            "node_id": "MDEwOlJlcG9zaXRvcnk0MDI2ODQ1MTQ=",
            "pages": [],
            "private": true,
            "repo_id": 402684514,
            "ssh_clone_url": "git@github.com:MTN-AYOBA-HACK-2021/ayoba_Emmanuelfrimpong.git",
            "svn_url": "https://github.com/MTN-AYOBA-HACK-2021/ayoba_Emmanuelfrimpong",
            "template": [],
            "topics": null,
            "visibility": "private",
            "vulnerability_alerts": false
          },
          "sensitive_attributes": [],
          "private": "bnVsbA=="
        },
        {
          "index_key": "HephWisdom",
          "schema_version": 0,
          "attributes": {
            "allow_merge_commit": true,
            "allow_rebase_merge": true,
            "allow_squash_merge": true,
            "archive_on_destroy": null,
            "archived": false,
            "auto_init": null,
            "default_branch": "main",
            "delete_branch_on_merge": false,
            "description": "",
            "etag": "W/\"6aeee494549d98fb34980cdeca620077ec4bc32fb185fabf974b354e44239fa3\"",
            "full_name": "MTN-AYOBA-HACK-2021/ayoba_HephWisdom",
            "git_clone_url": "git://github.com/MTN-AYOBA-HACK-2021/ayoba_HephWisdom.git",
            "gitignore_template": null,
            "has_downloads": false,
            "has_issues": false,
            "has_projects": false,
            "has_wiki": false,
            "homepage_url": "",
            "html_url": "https://github.com/MTN-AYOBA-HACK-2021/ayoba_HephWisdom",
            "http_clone_url": "https://github.com/MTN-AYOBA-HACK-2021/ayoba_HephWisdom.git",
            "id": "ayoba_HephWisdom",
            "is_template": false,
            "license_template": null,
            "name": "ayoba_HephWisdom",
            "node_id": "MDEwOlJlcG9zaXRvcnk0MDI2ODAxNTg=",
            "pages": [],
            "private": true,
            "repo_id": 402680158,
            "ssh_clone_url": "git@github.com:MTN-AYOBA-HACK-2021/ayoba_HephWisdom.git",
            "svn_url": "https://github.com/MTN-AYOBA-HACK-2021/ayoba_HephWisdom",
            "template": [],
            "topics": [],
            "visibility": "private",
            "vulnerability_alerts": false
          },
          "sensitive_attributes": [],
          "private": "bnVsbA=="
        },
        {
          "index_key": "IvanKwabena",
          "schema_version": 0,
          "attributes": {
            "allow_merge_commit": true,
            "allow_rebase_merge": true,
            "allow_squash_merge": true,
            "archive_on_destroy": null,
            "archived": false,
            "auto_init": null,
            "default_branch": "main",
            "delete_branch_on_merge": false,
            "description": "",
            "etag": "W/\"aaeae2368f15fc5e47eece12222f3ed8a120a252367783c316cc0ea03743297e\"",
            "full_name": "MTN-AYOBA-HACK-2021/ayoba_IvanKwabena",
            "git_clone_url": "git://github.com/MTN-AYOBA-HACK-2021/ayoba_IvanKwabena.git",
            "gitignore_template": null,
            "has_downloads": false,
            "has_issues": false,
            "has_projects": false,
            "has_wiki": false,
            "homepage_url": "",
            "html_url": "https://github.com/MTN-AYOBA-HACK-2021/ayoba_IvanKwabena",
            "http_clone_url": "https://github.com/MTN-AYOBA-HACK-2021/ayoba_IvanKwabena.git",
            "id": "ayoba_IvanKwabena",
            "is_template": false,
            "license_template": null,
            "name": "ayoba_IvanKwabena",
            "node_id": "MDEwOlJlcG9zaXRvcnk0MDMzMDQ3MDQ=",
            "pages": [],
            "private": true,
            "repo_id": 403304704,
            "ssh_clone_url": "git@github.com:MTN-AYOBA-HACK-2021/ayoba_IvanKwabena.git",
            "svn_url": "https://github.com/MTN-AYOBA-HACK-2021/ayoba_IvanKwabena",
            "template": [],
            "topics": null,
            "visibility": "private",
            "vulnerability_alerts": false
          },
          "sensitive_attributes": [],
          "private": "bnVsbA=="
        },
        {
          "index_key": "Kelvin-tech",
          "schema_version": 0,
          "attributes": {
            "allow_merge_commit": true,
            "allow_rebase_merge": true,
            "allow_squash_merge": true,
            "archive_on_destroy": null,
            "archived": false,
            "auto_init": null,
            "default_branch": "main",
            "delete_branch_on_merge": false,
            "description": "",
            "etag": "W/\"13f3c2cdfde57d506efb008d0169c22ccb5874a86ba428a923e02d137d416644\"",
            "full_name": "MTN-AYOBA-HACK-2021/ayoba_Kelvin-tech",
            "git_clone_url": "git://github.com/MTN-AYOBA-HACK-2021/ayoba_Kelvin-tech.git",
            "gitignore_template": null,
            "has_downloads": false,
            "has_issues": false,
            "has_projects": false,
            "has_wiki": false,
            "homepage_url": "",
            "html_url": "https://github.com/MTN-AYOBA-HACK-2021/ayoba_Kelvin-tech",
            "http_clone_url": "https://github.com/MTN-AYOBA-HACK-2021/ayoba_Kelvin-tech.git",
            "id": "ayoba_Kelvin-tech",
            "is_template": false,
            "license_template": null,
            "name": "ayoba_Kelvin-tech",
            "node_id": "MDEwOlJlcG9zaXRvcnk0MDI2ODAyMjk=",
            "pages": [],
            "private": true,
            "repo_id": 402680229,
            "ssh_clone_url": "git@github.com:MTN-AYOBA-HACK-2021/ayoba_Kelvin-tech.git",
            "svn_url": "https://github.com/MTN-AYOBA-HACK-2021/ayoba_Kelvin-tech",
            "template": [],
            "topics": null,
            "visibility": "private",
            "vulnerability_alerts": false
          },
          "sensitive_attributes": [],
          "private": "bnVsbA=="
        },
        {
          "index_key": "Kweeku",
          "schema_version": 0,
          "attributes": {
            "allow_merge_commit": true,
            "allow_rebase_merge": true,
            "allow_squash_merge": true,
            "archive_on_destroy": null,
            "archived": false,
            "auto_init": null,
            "default_branch": "main",
            "delete_branch_on_merge": false,
            "description": "",
            "etag": "W/\"7fac3f52974180649d7190e196d9e52fe08dd5601e7c332bac9996f0a1ee9289\"",
            "full_name": "MTN-AYOBA-HACK-2021/ayoba_Kweeku",
            "git_clone_url": "git://github.com/MTN-AYOBA-HACK-2021/ayoba_Kweeku.git",
            "gitignore_template": null,
            "has_downloads": false,
            "has_issues": false,
            "has_projects": false,
            "has_wiki": false,
            "homepage_url": "",
            "html_url": "https://github.com/MTN-AYOBA-HACK-2021/ayoba_Kweeku",
            "http_clone_url": "https://github.com/MTN-AYOBA-HACK-2021/ayoba_Kweeku.git",
            "id": "ayoba_Kweeku",
            "is_template": false,
            "license_template": null,
            "name": "ayoba_Kweeku",
            "node_id": "MDEwOlJlcG9zaXRvcnk0MDI2ODA0Nzg=",
            "pages": [],
            "private": true,
            "repo_id": 402680478,
            "ssh_clone_url": "git@github.com:MTN-AYOBA-HACK-2021/ayoba_Kweeku.git",
            "svn_url": "https://github.com/MTN-AYOBA-HACK-2021/ayoba_Kweeku",
            "template": [],
            "topics": [],
            "visibility": "private",
            "vulnerability_alerts": false
          },
          "sensitive_attributes": [],
          "private": "bnVsbA=="
        },
        {
          "index_key": "ManuelDCoder",
          "schema_version": 0,
          "attributes": {
            "allow_merge_commit": true,
            "allow_rebase_merge": true,
            "allow_squash_merge": true,
            "archive_on_destroy": null,
            "archived": false,
            "auto_init": null,
            "default_branch": "main",
            "delete_branch_on_merge": false,
            "description": "",
            "etag": "W/\"80bc48d152320165ac2661c750917aade9eb96064804645b3292fabe39a0d32d\"",
            "full_name": "MTN-AYOBA-HACK-2021/ayoba_ManuelDCoder",
            "git_clone_url": "git://github.com/MTN-AYOBA-HACK-2021/ayoba_ManuelDCoder.git",
            "gitignore_template": null,
            "has_downloads": false,
            "has_issues": false,
            "has_projects": false,
            "has_wiki": false,
            "homepage_url": "",
            "html_url": "https://github.com/MTN-AYOBA-HACK-2021/ayoba_ManuelDCoder",
            "http_clone_url": "https://github.com/MTN-AYOBA-HACK-2021/ayoba_ManuelDCoder.git",
            "id": "ayoba_ManuelDCoder",
            "is_template": false,
            "license_template": null,
            "name": "ayoba_ManuelDCoder",
            "node_id": "MDEwOlJlcG9zaXRvcnk0MDI2ODExMDA=",
            "pages": [],
            "private": true,
            "repo_id": 402681100,
            "ssh_clone_url": "git@github.com:MTN-AYOBA-HACK-2021/ayoba_ManuelDCoder.git",
            "svn_url": "https://github.com/MTN-AYOBA-HACK-2021/ayoba_ManuelDCoder",
            "template": [],
            "topics": null,
            "visibility": "private",
            "vulnerability_alerts": false
          },
          "sensitive_attributes": [],
          "private": "bnVsbA=="
        },
        {
          "index_key": "NanaPokun",
          "schema_version": 0,
          "attributes": {
            "allow_merge_commit": true,
            "allow_rebase_merge": true,
            "allow_squash_merge": true,
            "archive_on_destroy": null,
            "archived": false,
            "auto_init": null,
            "default_branch": "main",
            "delete_branch_on_merge": false,
            "description": "",
            "etag": "W/\"cf4cf97a2a8862a00eacc42db77f2758a210474efcaf4d80369038f68536ea02\"",
            "full_name": "MTN-AYOBA-HACK-2021/ayoba_NanaPokun",
            "git_clone_url": "git://github.com/MTN-AYOBA-HACK-2021/ayoba_NanaPokun.git",
            "gitignore_template": null,
            "has_downloads": false,
            "has_issues": false,
            "has_projects": false,
            "has_wiki": false,
            "homepage_url": "",
            "html_url": "https://github.com/MTN-AYOBA-HACK-2021/ayoba_NanaPokun",
            "http_clone_url": "https://github.com/MTN-AYOBA-HACK-2021/ayoba_NanaPokun.git",
            "id": "ayoba_NanaPokun",
            "is_template": false,
            "license_template": null,
            "name": "ayoba_NanaPokun",
            "node_id": "MDEwOlJlcG9zaXRvcnk0MDI2ODA2NDc=",
            "pages": [],
            "private": true,
            "repo_id": 402680647,
            "ssh_clone_url": "git@github.com:MTN-AYOBA-HACK-2021/ayoba_NanaPokun.git",
            "svn_url": "https://github.com/MTN-AYOBA-HACK-2021/ayoba_NanaPokun",
            "template": [],
            "topics": null,
            "visibility": "private",
            "vulnerability_alerts": false
          },
          "sensitive_attributes": [],
          "private": "bnVsbA=="
        },
        {
          "index_key": "NaroSoft",
          "schema_version": 0,
          "attributes": {
            "allow_merge_commit": true,
            "allow_rebase_merge": true,
            "allow_squash_merge": true,
            "archive_on_destroy": null,
            "archived": false,
            "auto_init": null,
            "default_branch": "main",
            "delete_branch_on_merge": false,
            "description": "",
            "etag": "W/\"a368c0827181ba9ca3a6fb5246b50fc32fdc55086f3012077ffa89d5a985ebf2\"",
            "full_name": "MTN-AYOBA-HACK-2021/ayoba_NaroSoft",
            "git_clone_url": "git://github.com/MTN-AYOBA-HACK-2021/ayoba_NaroSoft.git",
            "gitignore_template": null,
            "has_downloads": false,
            "has_issues": false,
            "has_projects": false,
            "has_wiki": false,
            "homepage_url": "",
            "html_url": "https://github.com/MTN-AYOBA-HACK-2021/ayoba_NaroSoft",
            "http_clone_url": "https://github.com/MTN-AYOBA-HACK-2021/ayoba_NaroSoft.git",
            "id": "ayoba_NaroSoft",
            "is_template": false,
            "license_template": null,
            "name": "ayoba_NaroSoft",
            "node_id": "MDEwOlJlcG9zaXRvcnk0MDI2ODAwNzI=",
            "pages": [],
            "private": true,
            "repo_id": 402680072,
            "ssh_clone_url": "git@github.com:MTN-AYOBA-HACK-2021/ayoba_NaroSoft.git",
            "svn_url": "https://github.com/MTN-AYOBA-HACK-2021/ayoba_NaroSoft",
            "template": [],
            "topics": null,
            "visibility": "private",
            "vulnerability_alerts": false
          },
          "sensitive_attributes": [],
          "private": "bnVsbA=="
        },
        {
          "index_key": "Onihani",
          "schema_version": 0,
          "attributes": {
            "allow_merge_commit": true,
            "allow_rebase_merge": true,
            "allow_squash_merge": true,
            "archive_on_destroy": null,
            "archived": false,
            "auto_init": null,
            "default_branch": "main",
            "delete_branch_on_merge": false,
            "description": "",
            "etag": "W/\"54585ca18fb49e1567d3bdbc41380cb5675d70ff2c3482efd4567a2825ca265e\"",
            "full_name": "MTN-AYOBA-HACK-2021/ayoba_Onihani",
            "git_clone_url": "git://github.com/MTN-AYOBA-HACK-2021/ayoba_Onihani.git",
            "gitignore_template": null,
            "has_downloads": false,
            "has_issues": false,
            "has_projects": false,
            "has_wiki": false,
            "homepage_url": "",
            "html_url": "https://github.com/MTN-AYOBA-HACK-2021/ayoba_Onihani",
            "http_clone_url": "https://github.com/MTN-AYOBA-HACK-2021/ayoba_Onihani.git",
            "id": "ayoba_Onihani",
            "is_template": false,
            "license_template": null,
            "name": "ayoba_Onihani",
            "node_id": "MDEwOlJlcG9zaXRvcnk0MDI2ODE0MjY=",
            "pages": [],
            "private": true,
            "repo_id": 402681426,
            "ssh_clone_url": "git@github.com:MTN-AYOBA-HACK-2021/ayoba_Onihani.git",
            "svn_url": "https://github.com/MTN-AYOBA-HACK-2021/ayoba_Onihani",
            "template": [],
            "topics": [],
            "visibility": "private",
            "vulnerability_alerts": false
          },
          "sensitive_attributes": [],
          "private": "bnVsbA=="
        },
        {
          "index_key": "Osadiapet",
          "schema_version": 0,
          "attributes": {
            "allow_merge_commit": true,
            "allow_rebase_merge": true,
            "allow_squash_merge": true,
            "archive_on_destroy": null,
            "archived": false,
            "auto_init": null,
            "default_branch": "main",
            "delete_branch_on_merge": false,
            "description": "",
            "etag": "W/\"4b7a754251671e8982e154a837af91ea6d6a890a1e370876c181023a4c993dc9\"",
            "full_name": "MTN-AYOBA-HACK-2021/ayoba_Osadiapet",
            "git_clone_url": "git://github.com/MTN-AYOBA-HACK-2021/ayoba_Osadiapet.git",
            "gitignore_template": null,
            "has_downloads": false,
            "has_issues": false,
            "has_projects": false,
            "has_wiki": false,
            "homepage_url": "",
            "html_url": "https://github.com/MTN-AYOBA-HACK-2021/ayoba_Osadiapet",
            "http_clone_url": "https://github.com/MTN-AYOBA-HACK-2021/ayoba_Osadiapet.git",
            "id": "ayoba_Osadiapet",
            "is_template": false,
            "license_template": null,
            "name": "ayoba_Osadiapet",
            "node_id": "MDEwOlJlcG9zaXRvcnk0MDI2ODExMjA=",
            "pages": [],
            "private": true,
            "repo_id": 402681120,
            "ssh_clone_url": "git@github.com:MTN-AYOBA-HACK-2021/ayoba_Osadiapet.git",
            "svn_url": "https://github.com/MTN-AYOBA-HACK-2021/ayoba_Osadiapet",
            "template": [],
            "topics": null,
            "visibility": "private",
            "vulnerability_alerts": false
          },
          "sensitive_attributes": [],
          "private": "bnVsbA=="
        },
        {
          "index_key": "Prince-Ampomah",
          "schema_version": 0,
          "attributes": {
            "allow_merge_commit": true,
            "allow_rebase_merge": true,
            "allow_squash_merge": true,
            "archive_on_destroy": null,
            "archived": false,
            "auto_init": null,
            "default_branch": "main",
            "delete_branch_on_merge": false,
            "description": "",
            "etag": "W/\"7f8ed2274351c96058b708f489b4120b0eb472aed45f7bb58bfeb2714acf06fe\"",
            "full_name": "MTN-AYOBA-HACK-2021/ayoba_Prince-Ampomah",
            "git_clone_url": "git://github.com/MTN-AYOBA-HACK-2021/ayoba_Prince-Ampomah.git",
            "gitignore_template": null,
            "has_downloads": false,
            "has_issues": false,
            "has_projects": false,
            "has_wiki": false,
            "homepage_url": "",
            "html_url": "https://github.com/MTN-AYOBA-HACK-2021/ayoba_Prince-Ampomah",
            "http_clone_url": "https://github.com/MTN-AYOBA-HACK-2021/ayoba_Prince-Ampomah.git",
            "id": "ayoba_Prince-Ampomah",
            "is_template": false,
            "license_template": null,
            "name": "ayoba_Prince-Ampomah",
            "node_id": "MDEwOlJlcG9zaXRvcnk0MDI2ODQ1MDQ=",
            "pages": [],
            "private": true,
            "repo_id": 402684504,
            "ssh_clone_url": "git@github.com:MTN-AYOBA-HACK-2021/ayoba_Prince-Ampomah.git",
            "svn_url": "https://github.com/MTN-AYOBA-HACK-2021/ayoba_Prince-Ampomah",
            "template": [],
            "topics": null,
            "visibility": "private",
            "vulnerability_alerts": false
          },
          "sensitive_attributes": [],
          "private": "bnVsbA=="
        },
        {
          "index_key": "ProfOJ",
          "schema_version": 0,
          "attributes": {
            "allow_merge_commit": true,
            "allow_rebase_merge": true,
            "allow_squash_merge": true,
            "archive_on_destroy": null,
            "archived": false,
            "auto_init": null,
            "default_branch": "main",
            "delete_branch_on_merge": false,
            "description": "",
            "etag": "W/\"b8b7792424daee63bb04d75f5a28306b85617ecd298a93caca2809cb5139de4e\"",
            "full_name": "MTN-AYOBA-HACK-2021/ayoba_ProfOJ",
            "git_clone_url": "git://github.com/MTN-AYOBA-HACK-2021/ayoba_ProfOJ.git",
            "gitignore_template": null,
            "has_downloads": false,
            "has_issues": false,
            "has_projects": false,
            "has_wiki": false,
            "homepage_url": "",
            "html_url": "https://github.com/MTN-AYOBA-HACK-2021/ayoba_ProfOJ",
            "http_clone_url": "https://github.com/MTN-AYOBA-HACK-2021/ayoba_ProfOJ.git",
            "id": "ayoba_ProfOJ",
            "is_template": false,
            "license_template": null,
            "name": "ayoba_ProfOJ",
            "node_id": "MDEwOlJlcG9zaXRvcnk0MDI2ODEzMTg=",
            "pages": [],
            "private": true,
            "repo_id": 402681318,
            "ssh_clone_url": "git@github.com:MTN-AYOBA-HACK-2021/ayoba_ProfOJ.git",
            "svn_url": "https://github.com/MTN-AYOBA-HACK-2021/ayoba_ProfOJ",
            "template": [],
            "topics": [],
            "visibility": "private",
            "vulnerability_alerts": false
          },
          "sensitive_attributes": [],
          "private": "bnVsbA=="
        },
        {
          "index_key": "Rogerkorantenng",
          "schema_version": 0,
          "attributes": {
            "allow_merge_commit": true,
            "allow_rebase_merge": true,
            "allow_squash_merge": true,
            "archive_on_destroy": null,
            "archived": false,
            "auto_init": null,
            "default_branch": "main",
            "delete_branch_on_merge": false,
            "description": "",
            "etag": "W/\"1fe540f8a26cf1384a697b0d47336e59ea62c1ed6077a5d2feecd4481f7b4f2c\"",
            "full_name": "MTN-AYOBA-HACK-2021/ayoba_Rogerkorantenng",
            "git_clone_url": "git://github.com/MTN-AYOBA-HACK-2021/ayoba_Rogerkorantenng.git",
            "gitignore_template": null,
            "has_downloads": false,
            "has_issues": false,
            "has_projects": false,
            "has_wiki": false,
            "homepage_url": "",
            "html_url": "https://github.com/MTN-AYOBA-HACK-2021/ayoba_Rogerkorantenng",
            "http_clone_url": "https://github.com/MTN-AYOBA-HACK-2021/ayoba_Rogerkorantenng.git",
            "id": "ayoba_Rogerkorantenng",
            "is_template": false,
            "license_template": null,
            "name": "ayoba_Rogerkorantenng",
            "node_id": "MDEwOlJlcG9zaXRvcnk0MDI2ODAyMTk=",
            "pages": [],
            "private": true,
            "repo_id": 402680219,
            "ssh_clone_url": "git@github.com:MTN-AYOBA-HACK-2021/ayoba_Rogerkorantenng.git",
            "svn_url": "https://github.com/MTN-AYOBA-HACK-2021/ayoba_Rogerkorantenng",
            "template": [],
            "topics": null,
            "visibility": "private",
            "vulnerability_alerts": false
          },
          "sensitive_attributes": [],
          "private": "bnVsbA=="
        },
        {
          "index_key": "Seyramize",
          "schema_version": 0,
          "attributes": {
            "allow_merge_commit": true,
            "allow_rebase_merge": true,
            "allow_squash_merge": true,
            "archive_on_destroy": null,
            "archived": false,
            "auto_init": null,
            "default_branch": "main",
            "delete_branch_on_merge": false,
            "description": "",
            "etag": "W/\"e4605e56e02951c07092de0914961918b571317df88bbd7cf1dd7e31f6728c37\"",
            "full_name": "MTN-AYOBA-HACK-2021/ayoba_Seyramize",
            "git_clone_url": "git://github.com/MTN-AYOBA-HACK-2021/ayoba_Seyramize.git",
            "gitignore_template": null,
            "has_downloads": false,
            "has_issues": false,
            "has_projects": false,
            "has_wiki": false,
            "homepage_url": "",
            "html_url": "https://github.com/MTN-AYOBA-HACK-2021/ayoba_Seyramize",
            "http_clone_url": "https://github.com/MTN-AYOBA-HACK-2021/ayoba_Seyramize.git",
            "id": "ayoba_Seyramize",
            "is_template": false,
            "license_template": null,
            "name": "ayoba_Seyramize",
            "node_id": "MDEwOlJlcG9zaXRvcnk0MDI2ODA5NDk=",
            "pages": [],
            "private": true,
            "repo_id": 402680949,
            "ssh_clone_url": "git@github.com:MTN-AYOBA-HACK-2021/ayoba_Seyramize.git",
            "svn_url": "https://github.com/MTN-AYOBA-HACK-2021/ayoba_Seyramize",
            "template": [],
            "topics": null,
            "visibility": "private",
            "vulnerability_alerts": false
          },
          "sensitive_attributes": [],
          "private": "bnVsbA=="
        },
        {
          "index_key": "TheDynasto",
          "schema_version": 0,
          "attributes": {
            "allow_merge_commit": true,
            "allow_rebase_merge": true,
            "allow_squash_merge": true,
            "archive_on_destroy": null,
            "archived": false,
            "auto_init": null,
            "default_branch": "main",
            "delete_branch_on_merge": false,
            "description": "",
            "etag": "W/\"e1182d5dde2bb9fa9a53550dba10f474246ae0ad444b52c9f1c5562b7eb570fb\"",
            "full_name": "MTN-AYOBA-HACK-2021/ayoba_TheDynasto",
            "git_clone_url": "git://github.com/MTN-AYOBA-HACK-2021/ayoba_TheDynasto.git",
            "gitignore_template": null,
            "has_downloads": false,
            "has_issues": false,
            "has_projects": false,
            "has_wiki": false,
            "homepage_url": "",
            "html_url": "https://github.com/MTN-AYOBA-HACK-2021/ayoba_TheDynasto",
            "http_clone_url": "https://github.com/MTN-AYOBA-HACK-2021/ayoba_TheDynasto.git",
            "id": "ayoba_TheDynasto",
            "is_template": false,
            "license_template": null,
            "name": "ayoba_TheDynasto",
            "node_id": "MDEwOlJlcG9zaXRvcnk0MDI2ODA2Mjg=",
            "pages": [],
            "private": true,
            "repo_id": 402680628,
            "ssh_clone_url": "git@github.com:MTN-AYOBA-HACK-2021/ayoba_TheDynasto.git",
            "svn_url": "https://github.com/MTN-AYOBA-HACK-2021/ayoba_TheDynasto",
            "template": [],
            "topics": [],
            "visibility": "private",
            "vulnerability_alerts": false
          },
          "sensitive_attributes": [],
          "private": "bnVsbA=="
        },
        {
          "index_key": "Xybron",
          "schema_version": 0,
          "attributes": {
            "allow_merge_commit": true,
            "allow_rebase_merge": true,
            "allow_squash_merge": true,
            "archive_on_destroy": null,
            "archived": false,
            "auto_init": null,
            "default_branch": "master",
            "delete_branch_on_merge": false,
            "description": "",
            "etag": "W/\"a36c3a231dfb473a4d6994c30795938a90c79547ff4b11bff94c641a846d3206\"",
            "full_name": "MTN-AYOBA-HACK-2021/ayoba_Xybron",
            "git_clone_url": "git://github.com/MTN-AYOBA-HACK-2021/ayoba_Xybron.git",
            "gitignore_template": null,
            "has_downloads": false,
            "has_issues": false,
            "has_projects": false,
            "has_wiki": false,
            "homepage_url": "",
            "html_url": "https://github.com/MTN-AYOBA-HACK-2021/ayoba_Xybron",
            "http_clone_url": "https://github.com/MTN-AYOBA-HACK-2021/ayoba_Xybron.git",
            "id": "ayoba_Xybron",
            "is_template": false,
            "license_template": null,
            "name": "ayoba_Xybron",
            "node_id": "MDEwOlJlcG9zaXRvcnk0MDI2ODAyODI=",
            "pages": [],
            "private": true,
            "repo_id": 402680282,
            "ssh_clone_url": "git@github.com:MTN-AYOBA-HACK-2021/ayoba_Xybron.git",
            "svn_url": "https://github.com/MTN-AYOBA-HACK-2021/ayoba_Xybron",
            "template": [],
            "topics": [],
            "visibility": "private",
            "vulnerability_alerts": false
          },
          "sensitive_attributes": [],
          "private": "bnVsbA=="
        },
        {
          "index_key": "acquahsamuel",
          "schema_version": 0,
          "attributes": {
            "allow_merge_commit": true,
            "allow_rebase_merge": true,
            "allow_squash_merge": true,
            "archive_on_destroy": null,
            "archived": false,
            "auto_init": null,
            "default_branch": "main",
            "delete_branch_on_merge": false,
            "description": "",
            "etag": "W/\"b1c05144e355c0ed952b0db7b08f7d3965cca2bd8eb069bffcc9607d2905c455\"",
            "full_name": "MTN-AYOBA-HACK-2021/ayoba_acquahsamuel",
            "git_clone_url": "git://github.com/MTN-AYOBA-HACK-2021/ayoba_acquahsamuel.git",
            "gitignore_template": null,
            "has_downloads": false,
            "has_issues": false,
            "has_projects": false,
            "has_wiki": false,
            "homepage_url": "",
            "html_url": "https://github.com/MTN-AYOBA-HACK-2021/ayoba_acquahsamuel",
            "http_clone_url": "https://github.com/MTN-AYOBA-HACK-2021/ayoba_acquahsamuel.git",
            "id": "ayoba_acquahsamuel",
            "is_template": false,
            "license_template": null,
            "name": "ayoba_acquahsamuel",
            "node_id": "MDEwOlJlcG9zaXRvcnk0MDI2ODA4NTU=",
            "pages": [],
            "private": true,
            "repo_id": 402680855,
            "ssh_clone_url": "git@github.com:MTN-AYOBA-HACK-2021/ayoba_acquahsamuel.git",
            "svn_url": "https://github.com/MTN-AYOBA-HACK-2021/ayoba_acquahsamuel",
            "template": [],
            "topics": [],
            "visibility": "private",
            "vulnerability_alerts": false
          },
          "sensitive_attributes": [],
          "private": "bnVsbA=="
        },
        {
          "index_key": "berrydeblaq",
          "schema_version": 0,
          "attributes": {
            "allow_merge_commit": true,
            "allow_rebase_merge": true,
            "allow_squash_merge": true,
            "archive_on_destroy": null,
            "archived": false,
            "auto_init": null,
            "default_branch": "main",
            "delete_branch_on_merge": false,
            "description": "",
            "etag": "W/\"02efb394dcf77014322046d75656c7b73472b9ceff50027e58bd414b0ac6940a\"",
            "full_name": "MTN-AYOBA-HACK-2021/ayoba_berrydeblaq",
            "git_clone_url": "git://github.com/MTN-AYOBA-HACK-2021/ayoba_berrydeblaq.git",
            "gitignore_template": null,
            "has_downloads": false,
            "has_issues": false,
            "has_projects": false,
            "has_wiki": false,
            "homepage_url": "",
            "html_url": "https://github.com/MTN-AYOBA-HACK-2021/ayoba_berrydeblaq",
            "http_clone_url": "https://github.com/MTN-AYOBA-HACK-2021/ayoba_berrydeblaq.git",
            "id": "ayoba_berrydeblaq",
            "is_template": false,
            "license_template": null,
            "name": "ayoba_berrydeblaq",
            "node_id": "MDEwOlJlcG9zaXRvcnk0MDI2ODA5MTY=",
            "pages": [],
            "private": true,
            "repo_id": 402680916,
            "ssh_clone_url": "git@github.com:MTN-AYOBA-HACK-2021/ayoba_berrydeblaq.git",
            "svn_url": "https://github.com/MTN-AYOBA-HACK-2021/ayoba_berrydeblaq",
            "template": [],
            "topics": null,
            "visibility": "private",
            "vulnerability_alerts": false
          },
          "sensitive_attributes": [],
          "private": "bnVsbA=="
        },
        {
          "index_key": "botchway44",
          "schema_version": 0,
          "attributes": {
            "allow_merge_commit": true,
            "allow_rebase_merge": true,
            "allow_squash_merge": true,
            "archive_on_destroy": null,
            "archived": false,
            "auto_init": null,
            "default_branch": "master",
            "delete_branch_on_merge": false,
            "description": "",
            "etag": "W/\"96b68b1499b5cacab19ee252dc7947257139b742fadd9d6e5a16bd0ddb5cc610\"",
            "full_name": "MTN-AYOBA-HACK-2021/ayoba_botchway44",
            "git_clone_url": "git://github.com/MTN-AYOBA-HACK-2021/ayoba_botchway44.git",
            "gitignore_template": null,
            "has_downloads": false,
            "has_issues": false,
            "has_projects": false,
            "has_wiki": false,
            "homepage_url": "",
            "html_url": "https://github.com/MTN-AYOBA-HACK-2021/ayoba_botchway44",
            "http_clone_url": "https://github.com/MTN-AYOBA-HACK-2021/ayoba_botchway44.git",
            "id": "ayoba_botchway44",
            "is_template": false,
            "license_template": null,
            "name": "ayoba_botchway44",
            "node_id": "MDEwOlJlcG9zaXRvcnk0MDI2ODEyMjk=",
            "pages": [],
            "private": true,
            "repo_id": 402681229,
            "ssh_clone_url": "git@github.com:MTN-AYOBA-HACK-2021/ayoba_botchway44.git",
            "svn_url": "https://github.com/MTN-AYOBA-HACK-2021/ayoba_botchway44",
            "template": [],
            "topics": [],
            "visibility": "private",
            "vulnerability_alerts": false
          },
          "sensitive_attributes": [],
          "private": "bnVsbA=="
        },
        {
          "index_key": "brvhprince",
          "schema_version": 0,
          "attributes": {
            "allow_merge_commit": true,
            "allow_rebase_merge": true,
            "allow_squash_merge": true,
            "archive_on_destroy": null,
            "archived": false,
            "auto_init": null,
            "default_branch": "main",
            "delete_branch_on_merge": false,
            "description": "",
            "etag": "W/\"3e755ba46ae2aeee296ab1dc234282ade28bb209ed501c9f5d67e9beb4cec7fb\"",
            "full_name": "MTN-AYOBA-HACK-2021/ayoba_brvhprince",
            "git_clone_url": "git://github.com/MTN-AYOBA-HACK-2021/ayoba_brvhprince.git",
            "gitignore_template": null,
            "has_downloads": false,
            "has_issues": false,
            "has_projects": false,
            "has_wiki": false,
            "homepage_url": "",
            "html_url": "https://github.com/MTN-AYOBA-HACK-2021/ayoba_brvhprince",
            "http_clone_url": "https://github.com/MTN-AYOBA-HACK-2021/ayoba_brvhprince.git",
            "id": "ayoba_brvhprince",
            "is_template": false,
            "license_template": null,
            "name": "ayoba_brvhprince",
            "node_id": "MDEwOlJlcG9zaXRvcnk0MDMzMzQ4NzM=",
            "pages": [],
            "private": true,
            "repo_id": 403334873,
            "ssh_clone_url": "git@github.com:MTN-AYOBA-HACK-2021/ayoba_brvhprince.git",
            "svn_url": "https://github.com/MTN-AYOBA-HACK-2021/ayoba_brvhprince",
            "template": [],
            "topics": null,
            "visibility": "private",
            "vulnerability_alerts": false
          },
          "sensitive_attributes": [],
          "private": "bnVsbA=="
        },
        {
          "index_key": "coding-rev",
          "schema_version": 0,
          "attributes": {
            "allow_merge_commit": true,
            "allow_rebase_merge": true,
            "allow_squash_merge": true,
            "archive_on_destroy": null,
            "archived": false,
            "auto_init": null,
            "default_branch": "master",
            "delete_branch_on_merge": false,
            "description": "",
            "etag": "W/\"07b8301550f7743035265d346b6820311bffb9b10ccb5f5bbb59941eb065d717\"",
            "full_name": "MTN-AYOBA-HACK-2021/ayoba_coding-rev",
            "git_clone_url": "git://github.com/MTN-AYOBA-HACK-2021/ayoba_coding-rev.git",
            "gitignore_template": null,
            "has_downloads": false,
            "has_issues": false,
            "has_projects": false,
            "has_wiki": false,
            "homepage_url": "",
            "html_url": "https://github.com/MTN-AYOBA-HACK-2021/ayoba_coding-rev",
            "http_clone_url": "https://github.com/MTN-AYOBA-HACK-2021/ayoba_coding-rev.git",
            "id": "ayoba_coding-rev",
            "is_template": false,
            "license_template": null,
            "name": "ayoba_coding-rev",
            "node_id": "MDEwOlJlcG9zaXRvcnk0MDI2ODEzNTY=",
            "pages": [],
            "private": true,
            "repo_id": 402681356,
            "ssh_clone_url": "git@github.com:MTN-AYOBA-HACK-2021/ayoba_coding-rev.git",
            "svn_url": "https://github.com/MTN-AYOBA-HACK-2021/ayoba_coding-rev",
            "template": [],
            "topics": [],
            "visibility": "private",
            "vulnerability_alerts": false
          },
          "sensitive_attributes": [],
          "private": "bnVsbA=="
        },
        {
          "index_key": "crazicoda",
          "schema_version": 0,
          "attributes": {
            "allow_merge_commit": true,
            "allow_rebase_merge": true,
            "allow_squash_merge": true,
            "archive_on_destroy": null,
            "archived": false,
            "auto_init": null,
            "default_branch": "main",
            "delete_branch_on_merge": false,
            "description": "",
            "etag": "W/\"83130a8fc631688f9bb4633f996095bd3144a795a2e196b5ac16c923b4a18734\"",
            "full_name": "MTN-AYOBA-HACK-2021/ayoba_crazicoda",
            "git_clone_url": "git://github.com/MTN-AYOBA-HACK-2021/ayoba_crazicoda.git",
            "gitignore_template": null,
            "has_downloads": false,
            "has_issues": false,
            "has_projects": false,
            "has_wiki": false,
            "homepage_url": "",
            "html_url": "https://github.com/MTN-AYOBA-HACK-2021/ayoba_crazicoda",
            "http_clone_url": "https://github.com/MTN-AYOBA-HACK-2021/ayoba_crazicoda.git",
            "id": "ayoba_crazicoda",
            "is_template": false,
            "license_template": null,
            "name": "ayoba_crazicoda",
            "node_id": "MDEwOlJlcG9zaXRvcnk0MDI2ODA5NDA=",
            "pages": [],
            "private": true,
            "repo_id": 402680940,
            "ssh_clone_url": "git@github.com:MTN-AYOBA-HACK-2021/ayoba_crazicoda.git",
            "svn_url": "https://github.com/MTN-AYOBA-HACK-2021/ayoba_crazicoda",
            "template": [],
            "topics": [],
            "visibility": "private",
            "vulnerability_alerts": false
          },
          "sensitive_attributes": [],
          "private": "bnVsbA=="
        },
        {
          "index_key": "dbilly1",
          "schema_version": 0,
          "attributes": {
            "allow_merge_commit": true,
            "allow_rebase_merge": true,
            "allow_squash_merge": true,
            "archive_on_destroy": null,
            "archived": false,
            "auto_init": null,
            "default_branch": "main",
            "delete_branch_on_merge": false,
            "description": "",
            "etag": "W/\"3137843ec377167ba82c12db68f5e22c0db9e54bbba3af111df52b8a222112df\"",
            "full_name": "MTN-AYOBA-HACK-2021/ayoba_dbilly1",
            "git_clone_url": "git://github.com/MTN-AYOBA-HACK-2021/ayoba_dbilly1.git",
            "gitignore_template": null,
            "has_downloads": false,
            "has_issues": false,
            "has_projects": false,
            "has_wiki": false,
            "homepage_url": "",
            "html_url": "https://github.com/MTN-AYOBA-HACK-2021/ayoba_dbilly1",
            "http_clone_url": "https://github.com/MTN-AYOBA-HACK-2021/ayoba_dbilly1.git",
            "id": "ayoba_dbilly1",
            "is_template": false,
            "license_template": null,
            "name": "ayoba_dbilly1",
            "node_id": "MDEwOlJlcG9zaXRvcnk0MDI2ODA3NDc=",
            "pages": [],
            "private": true,
            "repo_id": 402680747,
            "ssh_clone_url": "git@github.com:MTN-AYOBA-HACK-2021/ayoba_dbilly1.git",
            "svn_url": "https://github.com/MTN-AYOBA-HACK-2021/ayoba_dbilly1",
            "template": [],
            "topics": [],
            "visibility": "private",
            "vulnerability_alerts": false
          },
          "sensitive_attributes": [],
          "private": "bnVsbA=="
        },
        {
          "index_key": "emrade",
          "schema_version": 0,
          "attributes": {
            "allow_merge_commit": true,
            "allow_rebase_merge": true,
            "allow_squash_merge": true,
            "archive_on_destroy": null,
            "archived": false,
            "auto_init": null,
            "default_branch": "main",
            "delete_branch_on_merge": false,
            "description": "",
            "etag": "W/\"622dec0f61f149d3238d1404c7df6106f716bd750d872aed7e38d0b0804c44f6\"",
            "full_name": "MTN-AYOBA-HACK-2021/ayoba_emrade",
            "git_clone_url": "git://github.com/MTN-AYOBA-HACK-2021/ayoba_emrade.git",
            "gitignore_template": null,
            "has_downloads": false,
            "has_issues": false,
            "has_projects": false,
            "has_wiki": false,
            "homepage_url": "",
            "html_url": "https://github.com/MTN-AYOBA-HACK-2021/ayoba_emrade",
            "http_clone_url": "https://github.com/MTN-AYOBA-HACK-2021/ayoba_emrade.git",
            "id": "ayoba_emrade",
            "is_template": false,
            "license_template": null,
            "name": "ayoba_emrade",
            "node_id": "MDEwOlJlcG9zaXRvcnk0MDI2ODA5Mjg=",
            "pages": [],
            "private": true,
            "repo_id": 402680928,
            "ssh_clone_url": "git@github.com:MTN-AYOBA-HACK-2021/ayoba_emrade.git",
            "svn_url": "https://github.com/MTN-AYOBA-HACK-2021/ayoba_emrade",
            "template": [],
            "topics": [],
            "visibility": "private",
            "vulnerability_alerts": false
          },
          "sensitive_attributes": [],
          "private": "bnVsbA=="
        },
        {
          "index_key": "fennin3",
          "schema_version": 0,
          "attributes": {
            "allow_merge_commit": true,
            "allow_rebase_merge": true,
            "allow_squash_merge": true,
            "archive_on_destroy": null,
            "archived": false,
            "auto_init": null,
            "default_branch": "master",
            "delete_branch_on_merge": false,
            "description": "",
            "etag": "W/\"a749019c8a675ac10bd37d353b9e87e6d3ebf6dffb99c592a26d40ad8d74b8e5\"",
            "full_name": "MTN-AYOBA-HACK-2021/ayoba_fennin3",
            "git_clone_url": "git://github.com/MTN-AYOBA-HACK-2021/ayoba_fennin3.git",
            "gitignore_template": null,
            "has_downloads": false,
            "has_issues": false,
            "has_projects": false,
            "has_wiki": false,
            "homepage_url": "",
            "html_url": "https://github.com/MTN-AYOBA-HACK-2021/ayoba_fennin3",
            "http_clone_url": "https://github.com/MTN-AYOBA-HACK-2021/ayoba_fennin3.git",
            "id": "ayoba_fennin3",
            "is_template": false,
            "license_template": null,
            "name": "ayoba_fennin3",
            "node_id": "MDEwOlJlcG9zaXRvcnk0MDI2ODI1NjA=",
            "pages": [],
            "private": true,
            "repo_id": 402682560,
            "ssh_clone_url": "git@github.com:MTN-AYOBA-HACK-2021/ayoba_fennin3.git",
            "svn_url": "https://github.com/MTN-AYOBA-HACK-2021/ayoba_fennin3",
            "template": [],
            "topics": [],
            "visibility": "private",
            "vulnerability_alerts": false
          },
          "sensitive_attributes": [],
          "private": "bnVsbA=="
        },
        {
          "index_key": "franklinosei",
          "schema_version": 0,
          "attributes": {
            "allow_merge_commit": true,
            "allow_rebase_merge": true,
            "allow_squash_merge": true,
            "archive_on_destroy": null,
            "archived": false,
            "auto_init": null,
            "default_branch": "main",
            "delete_branch_on_merge": false,
            "description": "",
            "etag": "W/\"42dcb13fedb0ddc40a6d41d880f3b43df278e15323de413d188236b23d169eb5\"",
            "full_name": "MTN-AYOBA-HACK-2021/ayoba_franklinosei",
            "git_clone_url": "git://github.com/MTN-AYOBA-HACK-2021/ayoba_franklinosei.git",
            "gitignore_template": null,
            "has_downloads": false,
            "has_issues": false,
            "has_projects": false,
            "has_wiki": false,
            "homepage_url": "",
            "html_url": "https://github.com/MTN-AYOBA-HACK-2021/ayoba_franklinosei",
            "http_clone_url": "https://github.com/MTN-AYOBA-HACK-2021/ayoba_franklinosei.git",
            "id": "ayoba_franklinosei",
            "is_template": false,
            "license_template": null,
            "name": "ayoba_franklinosei",
            "node_id": "MDEwOlJlcG9zaXRvcnk0MDI2ODA2NjE=",
            "pages": [],
            "private": true,
            "repo_id": 402680661,
            "ssh_clone_url": "git@github.com:MTN-AYOBA-HACK-2021/ayoba_franklinosei.git",
            "svn_url": "https://github.com/MTN-AYOBA-HACK-2021/ayoba_franklinosei",
            "template": [],
            "topics": [],
            "visibility": "private",
            "vulnerability_alerts": false
          },
          "sensitive_attributes": [],
          "private": "bnVsbA=="
        },
        {
          "index_key": "henryhkb",
          "schema_version": 0,
          "attributes": {
            "allow_merge_commit": true,
            "allow_rebase_merge": true,
            "allow_squash_merge": true,
            "archive_on_destroy": null,
            "archived": false,
            "auto_init": null,
            "default_branch": "main",
            "delete_branch_on_merge": false,
            "description": "",
            "etag": "W/\"654f479daead212dec3127219cfd558c2a174ea50059921f053d58501eb22747\"",
            "full_name": "MTN-AYOBA-HACK-2021/ayoba_henryhkb",
            "git_clone_url": "git://github.com/MTN-AYOBA-HACK-2021/ayoba_henryhkb.git",
            "gitignore_template": null,
            "has_downloads": false,
            "has_issues": false,
            "has_projects": false,
            "has_wiki": false,
            "homepage_url": "",
            "html_url": "https://github.com/MTN-AYOBA-HACK-2021/ayoba_henryhkb",
            "http_clone_url": "https://github.com/MTN-AYOBA-HACK-2021/ayoba_henryhkb.git",
            "id": "ayoba_henryhkb",
            "is_template": false,
            "license_template": null,
            "name": "ayoba_henryhkb",
            "node_id": "MDEwOlJlcG9zaXRvcnk0MDI2ODAyNDk=",
            "pages": [],
            "private": true,
            "repo_id": 402680249,
            "ssh_clone_url": "git@github.com:MTN-AYOBA-HACK-2021/ayoba_henryhkb.git",
            "svn_url": "https://github.com/MTN-AYOBA-HACK-2021/ayoba_henryhkb",
            "template": [],
            "topics": [],
            "visibility": "private",
            "vulnerability_alerts": false
          },
          "sensitive_attributes": [],
          "private": "bnVsbA=="
        },
        {
          "index_key": "iamnanne",
          "schema_version": 0,
          "attributes": {
            "allow_merge_commit": true,
            "allow_rebase_merge": true,
            "allow_squash_merge": true,
            "archive_on_destroy": null,
            "archived": false,
            "auto_init": null,
            "default_branch": "main",
            "delete_branch_on_merge": false,
            "description": "",
            "etag": "W/\"743149a0333d8dfc54927647fee39def8308fd379405c527f437c6fd8e0e6045\"",
            "full_name": "MTN-AYOBA-HACK-2021/ayoba_iamnanne",
            "git_clone_url": "git://github.com/MTN-AYOBA-HACK-2021/ayoba_iamnanne.git",
            "gitignore_template": null,
            "has_downloads": false,
            "has_issues": false,
            "has_projects": false,
            "has_wiki": false,
            "homepage_url": "",
            "html_url": "https://github.com/MTN-AYOBA-HACK-2021/ayoba_iamnanne",
            "http_clone_url": "https://github.com/MTN-AYOBA-HACK-2021/ayoba_iamnanne.git",
            "id": "ayoba_iamnanne",
            "is_template": false,
            "license_template": null,
            "name": "ayoba_iamnanne",
            "node_id": "MDEwOlJlcG9zaXRvcnk0MDI2ODA1OTc=",
            "pages": [],
            "private": true,
            "repo_id": 402680597,
            "ssh_clone_url": "git@github.com:MTN-AYOBA-HACK-2021/ayoba_iamnanne.git",
            "svn_url": "https://github.com/MTN-AYOBA-HACK-2021/ayoba_iamnanne",
            "template": [],
            "topics": [],
            "visibility": "private",
            "vulnerability_alerts": false
          },
          "sensitive_attributes": [],
          "private": "bnVsbA=="
        },
        {
          "index_key": "idadia",
          "schema_version": 0,
          "attributes": {
            "allow_merge_commit": true,
            "allow_rebase_merge": true,
            "allow_squash_merge": true,
            "archive_on_destroy": null,
            "archived": false,
            "auto_init": null,
            "default_branch": "main",
            "delete_branch_on_merge": false,
            "description": "",
            "etag": "W/\"a6286c8145fa6f0fbbb1e503c958dbf5afec6befec670b2e4ad7323ee5bf5261\"",
            "full_name": "MTN-AYOBA-HACK-2021/ayoba_idadia",
            "git_clone_url": "git://github.com/MTN-AYOBA-HACK-2021/ayoba_idadia.git",
            "gitignore_template": null,
            "has_downloads": false,
            "has_issues": false,
            "has_projects": false,
            "has_wiki": false,
            "homepage_url": "",
            "html_url": "https://github.com/MTN-AYOBA-HACK-2021/ayoba_idadia",
            "http_clone_url": "https://github.com/MTN-AYOBA-HACK-2021/ayoba_idadia.git",
            "id": "ayoba_idadia",
            "is_template": false,
            "license_template": null,
            "name": "ayoba_idadia",
            "node_id": "MDEwOlJlcG9zaXRvcnk0MDI2ODAwODU=",
            "pages": [],
            "private": true,
            "repo_id": 402680085,
            "ssh_clone_url": "git@github.com:MTN-AYOBA-HACK-2021/ayoba_idadia.git",
            "svn_url": "https://github.com/MTN-AYOBA-HACK-2021/ayoba_idadia",
            "template": [],
            "topics": null,
            "visibility": "private",
            "vulnerability_alerts": false
          },
          "sensitive_attributes": [],
          "private": "bnVsbA=="
        },
        {
          "index_key": "jakazzy",
          "schema_version": 0,
          "attributes": {
            "allow_merge_commit": true,
            "allow_rebase_merge": true,
            "allow_squash_merge": true,
            "archive_on_destroy": null,
            "archived": false,
            "auto_init": null,
            "default_branch": "main",
            "delete_branch_on_merge": false,
            "description": "",
            "etag": "W/\"8bb7f0fffca881bee0c28877a90142807f204ccfe136c0764dd4a421686ee215\"",
            "full_name": "MTN-AYOBA-HACK-2021/ayoba_jakazzy",
            "git_clone_url": "git://github.com/MTN-AYOBA-HACK-2021/ayoba_jakazzy.git",
            "gitignore_template": null,
            "has_downloads": false,
            "has_issues": false,
            "has_projects": false,
            "has_wiki": false,
            "homepage_url": "",
            "html_url": "https://github.com/MTN-AYOBA-HACK-2021/ayoba_jakazzy",
            "http_clone_url": "https://github.com/MTN-AYOBA-HACK-2021/ayoba_jakazzy.git",
            "id": "ayoba_jakazzy",
            "is_template": false,
            "license_template": null,
            "name": "ayoba_jakazzy",
            "node_id": "MDEwOlJlcG9zaXRvcnk0MDI2ODA3Nzg=",
            "pages": [],
            "private": true,
            "repo_id": 402680778,
            "ssh_clone_url": "git@github.com:MTN-AYOBA-HACK-2021/ayoba_jakazzy.git",
            "svn_url": "https://github.com/MTN-AYOBA-HACK-2021/ayoba_jakazzy",
            "template": [],
            "topics": null,
            "visibility": "private",
            "vulnerability_alerts": false
          },
          "sensitive_attributes": [],
          "private": "bnVsbA=="
        },
        {
          "index_key": "kingsharp21",
          "schema_version": 0,
          "attributes": {
            "allow_merge_commit": true,
            "allow_rebase_merge": true,
            "allow_squash_merge": true,
            "archive_on_destroy": null,
            "archived": false,
            "auto_init": null,
            "default_branch": "main",
            "delete_branch_on_merge": false,
            "description": "",
            "etag": "W/\"28c50dd5444721f25b4f0af4cdb478a309e52bc3b0287a1719ea6445d2d007d2\"",
            "full_name": "MTN-AYOBA-HACK-2021/ayoba_kingsharp21",
            "git_clone_url": "git://github.com/MTN-AYOBA-HACK-2021/ayoba_kingsharp21.git",
            "gitignore_template": null,
            "has_downloads": false,
            "has_issues": false,
            "has_projects": false,
            "has_wiki": false,
            "homepage_url": "",
            "html_url": "https://github.com/MTN-AYOBA-HACK-2021/ayoba_kingsharp21",
            "http_clone_url": "https://github.com/MTN-AYOBA-HACK-2021/ayoba_kingsharp21.git",
            "id": "ayoba_kingsharp21",
            "is_template": false,
            "license_template": null,
            "name": "ayoba_kingsharp21",
            "node_id": "MDEwOlJlcG9zaXRvcnk0MDMzNzMzMTc=",
            "pages": [],
            "private": true,
            "repo_id": 403373317,
            "ssh_clone_url": "git@github.com:MTN-AYOBA-HACK-2021/ayoba_kingsharp21.git",
            "svn_url": "https://github.com/MTN-AYOBA-HACK-2021/ayoba_kingsharp21",
            "template": [],
            "topics": null,
            "visibility": "private",
            "vulnerability_alerts": false
          },
          "sensitive_attributes": [],
          "private": "bnVsbA=="
        },
        {
          "index_key": "lhost101",
          "schema_version": 0,
          "attributes": {
            "allow_merge_commit": true,
            "allow_rebase_merge": true,
            "allow_squash_merge": true,
            "archive_on_destroy": null,
            "archived": false,
            "auto_init": null,
            "default_branch": "main",
            "delete_branch_on_merge": false,
            "description": "",
            "etag": "W/\"707762bc08fc2f3dce5e7ba3048c24ddd4953d0389195708cb44344e6d2c041b\"",
            "full_name": "MTN-AYOBA-HACK-2021/ayoba_lhost101",
            "git_clone_url": "git://github.com/MTN-AYOBA-HACK-2021/ayoba_lhost101.git",
            "gitignore_template": null,
            "has_downloads": false,
            "has_issues": false,
            "has_projects": false,
            "has_wiki": false,
            "homepage_url": "",
            "html_url": "https://github.com/MTN-AYOBA-HACK-2021/ayoba_lhost101",
            "http_clone_url": "https://github.com/MTN-AYOBA-HACK-2021/ayoba_lhost101.git",
            "id": "ayoba_lhost101",
            "is_template": false,
            "license_template": null,
            "name": "ayoba_lhost101",
            "node_id": "MDEwOlJlcG9zaXRvcnk0MDI2ODA3MTA=",
            "pages": [],
            "private": true,
            "repo_id": 402680710,
            "ssh_clone_url": "git@github.com:MTN-AYOBA-HACK-2021/ayoba_lhost101.git",
            "svn_url": "https://github.com/MTN-AYOBA-HACK-2021/ayoba_lhost101",
            "template": [],
            "topics": null,
            "visibility": "private",
            "vulnerability_alerts": false
          },
          "sensitive_attributes": [],
          "private": "bnVsbA=="
        },
        {
          "index_key": "majestyjnr",
          "schema_version": 0,
          "attributes": {
            "allow_merge_commit": true,
            "allow_rebase_merge": true,
            "allow_squash_merge": true,
            "archive_on_destroy": null,
            "archived": false,
            "auto_init": null,
            "default_branch": "main",
            "delete_branch_on_merge": false,
            "description": "",
            "etag": "W/\"bf8d1c5ba4f39fed395a8635f7a7fd2b5460ffb8ec462d7e812a2960d91c3c74\"",
            "full_name": "MTN-AYOBA-HACK-2021/ayoba_majestyjnr",
            "git_clone_url": "git://github.com/MTN-AYOBA-HACK-2021/ayoba_majestyjnr.git",
            "gitignore_template": null,
            "has_downloads": false,
            "has_issues": false,
            "has_projects": false,
            "has_wiki": false,
            "homepage_url": "",
            "html_url": "https://github.com/MTN-AYOBA-HACK-2021/ayoba_majestyjnr",
            "http_clone_url": "https://github.com/MTN-AYOBA-HACK-2021/ayoba_majestyjnr.git",
            "id": "ayoba_majestyjnr",
            "is_template": false,
            "license_template": null,
            "name": "ayoba_majestyjnr",
            "node_id": "MDEwOlJlcG9zaXRvcnk0MDI2ODAyNzI=",
            "pages": [],
            "private": true,
            "repo_id": 402680272,
            "ssh_clone_url": "git@github.com:MTN-AYOBA-HACK-2021/ayoba_majestyjnr.git",
            "svn_url": "https://github.com/MTN-AYOBA-HACK-2021/ayoba_majestyjnr",
            "template": [],
            "topics": [],
            "visibility": "private",
            "vulnerability_alerts": false
          },
          "sensitive_attributes": [],
          "private": "bnVsbA=="
        },
        {
          "index_key": "mcqueccu",
          "schema_version": 0,
          "attributes": {
            "allow_merge_commit": true,
            "allow_rebase_merge": true,
            "allow_squash_merge": true,
            "archive_on_destroy": null,
            "archived": false,
            "auto_init": null,
            "default_branch": "main",
            "delete_branch_on_merge": false,
            "description": "",
            "etag": "W/\"35bb385d07bf28ee7e93b5a06aa57c6b61f8a3e5dd7c1ccb51f254158d2514b9\"",
            "full_name": "MTN-AYOBA-HACK-2021/ayoba_mcqueccu",
            "git_clone_url": "git://github.com/MTN-AYOBA-HACK-2021/ayoba_mcqueccu.git",
            "gitignore_template": null,
            "has_downloads": false,
            "has_issues": false,
            "has_projects": false,
            "has_wiki": false,
            "homepage_url": "",
            "html_url": "https://github.com/MTN-AYOBA-HACK-2021/ayoba_mcqueccu",
            "http_clone_url": "https://github.com/MTN-AYOBA-HACK-2021/ayoba_mcqueccu.git",
            "id": "ayoba_mcqueccu",
            "is_template": false,
            "license_template": null,
            "name": "ayoba_mcqueccu",
            "node_id": "MDEwOlJlcG9zaXRvcnk0MDI2ODA2MDk=",
            "pages": [],
            "private": true,
            "repo_id": 402680609,
            "ssh_clone_url": "git@github.com:MTN-AYOBA-HACK-2021/ayoba_mcqueccu.git",
            "svn_url": "https://github.com/MTN-AYOBA-HACK-2021/ayoba_mcqueccu",
            "template": [],
            "topics": null,
            "visibility": "private",
            "vulnerability_alerts": false
          },
          "sensitive_attributes": [],
          "private": "bnVsbA=="
        },
        {
          "index_key": "mightytv12",
          "schema_version": 0,
          "attributes": {
            "allow_merge_commit": true,
            "allow_rebase_merge": true,
            "allow_squash_merge": true,
            "archive_on_destroy": null,
            "archived": false,
            "auto_init": null,
            "default_branch": "main",
            "delete_branch_on_merge": false,
            "description": "",
            "etag": "W/\"0f93ee6b964f2f9c46fd3685b9e6f73591d37c79fa6da318456687040a605d4b\"",
            "full_name": "MTN-AYOBA-HACK-2021/ayoba_mightytv12",
            "git_clone_url": "git://github.com/MTN-AYOBA-HACK-2021/ayoba_mightytv12.git",
            "gitignore_template": null,
            "has_downloads": false,
            "has_issues": false,
            "has_projects": false,
            "has_wiki": false,
            "homepage_url": "",
            "html_url": "https://github.com/MTN-AYOBA-HACK-2021/ayoba_mightytv12",
            "http_clone_url": "https://github.com/MTN-AYOBA-HACK-2021/ayoba_mightytv12.git",
            "id": "ayoba_mightytv12",
            "is_template": false,
            "license_template": null,
            "name": "ayoba_mightytv12",
            "node_id": "MDEwOlJlcG9zaXRvcnk0MDI2ODAxNDU=",
            "pages": [],
            "private": true,
            "repo_id": 402680145,
            "ssh_clone_url": "git@github.com:MTN-AYOBA-HACK-2021/ayoba_mightytv12.git",
            "svn_url": "https://github.com/MTN-AYOBA-HACK-2021/ayoba_mightytv12",
            "template": [],
            "topics": null,
            "visibility": "private",
            "vulnerability_alerts": false
          },
          "sensitive_attributes": [],
          "private": "bnVsbA=="
        },
        {
          "index_key": "millewebs",
          "schema_version": 0,
          "attributes": {
            "allow_merge_commit": true,
            "allow_rebase_merge": true,
            "allow_squash_merge": true,
            "archive_on_destroy": null,
            "archived": false,
            "auto_init": null,
            "default_branch": "main",
            "delete_branch_on_merge": false,
            "description": "",
            "etag": "W/\"a9a27c350a8c1b71817c3380fe98f11f9c581c43b310765b8ba15206cd0e6ab5\"",
            "full_name": "MTN-AYOBA-HACK-2021/ayoba_millewebs",
            "git_clone_url": "git://github.com/MTN-AYOBA-HACK-2021/ayoba_millewebs.git",
            "gitignore_template": null,
            "has_downloads": false,
            "has_issues": false,
            "has_projects": false,
            "has_wiki": false,
            "homepage_url": "",
            "html_url": "https://github.com/MTN-AYOBA-HACK-2021/ayoba_millewebs",
            "http_clone_url": "https://github.com/MTN-AYOBA-HACK-2021/ayoba_millewebs.git",
            "id": "ayoba_millewebs",
            "is_template": false,
            "license_template": null,
            "name": "ayoba_millewebs",
            "node_id": "MDEwOlJlcG9zaXRvcnk0MDI5NTM5Nzk=",
            "pages": [],
            "private": true,
            "repo_id": 402953979,
            "ssh_clone_url": "git@github.com:MTN-AYOBA-HACK-2021/ayoba_millewebs.git",
            "svn_url": "https://github.com/MTN-AYOBA-HACK-2021/ayoba_millewebs",
            "template": [],
            "topics": [],
            "visibility": "private",
            "vulnerability_alerts": false
          },
          "sensitive_attributes": [],
          "private": "bnVsbA=="
        },
        {
          "index_key": "muhsingenius",
          "schema_version": 0,
          "attributes": {
            "allow_merge_commit": true,
            "allow_rebase_merge": true,
            "allow_squash_merge": true,
            "archive_on_destroy": null,
            "archived": false,
            "auto_init": null,
            "default_branch": "main",
            "delete_branch_on_merge": false,
            "description": "",
            "etag": "W/\"9d5315b5247096acc667d8c5f5fe2e49f2c3b2d29a991a8c7f62ce1534d8ec13\"",
            "full_name": "MTN-AYOBA-HACK-2021/ayoba_muhsingenius",
            "git_clone_url": "git://github.com/MTN-AYOBA-HACK-2021/ayoba_muhsingenius.git",
            "gitignore_template": null,
            "has_downloads": false,
            "has_issues": false,
            "has_projects": false,
            "has_wiki": false,
            "homepage_url": "",
            "html_url": "https://github.com/MTN-AYOBA-HACK-2021/ayoba_muhsingenius",
            "http_clone_url": "https://github.com/MTN-AYOBA-HACK-2021/ayoba_muhsingenius.git",
            "id": "ayoba_muhsingenius",
            "is_template": false,
            "license_template": null,
            "name": "ayoba_muhsingenius",
            "node_id": "MDEwOlJlcG9zaXRvcnk0MDI2ODEwNDg=",
            "pages": [],
            "private": true,
            "repo_id": 402681048,
            "ssh_clone_url": "git@github.com:MTN-AYOBA-HACK-2021/ayoba_muhsingenius.git",
            "svn_url": "https://github.com/MTN-AYOBA-HACK-2021/ayoba_muhsingenius",
            "template": [],
            "topics": null,
            "visibility": "private",
            "vulnerability_alerts": false
          },
          "sensitive_attributes": [],
          "private": "bnVsbA=="
        },
        {
          "index_key": "norvorgloria",
          "schema_version": 0,
          "attributes": {
            "allow_merge_commit": true,
            "allow_rebase_merge": true,
            "allow_squash_merge": true,
            "archive_on_destroy": null,
            "archived": false,
            "auto_init": null,
            "default_branch": "main",
            "delete_branch_on_merge": false,
            "description": "",
            "etag": "W/\"e81f1a44ae297629a87b20b3da16ad246b37e2d43fefc970ffc951ee898f4926\"",
            "full_name": "MTN-AYOBA-HACK-2021/ayoba_norvorgloria",
            "git_clone_url": "git://github.com/MTN-AYOBA-HACK-2021/ayoba_norvorgloria.git",
            "gitignore_template": null,
            "has_downloads": false,
            "has_issues": false,
            "has_projects": false,
            "has_wiki": false,
            "homepage_url": "",
            "html_url": "https://github.com/MTN-AYOBA-HACK-2021/ayoba_norvorgloria",
            "http_clone_url": "https://github.com/MTN-AYOBA-HACK-2021/ayoba_norvorgloria.git",
            "id": "ayoba_norvorgloria",
            "is_template": false,
            "license_template": null,
            "name": "ayoba_norvorgloria",
            "node_id": "MDEwOlJlcG9zaXRvcnk0MDMzODQxNTU=",
            "pages": [],
            "private": true,
            "repo_id": 403384155,
            "ssh_clone_url": "git@github.com:MTN-AYOBA-HACK-2021/ayoba_norvorgloria.git",
            "svn_url": "https://github.com/MTN-AYOBA-HACK-2021/ayoba_norvorgloria",
            "template": [],
            "topics": [],
            "visibility": "private",
            "vulnerability_alerts": false
          },
          "sensitive_attributes": [],
          "private": "bnVsbA=="
        },
        {
          "index_key": "pehjos",
          "schema_version": 0,
          "attributes": {
            "allow_merge_commit": true,
            "allow_rebase_merge": true,
            "allow_squash_merge": true,
            "archive_on_destroy": null,
            "archived": false,
            "auto_init": null,
            "default_branch": "main",
            "delete_branch_on_merge": false,
            "description": "",
            "etag": "W/\"cc6b2e3d8ed43021d03ff08e0febdc6db5e067f86db0a6f9b94cab639fc12fa4\"",
            "full_name": "MTN-AYOBA-HACK-2021/ayoba_pehjos",
            "git_clone_url": "git://github.com/MTN-AYOBA-HACK-2021/ayoba_pehjos.git",
            "gitignore_template": null,
            "has_downloads": false,
            "has_issues": false,
            "has_projects": false,
            "has_wiki": false,
            "homepage_url": "",
            "html_url": "https://github.com/MTN-AYOBA-HACK-2021/ayoba_pehjos",
            "http_clone_url": "https://github.com/MTN-AYOBA-HACK-2021/ayoba_pehjos.git",
            "id": "ayoba_pehjos",
            "is_template": false,
            "license_template": null,
            "name": "ayoba_pehjos",
            "node_id": "MDEwOlJlcG9zaXRvcnk0MDI2ODAyMzg=",
            "pages": [],
            "private": true,
            "repo_id": 402680238,
            "ssh_clone_url": "git@github.com:MTN-AYOBA-HACK-2021/ayoba_pehjos.git",
            "svn_url": "https://github.com/MTN-AYOBA-HACK-2021/ayoba_pehjos",
            "template": [],
            "topics": null,
            "visibility": "private",
            "vulnerability_alerts": false
          },
          "sensitive_attributes": [],
          "private": "bnVsbA=="
        },
        {
          "index_key": "piilugfelix",
          "schema_version": 0,
          "attributes": {
            "allow_merge_commit": true,
            "allow_rebase_merge": true,
            "allow_squash_merge": true,
            "archive_on_destroy": null,
            "archived": false,
            "auto_init": null,
            "default_branch": "main",
            "delete_branch_on_merge": false,
            "description": "",
            "etag": "W/\"d88c975f406350204a51c6117f9243dce80b39847c576870d039618af5af1fd6\"",
            "full_name": "MTN-AYOBA-HACK-2021/ayoba_piilugfelix",
            "git_clone_url": "git://github.com/MTN-AYOBA-HACK-2021/ayoba_piilugfelix.git",
            "gitignore_template": null,
            "has_downloads": false,
            "has_issues": false,
            "has_projects": false,
            "has_wiki": false,
            "homepage_url": "",
            "html_url": "https://github.com/MTN-AYOBA-HACK-2021/ayoba_piilugfelix",
            "http_clone_url": "https://github.com/MTN-AYOBA-HACK-2021/ayoba_piilugfelix.git",
            "id": "ayoba_piilugfelix",
            "is_template": false,
            "license_template": null,
            "name": "ayoba_piilugfelix",
            "node_id": "MDEwOlJlcG9zaXRvcnk0MDI5MzY0Mjk=",
            "pages": [],
            "private": true,
            "repo_id": 402936429,
            "ssh_clone_url": "git@github.com:MTN-AYOBA-HACK-2021/ayoba_piilugfelix.git",
            "svn_url": "https://github.com/MTN-AYOBA-HACK-2021/ayoba_piilugfelix",
            "template": [],
            "topics": [],
            "visibility": "private",
            "vulnerability_alerts": false
          },
          "sensitive_attributes": [],
          "private": "bnVsbA=="
        },
        {
          "index_key": "prince272",
          "schema_version": 0,
          "attributes": {
            "allow_merge_commit": true,
            "allow_rebase_merge": true,
            "allow_squash_merge": true,
            "archive_on_destroy": null,
            "archived": false,
            "auto_init": null,
            "default_branch": "master",
            "delete_branch_on_merge": false,
            "description": "",
            "etag": "W/\"7f58977bd86211843058cde1fe1faf22646740db4ed7dc4fd836b18c1e95d29d\"",
            "full_name": "MTN-AYOBA-HACK-2021/ayoba_prince272",
            "git_clone_url": "git://github.com/MTN-AYOBA-HACK-2021/ayoba_prince272.git",
            "gitignore_template": null,
            "has_downloads": false,
            "has_issues": false,
            "has_projects": false,
            "has_wiki": false,
            "homepage_url": "",
            "html_url": "https://github.com/MTN-AYOBA-HACK-2021/ayoba_prince272",
            "http_clone_url": "https://github.com/MTN-AYOBA-HACK-2021/ayoba_prince272.git",
            "id": "ayoba_prince272",
            "is_template": false,
            "license_template": null,
            "name": "ayoba_prince272",
            "node_id": "MDEwOlJlcG9zaXRvcnk0MDI2ODEzMDY=",
            "pages": [],
            "private": true,
            "repo_id": 402681306,
            "ssh_clone_url": "git@github.com:MTN-AYOBA-HACK-2021/ayoba_prince272.git",
            "svn_url": "https://github.com/MTN-AYOBA-HACK-2021/ayoba_prince272",
            "template": [],
            "topics": [],
            "visibility": "private",
            "vulnerability_alerts": false
          },
          "sensitive_attributes": [],
          "private": "bnVsbA=="
        },
        {
          "index_key": "rhutmann",
          "schema_version": 0,
          "attributes": {
            "allow_merge_commit": true,
            "allow_rebase_merge": true,
            "allow_squash_merge": true,
            "archive_on_destroy": null,
            "archived": false,
            "auto_init": null,
            "default_branch": "main",
            "delete_branch_on_merge": false,
            "description": "",
            "etag": "W/\"e59e59d3544ac371e400e7a391d7aef25028b9dee641a6e8509b016398ed76c0\"",
            "full_name": "MTN-AYOBA-HACK-2021/ayoba_rhutmann",
            "git_clone_url": "git://github.com/MTN-AYOBA-HACK-2021/ayoba_rhutmann.git",
            "gitignore_template": null,
            "has_downloads": false,
            "has_issues": false,
            "has_projects": false,
            "has_wiki": false,
            "homepage_url": "",
            "html_url": "https://github.com/MTN-AYOBA-HACK-2021/ayoba_rhutmann",
            "http_clone_url": "https://github.com/MTN-AYOBA-HACK-2021/ayoba_rhutmann.git",
            "id": "ayoba_rhutmann",
            "is_template": false,
            "license_template": null,
            "name": "ayoba_rhutmann",
            "node_id": "MDEwOlJlcG9zaXRvcnk0MDI2ODA1Njg=",
            "pages": [],
            "private": true,
            "repo_id": 402680568,
            "ssh_clone_url": "git@github.com:MTN-AYOBA-HACK-2021/ayoba_rhutmann.git",
            "svn_url": "https://github.com/MTN-AYOBA-HACK-2021/ayoba_rhutmann",
            "template": [],
            "topics": null,
            "visibility": "private",
            "vulnerability_alerts": false
          },
          "sensitive_attributes": [],
          "private": "bnVsbA=="
        },
        {
          "index_key": "saeed-wahab",
          "schema_version": 0,
          "attributes": {
            "allow_merge_commit": true,
            "allow_rebase_merge": true,
            "allow_squash_merge": true,
            "archive_on_destroy": null,
            "archived": false,
            "auto_init": null,
            "default_branch": "gh-pages",
            "delete_branch_on_merge": false,
            "description": "",
            "etag": "W/\"dc993baed81cd550115ad1b32bfab5938b107159a6ea89b48a35de3b5c40705c\"",
            "full_name": "MTN-AYOBA-HACK-2021/ayoba_saeed-wahab",
            "git_clone_url": "git://github.com/MTN-AYOBA-HACK-2021/ayoba_saeed-wahab.git",
            "gitignore_template": null,
            "has_downloads": false,
            "has_issues": false,
            "has_projects": false,
            "has_wiki": false,
            "homepage_url": "",
            "html_url": "https://github.com/MTN-AYOBA-HACK-2021/ayoba_saeed-wahab",
            "http_clone_url": "https://github.com/MTN-AYOBA-HACK-2021/ayoba_saeed-wahab.git",
            "id": "ayoba_saeed-wahab",
            "is_template": false,
            "license_template": null,
            "name": "ayoba_saeed-wahab",
            "node_id": "MDEwOlJlcG9zaXRvcnk0MDI2ODExNjQ=",
            "pages": [],
            "private": true,
            "repo_id": 402681164,
            "ssh_clone_url": "git@github.com:MTN-AYOBA-HACK-2021/ayoba_saeed-wahab.git",
            "svn_url": "https://github.com/MTN-AYOBA-HACK-2021/ayoba_saeed-wahab",
            "template": [],
            "topics": [],
            "visibility": "private",
            "vulnerability_alerts": false
          },
          "sensitive_attributes": [],
          "private": "bnVsbA=="
        },
        {
          "index_key": "sarponge2",
          "schema_version": 0,
          "attributes": {
            "allow_merge_commit": true,
            "allow_rebase_merge": true,
            "allow_squash_merge": true,
            "archive_on_destroy": null,
            "archived": false,
            "auto_init": null,
            "default_branch": "main",
            "delete_branch_on_merge": false,
            "description": "",
            "etag": "W/\"8f51154fa129781c60d985bbcd2b4f54f043edf71f5565eac629978b940fce0d\"",
            "full_name": "MTN-AYOBA-HACK-2021/ayoba_sarponge2",
            "git_clone_url": "git://github.com/MTN-AYOBA-HACK-2021/ayoba_sarponge2.git",
            "gitignore_template": null,
            "has_downloads": false,
            "has_issues": false,
            "has_projects": false,
            "has_wiki": false,
            "homepage_url": "",
            "html_url": "https://github.com/MTN-AYOBA-HACK-2021/ayoba_sarponge2",
            "http_clone_url": "https://github.com/MTN-AYOBA-HACK-2021/ayoba_sarponge2.git",
            "id": "ayoba_sarponge2",
            "is_template": false,
            "license_template": null,
            "name": "ayoba_sarponge2",
            "node_id": "MDEwOlJlcG9zaXRvcnk0MDI3NTkwMTg=",
            "pages": [],
            "private": true,
            "repo_id": 402759018,
            "ssh_clone_url": "git@github.com:MTN-AYOBA-HACK-2021/ayoba_sarponge2.git",
            "svn_url": "https://github.com/MTN-AYOBA-HACK-2021/ayoba_sarponge2",
            "template": [],
            "topics": [],
            "visibility": "private",
            "vulnerability_alerts": false
          },
          "sensitive_attributes": [],
          "private": "bnVsbA=="
        },
        {
          "index_key": "starlabelgh",
          "schema_version": 0,
          "attributes": {
            "allow_merge_commit": true,
            "allow_rebase_merge": true,
            "allow_squash_merge": true,
            "archive_on_destroy": null,
            "archived": false,
            "auto_init": null,
            "default_branch": "main",
            "delete_branch_on_merge": false,
            "description": "",
            "etag": "W/\"cfb0751e23f3732c3537e7d2567423dcdd4d20be5be0133f430358b81b8ce079\"",
            "full_name": "MTN-AYOBA-HACK-2021/ayoba_starlabelgh",
            "git_clone_url": "git://github.com/MTN-AYOBA-HACK-2021/ayoba_starlabelgh.git",
            "gitignore_template": null,
            "has_downloads": false,
            "has_issues": false,
            "has_projects": false,
            "has_wiki": false,
            "homepage_url": "",
            "html_url": "https://github.com/MTN-AYOBA-HACK-2021/ayoba_starlabelgh",
            "http_clone_url": "https://github.com/MTN-AYOBA-HACK-2021/ayoba_starlabelgh.git",
            "id": "ayoba_starlabelgh",
            "is_template": false,
            "license_template": null,
            "name": "ayoba_starlabelgh",
            "node_id": "MDEwOlJlcG9zaXRvcnk0MDMzNzMzMjY=",
            "pages": [],
            "private": true,
            "repo_id": 403373326,
            "ssh_clone_url": "git@github.com:MTN-AYOBA-HACK-2021/ayoba_starlabelgh.git",
            "svn_url": "https://github.com/MTN-AYOBA-HACK-2021/ayoba_starlabelgh",
            "template": [],
            "topics": [],
            "visibility": "private",
            "vulnerability_alerts": false
          },
          "sensitive_attributes": [],
          "private": "bnVsbA=="
        },
        {
          "index_key": "sualah",
          "schema_version": 0,
          "attributes": {
            "allow_merge_commit": true,
            "allow_rebase_merge": true,
            "allow_squash_merge": true,
            "archive_on_destroy": null,
            "archived": false,
            "auto_init": null,
            "default_branch": "development",
            "delete_branch_on_merge": false,
            "description": "",
            "etag": "W/\"d1deff857f266cd549d79d2ddeb80c2de14841ee7302436a7fd60b3df1193b62\"",
            "full_name": "MTN-AYOBA-HACK-2021/ayoba_sualah",
            "git_clone_url": "git://github.com/MTN-AYOBA-HACK-2021/ayoba_sualah.git",
            "gitignore_template": null,
            "has_downloads": false,
            "has_issues": false,
            "has_projects": false,
            "has_wiki": false,
            "homepage_url": "",
            "html_url": "https://github.com/MTN-AYOBA-HACK-2021/ayoba_sualah",
            "http_clone_url": "https://github.com/MTN-AYOBA-HACK-2021/ayoba_sualah.git",
            "id": "ayoba_sualah",
            "is_template": false,
            "license_template": null,
            "name": "ayoba_sualah",
            "node_id": "MDEwOlJlcG9zaXRvcnk0MDMzNzE1NTc=",
            "pages": [],
            "private": true,
            "repo_id": 403371557,
            "ssh_clone_url": "git@github.com:MTN-AYOBA-HACK-2021/ayoba_sualah.git",
            "svn_url": "https://github.com/MTN-AYOBA-HACK-2021/ayoba_sualah",
            "template": [],
            "topics": [],
            "visibility": "private",
            "vulnerability_alerts": false
          },
          "sensitive_attributes": [],
          "private": "bnVsbA=="
        },
        {
          "index_key": "terewere",
          "schema_version": 0,
          "attributes": {
            "allow_merge_commit": true,
            "allow_rebase_merge": true,
            "allow_squash_merge": true,
            "archive_on_destroy": null,
            "archived": false,
            "auto_init": null,
            "default_branch": "main",
            "delete_branch_on_merge": false,
            "description": "",
            "etag": "W/\"b5afe7b9276825d2675e322f446833940c0961a38d7318218922c88b13d39a49\"",
            "full_name": "MTN-AYOBA-HACK-2021/ayoba_terewere",
            "git_clone_url": "git://github.com/MTN-AYOBA-HACK-2021/ayoba_terewere.git",
            "gitignore_template": null,
            "has_downloads": false,
            "has_issues": false,
            "has_projects": false,
            "has_wiki": false,
            "homepage_url": "",
            "html_url": "https://github.com/MTN-AYOBA-HACK-2021/ayoba_terewere",
            "http_clone_url": "https://github.com/MTN-AYOBA-HACK-2021/ayoba_terewere.git",
            "id": "ayoba_terewere",
            "is_template": false,
            "license_template": null,
            "name": "ayoba_terewere",
            "node_id": "MDEwOlJlcG9zaXRvcnk0MDI2ODA4MjI=",
            "pages": [],
            "private": true,
            "repo_id": 402680822,
            "ssh_clone_url": "git@github.com:MTN-AYOBA-HACK-2021/ayoba_terewere.git",
            "svn_url": "https://github.com/MTN-AYOBA-HACK-2021/ayoba_terewere",
            "template": [],
            "topics": [],
            "visibility": "private",
            "vulnerability_alerts": false
          },
          "sensitive_attributes": [],
          "private": "bnVsbA=="
        },
        {
          "index_key": "zamensah",
          "schema_version": 0,
          "attributes": {
            "allow_merge_commit": true,
            "allow_rebase_merge": true,
            "allow_squash_merge": true,
            "archive_on_destroy": null,
            "archived": false,
            "auto_init": null,
            "default_branch": "main",
            "delete_branch_on_merge": false,
            "description": "",
            "etag": "W/\"04501a80440844a24b9d8023c65f58b41ab63c3be7e9d13455771d6fed70e088\"",
            "full_name": "MTN-AYOBA-HACK-2021/ayoba_zamensah",
            "git_clone_url": "git://github.com/MTN-AYOBA-HACK-2021/ayoba_zamensah.git",
            "gitignore_template": null,
            "has_downloads": false,
            "has_issues": false,
            "has_projects": false,
            "has_wiki": false,
            "homepage_url": "",
            "html_url": "https://github.com/MTN-AYOBA-HACK-2021/ayoba_zamensah",
            "http_clone_url": "https://github.com/MTN-AYOBA-HACK-2021/ayoba_zamensah.git",
            "id": "ayoba_zamensah",
            "is_template": false,
            "license_template": null,
            "name": "ayoba_zamensah",
            "node_id": "MDEwOlJlcG9zaXRvcnk0MDI2ODAyNTc=",
            "pages": [],
            "private": true,
            "repo_id": 402680257,
            "ssh_clone_url": "git@github.com:MTN-AYOBA-HACK-2021/ayoba_zamensah.git",
            "svn_url": "https://github.com/MTN-AYOBA-HACK-2021/ayoba_zamensah",
            "template": [],
            "topics": null,
            "visibility": "private",
            "vulnerability_alerts": false
          },
          "sensitive_attributes": [],
          "private": "bnVsbA=="
        }
      ]
    }
  ]
}
