{
  "version": 4,
  "terraform_version": "1.0.5",
  "serial": 248,
  "lineage": "a4affea1-72ce-c94d-ebc8-df338f88327c",
  "outputs": {},
  "resources": [
    {
      "module": "module.github",
      "mode": "managed",
      "type": "github_membership",
      "name": "admins",
      "provider": "provider[\"registry.terraform.io/hashicorp/github\"]",
      "instances": [
        {
          "index_key": "codeReddington",
          "schema_version": 0,
          "attributes": {
            "etag": "W/\"c472aa5e376de6ac965c419c8e21d92e2c37c1716d2e8e19f84fbf1e82319719\"",
            "id": "MTN-AYOBA-HACK-2021:codeReddington",
            "role": "admin",
            "username": "codeReddington"
          },
          "sensitive_attributes": [],
          "private": "bnVsbA=="
        },
        {
          "index_key": "sarps",
          "schema_version": 0,
          "attributes": {
            "etag": "W/\"cd4415beb900ff07d7c137243db2cc70f0b021954fda93418b653879a386418d\"",
            "id": "MTN-AYOBA-HACK-2021:sarps",
            "role": "admin",
            "username": "sarps"
          },
          "sensitive_attributes": [],
          "private": "bnVsbA=="
        },
        {
          "index_key": "theHinneh",
          "schema_version": 0,
          "attributes": {
            "etag": "W/\"82324f01a4f8ca06112881fa1886d8f38ce7d6da2b075c1dbe741df1602bc70a\"",
            "id": "MTN-AYOBA-HACK-2021:theHinneh",
            "role": "admin",
            "username": "theHinneh"
          },
          "sensitive_attributes": [],
          "private": "bnVsbA=="
        }
      ]
    },
    {
      "module": "module.github",
      "mode": "managed",
      "type": "github_membership",
      "name": "members",
      "provider": "provider[\"registry.terraform.io/hashicorp/github\"]",
      "instances": [
        {
          "index_key": "Adamteh",
          "schema_version": 0,
          "attributes": {
            "etag": "W/\"a808f26edc18bb5b8eaeb3d17c38c19326d06f1b924639d3d7fb601b1f7e6b1c\"",
            "id": "MTN-AYOBA-HACK-2021:Adamteh",
            "role": "member",
            "username": "Adamteh"
          },
          "sensitive_attributes": [],
          "private": "bnVsbA=="
        },
        {
          "index_key": "Afari318",
          "schema_version": 0,
          "attributes": {
            "etag": "W/\"6b18d2893218124d70cdeab3b12f9b342b3a738acd6ae5a4e9afee6eb4f28548\"",
            "id": "MTN-AYOBA-HACK-2021:Afari318",
            "role": "member",
            "username": "Afari318"
          },
          "sensitive_attributes": [],
          "private": "bnVsbA=="
        },
        {
          "index_key": "BomehD",
          "schema_version": 0,
          "attributes": {
            "etag": "W/\"b3c28e77e077b22a2998704b1e571f8f5f130893da8609e13df02fb3a8496507\"",
            "id": "MTN-AYOBA-HACK-2021:BomehD",
            "role": "member",
            "username": "BomehD"
          },
          "sensitive_attributes": [],
          "private": "bnVsbA=="
        },
        {
          "index_key": "DAVNOBLE",
          "schema_version": 0,
          "attributes": {
            "etag": "W/\"13a245449882e2dba39fe097b52c34a50c41dd75d02c2f39dd8118f4574dece2\"",
            "id": "MTN-AYOBA-HACK-2021:DAVNOBLE",
            "role": "member",
            "username": "DAVNOBLE"
          },
          "sensitive_attributes": [],
          "private": "bnVsbA=="
        },
        {
          "index_key": "Eddy-Morgan",
          "schema_version": 0,
          "attributes": {
            "etag": "W/\"e580de2c80cafa6a8aa8857f843ee122bb3a036e422018ccbe4febe11f8a0cb1\"",
            "id": "MTN-AYOBA-HACK-2021:Eddy-Morgan",
            "role": "member",
            "username": "Eddy-Morgan"
          },
          "sensitive_attributes": [],
          "private": "bnVsbA=="
        },
        {
          "index_key": "Elvis-Sarfo",
          "schema_version": 0,
          "attributes": {
            "etag": "W/\"3b4d3041c5430761adfcfba2315f37b6c13b6c159d53d42ffa901e1fb4d74635\"",
            "id": "MTN-AYOBA-HACK-2021:Elvis-Sarfo",
            "role": "member",
            "username": "Elvis-Sarfo"
          },
          "sensitive_attributes": [],
          "private": "bnVsbA=="
        },
        {
          "index_key": "Emmanuelfrimpong",
          "schema_version": 0,
          "attributes": {
            "etag": "W/\"c436a396cb2ca50907239ccb909811baf308add28467610ff6de32de6d6b15b0\"",
            "id": "MTN-AYOBA-HACK-2021:Emmanuelfrimpong",
            "role": "member",
            "username": "Emmanuelfrimpong"
          },
          "sensitive_attributes": [],
          "private": "bnVsbA=="
        },
        {
          "index_key": "HephWisdom",
          "schema_version": 0,
          "attributes": {
            "etag": "W/\"a2d131cdb556b67b8e08260627fbc52dd3f5c89c4e821358e932e5dc6273c633\"",
            "id": "MTN-AYOBA-HACK-2021:HephWisdom",
            "role": "member",
            "username": "HephWisdom"
          },
          "sensitive_attributes": [],
          "private": "bnVsbA=="
        },
        {
          "index_key": "Kelvin-tech",
          "schema_version": 0,
          "attributes": {
            "etag": "W/\"d6624b51a4e567501843eca22cb53b7c3950f8e08328fb42eeb4e823415fd523\"",
            "id": "MTN-AYOBA-HACK-2021:Kelvin-tech",
            "role": "member",
            "username": "Kelvin-tech"
          },
          "sensitive_attributes": [],
          "private": "bnVsbA=="
        },
        {
          "index_key": "Kweeku",
          "schema_version": 0,
          "attributes": {
            "etag": "W/\"8201db30e595c74ffce840757d30a3abba59cd27da6f44cfd08716fd743acf63\"",
            "id": "MTN-AYOBA-HACK-2021:Kweeku",
            "role": "member",
            "username": "Kweeku"
          },
          "sensitive_attributes": [],
          "private": "bnVsbA=="
        },
        {
          "index_key": "ManuelDCoder",
          "schema_version": 0,
          "attributes": {
            "etag": "W/\"c6f7ed193db490388c4b4f54ddaef1b74dbadbfa546afb0fc486da39c95111e4\"",
            "id": "MTN-AYOBA-HACK-2021:ManuelDCoder",
            "role": "member",
            "username": "ManuelDCoder"
          },
          "sensitive_attributes": [],
          "private": "bnVsbA=="
        },
        {
          "index_key": "NanaPokun",
          "schema_version": 0,
          "attributes": {
            "etag": "W/\"3f8e1a42d3337c366032b9c9e7031a6874921a45748e5f44819c0ba4b7d68030\"",
            "id": "MTN-AYOBA-HACK-2021:NanaPokun",
            "role": "member",
            "username": "NanaPokun"
          },
          "sensitive_attributes": [],
          "private": "bnVsbA=="
        },
        {
          "index_key": "NaroSoft",
          "schema_version": 0,
          "attributes": {
            "etag": "W/\"80d8867bd816043819e14e670ada212dc313b9e81ae3d9966942e1f8ffe41142\"",
            "id": "MTN-AYOBA-HACK-2021:NaroSoft",
            "role": "member",
            "username": "NaroSoft"
          },
          "sensitive_attributes": [],
          "private": "bnVsbA=="
        },
        {
          "index_key": "Onihani",
          "schema_version": 0,
          "attributes": {
            "etag": "W/\"118f5fc0351f2758492df1517cda3ecce6ec4813b0a4088c37bd0452b0ca864e\"",
            "id": "MTN-AYOBA-HACK-2021:Onihani",
            "role": "member",
            "username": "Onihani"
          },
          "sensitive_attributes": [],
          "private": "bnVsbA=="
        },
        {
          "index_key": "Osadiapet",
          "schema_version": 0,
          "attributes": {
            "etag": "W/\"d77b2da0f173eca112d06e6922c4b6f4c6b48e2387525f82030511184e80f914\"",
            "id": "MTN-AYOBA-HACK-2021:Osadiapet",
            "role": "member",
            "username": "Osadiapet"
          },
          "sensitive_attributes": [],
          "private": "bnVsbA=="
        },
        {
          "index_key": "Prince-Ampomah",
          "schema_version": 0,
          "attributes": {
            "etag": "W/\"f7579b924174c7a7a09dc499a7b4295a24c34f0b9f5bd3922c5bbb08c05d215e\"",
            "id": "MTN-AYOBA-HACK-2021:Prince-Ampomah",
            "role": "member",
            "username": "Prince-Ampomah"
          },
          "sensitive_attributes": [],
          "private": "bnVsbA=="
        },
        {
          "index_key": "ProfOJ",
          "schema_version": 0,
          "attributes": {
            "etag": "W/\"8e1155f182ef2987e117b44d5a7ccfbf0e0ba22d3eb18e201b1fee5396d0f2df\"",
            "id": "MTN-AYOBA-HACK-2021:ProfOJ",
            "role": "member",
            "username": "ProfOJ"
          },
          "sensitive_attributes": [],
          "private": "bnVsbA=="
        },
        {
          "index_key": "Rogerkorantenng",
          "schema_version": 0,
          "attributes": {
            "etag": "W/\"5164ba78b9a7c7c21fdf4e227c4656e12149da9175d58e2d97a92d47921dea95\"",
            "id": "MTN-AYOBA-HACK-2021:Rogerkorantenng",
            "role": "member",
            "username": "Rogerkorantenng"
          },
          "sensitive_attributes": [],
          "private": "bnVsbA=="
        },
        {
          "index_key": "Seyramize",
          "schema_version": 0,
          "attributes": {
            "etag": "W/\"96c2250fc8011681b729760815971c4ba3ed8b2958a7aa60dfd38b1b421b3922\"",
            "id": "MTN-AYOBA-HACK-2021:Seyramize",
            "role": "member",
            "username": "Seyramize"
          },
          "sensitive_attributes": [],
          "private": "bnVsbA=="
        },
        {
          "index_key": "TheDynasto",
          "schema_version": 0,
          "attributes": {
            "etag": "W/\"c0eafb5520be5b8b25373e7abdb907a5bfe86f367ebee41b784787d2cc36db16\"",
            "id": "MTN-AYOBA-HACK-2021:TheDynasto",
            "role": "member",
            "username": "TheDynasto"
          },
          "sensitive_attributes": [],
          "private": "bnVsbA=="
        },
        {
          "index_key": "Xybron",
          "schema_version": 0,
          "attributes": {
            "etag": "W/\"2b61010786564b4b096a12f62c536e4f30f2af4d9cc4d50b646133573873507d\"",
            "id": "MTN-AYOBA-HACK-2021:Xybron",
            "role": "member",
            "username": "Xybron"
          },
          "sensitive_attributes": [],
          "private": "bnVsbA=="
        },
        {
          "index_key": "acquahsamuel",
          "schema_version": 0,
          "attributes": {
            "etag": "W/\"045ecbd5510ecece87a6b5b12b68b8414586b5e0f11516d7d9a909f141d790cb\"",
            "id": "MTN-AYOBA-HACK-2021:acquahsamuel",
            "role": "member",
            "username": "acquahsamuel"
          },
          "sensitive_attributes": [],
          "private": "bnVsbA=="
        },
        {
          "index_key": "berrydeblaq",
          "schema_version": 0,
          "attributes": {
            "etag": "W/\"93aad27d9ef23ea3d017449c2d19d6810dbc7d51a266c0fed7e69c9dcd3e6184\"",
            "id": "MTN-AYOBA-HACK-2021:berrydeblaq",
            "role": "member",
            "username": "berrydeblaq"
          },
          "sensitive_attributes": [],
          "private": "bnVsbA=="
        },
        {
          "index_key": "botchway44",
          "schema_version": 0,
          "attributes": {
            "etag": "W/\"ecd02e03942420c0ec01e32e7ce91faaa8ac7760f49f8ad4b0ca2a7330f01a0a\"",
            "id": "MTN-AYOBA-HACK-2021:botchway44",
            "role": "member",
            "username": "botchway44"
          },
          "sensitive_attributes": [],
          "private": "bnVsbA=="
        },
        {
          "index_key": "coding-rev",
          "schema_version": 0,
          "attributes": {
            "etag": "W/\"1c7d4a703e50c15cc03d1a05e4d5574a5dbf7882856af5cc2b12d95ed8ddf622\"",
            "id": "MTN-AYOBA-HACK-2021:coding-rev",
            "role": "member",
            "username": "coding-rev"
          },
          "sensitive_attributes": [],
          "private": "bnVsbA=="
        },
        {
          "index_key": "crazicoda",
          "schema_version": 0,
          "attributes": {
            "etag": "W/\"908ba2bcdc3ff20b2ecf11b4c30a6972605f94b9daaa8610843be984b39051ee\"",
            "id": "MTN-AYOBA-HACK-2021:crazicoda",
            "role": "member",
            "username": "crazicoda"
          },
          "sensitive_attributes": [],
          "private": "bnVsbA=="
        },
        {
          "index_key": "dbilly1",
          "schema_version": 0,
          "attributes": {
            "etag": "W/\"8cfd0354f48bf313ad36a434e6e0e0dcc9a878267347db16a166617bfd4ff22d\"",
            "id": "MTN-AYOBA-HACK-2021:dbilly1",
            "role": "member",
            "username": "dbilly1"
          },
          "sensitive_attributes": [],
          "private": "bnVsbA=="
        },
        {
          "index_key": "emrade",
          "schema_version": 0,
          "attributes": {
            "etag": "W/\"8c631bf0b1be3dde1d29ef70aa0b3c6e09e5c019394715d2031da06cadfde7ef\"",
            "id": "MTN-AYOBA-HACK-2021:emrade",
            "role": "member",
            "username": "emrade"
          },
          "sensitive_attributes": [],
          "private": "bnVsbA=="
        },
        {
          "index_key": "fennin3",
          "schema_version": 0,
          "attributes": {
            "etag": "W/\"3b43de18a13ce6ac72a63e77774e1e07ce91714e1b992766c91b65c8b8d75f35\"",
            "id": "MTN-AYOBA-HACK-2021:fennin3",
            "role": "member",
            "username": "fennin3"
          },
          "sensitive_attributes": [],
          "private": "bnVsbA=="
        },
        {
          "index_key": "franklinosei",
          "schema_version": 0,
          "attributes": {
            "etag": "W/\"f1c639434e164e3e39417c402e2fc3fd9e4b4e787cca3b26696a7514f0f8eeed\"",
            "id": "MTN-AYOBA-HACK-2021:franklinosei",
            "role": "member",
            "username": "franklinosei"
          },
          "sensitive_attributes": [],
          "private": "bnVsbA=="
        },
        {
          "index_key": "henryhkb",
          "schema_version": 0,
          "attributes": {
            "etag": "W/\"0b024320c9239678d114a050e3cabb78c99665a39dbf3bef6342af32f8cc4dfb\"",
            "id": "MTN-AYOBA-HACK-2021:henryhkb",
            "role": "member",
            "username": "henryhkb"
          },
          "sensitive_attributes": [],
          "private": "bnVsbA=="
        },
        {
          "index_key": "iamnanne",
          "schema_version": 0,
          "attributes": {
            "etag": "W/\"8a6aa758fe6e7f29fa2d437221a08d2b7c41343dfb17f1a7af98be1a229cbe9a\"",
            "id": "MTN-AYOBA-HACK-2021:iamnanne",
            "role": "member",
            "username": "iamnanne"
          },
          "sensitive_attributes": [],
          "private": "bnVsbA=="
        },
        {
          "index_key": "idadia",
          "schema_version": 0,
          "attributes": {
            "etag": "W/\"9aaa0c7b46494ab92c6b5eb2da0ce9ad32c8cca76514d284c75f6c883fc9324f\"",
            "id": "MTN-AYOBA-HACK-2021:idadia",
            "role": "member",
            "username": "idadia"
          },
          "sensitive_attributes": [],
          "private": "bnVsbA=="
        },
        {
          "index_key": "jakazzy",
          "schema_version": 0,
          "attributes": {
            "etag": "W/\"3ad0d8ea8c5b9b140a0e76decd52de71e5940c3fd4cd0dd0c4be427be02d7b8d\"",
            "id": "MTN-AYOBA-HACK-2021:jakazzy",
            "role": "member",
            "username": "jakazzy"
          },
          "sensitive_attributes": [],
          "private": "bnVsbA=="
        },
        {
          "index_key": "lhost101",
          "schema_version": 0,
          "attributes": {
            "etag": "W/\"897e3c494c33da3a69fd48893fb9683bc7269474f71dab3205d8f9893bcee6ce\"",
            "id": "MTN-AYOBA-HACK-2021:lhost101",
            "role": "member",
            "username": "lhost101"
          },
          "sensitive_attributes": [],
          "private": "bnVsbA=="
        },
        {
          "index_key": "majestyjnr",
          "schema_version": 0,
          "attributes": {
            "etag": "W/\"87edff5b17fabdd17ab60baf9a8ca799853eec351801783063b04ca5988721f4\"",
            "id": "MTN-AYOBA-HACK-2021:majestyjnr",
            "role": "member",
            "username": "majestyjnr"
          },
          "sensitive_attributes": [],
          "private": "bnVsbA=="
        },
        {
          "index_key": "mcqueccu",
          "schema_version": 0,
          "attributes": {
            "etag": "W/\"386109c59747a29f4d4e46ebad3a8f0146508aba619768c658cb66816e3ec7cf\"",
            "id": "MTN-AYOBA-HACK-2021:mcqueccu",
            "role": "member",
            "username": "mcqueccu"
          },
          "sensitive_attributes": [],
          "private": "bnVsbA=="
        },
        {
          "index_key": "mightytv12",
          "schema_version": 0,
          "attributes": {
            "etag": "W/\"1b410ffd49660f841dcd1e0a1f8eb37f697ac71e37e8f34fec5635910eb3d542\"",
            "id": "MTN-AYOBA-HACK-2021:mightytv12",
            "role": "member",
            "username": "mightytv12"
          },
          "sensitive_attributes": [],
          "private": "bnVsbA=="
        },
        {
          "index_key": "muhsingenius",
          "schema_version": 0,
          "attributes": {
            "etag": "W/\"cc8aa10f05e676406e232964d6e76a237662c03babd07216ae0f4b8cfdddb01a\"",
            "id": "MTN-AYOBA-HACK-2021:muhsingenius",
            "role": "member",
            "username": "muhsingenius"
          },
          "sensitive_attributes": [],
          "private": "bnVsbA=="
        },
        {
          "index_key": "pehjos",
          "schema_version": 0,
          "attributes": {
            "etag": "W/\"485542ae94a873e9724fdc5f0ecd70cdc7b5b2636d893cf2c6e8442a80b39f52\"",
            "id": "MTN-AYOBA-HACK-2021:pehjos",
            "role": "member",
            "username": "pehjos"
          },
          "sensitive_attributes": [],
          "private": "bnVsbA=="
        },
        {
          "index_key": "prince272",
          "schema_version": 0,
          "attributes": {
            "etag": "W/\"8f91b184f9af8549e4a00d7701530a193de7b08b6b91bc79d9d54c92b1293e93\"",
            "id": "MTN-AYOBA-HACK-2021:prince272",
            "role": "member",
            "username": "prince272"
          },
          "sensitive_attributes": [],
          "private": "bnVsbA=="
        },
        {
          "index_key": "rhutmann",
          "schema_version": 0,
          "attributes": {
            "etag": "W/\"78c2321365d72fc9140786787be490e9fd81529d7d4664ed0ec9b2d04a43e8be\"",
            "id": "MTN-AYOBA-HACK-2021:rhutmann",
            "role": "member",
            "username": "rhutmann"
          },
          "sensitive_attributes": [],
          "private": "bnVsbA=="
        },
        {
          "index_key": "saeed-wahab",
          "schema_version": 0,
          "attributes": {
            "etag": "W/\"069009a3a69cfe30614078e6ea718c5c78f4bcfd1a356b2176634773aca774e9\"",
            "id": "MTN-AYOBA-HACK-2021:saeed-wahab",
            "role": "member",
            "username": "saeed-wahab"
          },
          "sensitive_attributes": [],
          "private": "bnVsbA=="
        },
        {
          "index_key": "sarponge2",
          "schema_version": 0,
          "attributes": {
            "etag": "W/\"a9a0e0f7d524175593eff6258cc3cd413fb8cc67fc36aff49db9d8cc1481183e\"",
            "id": "MTN-AYOBA-HACK-2021:sarponge2",
            "role": "member",
            "username": "sarponge2"
          },
          "sensitive_attributes": [],
          "private": "bnVsbA=="
        },
        {
          "index_key": "sualah",
          "schema_version": 0,
          "attributes": {
            "etag": "W/\"f76c45c31f2e546c7ba51bf234615f7c4c766022b94cc0fec268798ed03379e4\"",
            "id": "MTN-AYOBA-HACK-2021:sualah",
            "role": "member",
            "username": "sualah"
          },
          "sensitive_attributes": [],
          "private": "bnVsbA=="
        },
        {
          "index_key": "terewere",
          "schema_version": 0,
          "attributes": {
            "etag": "W/\"4f1ec4dfea1033097fb47e5da94830ee58dd53ba97a4a60bc8524e84d7180cdc\"",
            "id": "MTN-AYOBA-HACK-2021:terewere",
            "role": "member",
            "username": "terewere"
          },
          "sensitive_attributes": [],
          "private": "bnVsbA=="
        },
        {
          "index_key": "zamensah",
          "schema_version": 0,
          "attributes": {
            "etag": "W/\"4c703098529790b9e8b568b2c7a88e7d87b076fce920c4147cf42564985acc92\"",
            "id": "MTN-AYOBA-HACK-2021:zamensah",
            "role": "member",
            "username": "zamensah"
          },
          "sensitive_attributes": [],
          "private": "bnVsbA=="
        }
      ]
    },
    {
      "module": "module.github",
      "mode": "managed",
      "type": "github_repository",
      "name": "this",
      "provider": "provider[\"registry.terraform.io/hashicorp/github\"]",
      "instances": [
        {
          "index_key": "Adamteh",
          "schema_version": 0,
          "attributes": {
            "allow_merge_commit": true,
            "allow_rebase_merge": true,
            "allow_squash_merge": true,
            "archive_on_destroy": null,
            "archived": false,
            "auto_init": null,
            "default_branch": "main",
            "delete_branch_on_merge": false,
            "description": "",
            "etag": "W/\"c480c92291753266f17e58a53392fdaa97833a01edbcec6f7c1f6621bbbc63de\"",
            "full_name": "MTN-AYOBA-HACK-2021/ayoba_Adamteh",
            "git_clone_url": "git://github.com/MTN-AYOBA-HACK-2021/ayoba_Adamteh.git",
            "gitignore_template": null,
            "has_downloads": false,
            "has_issues": false,
            "has_projects": false,
            "has_wiki": false,
            "homepage_url": "",
            "html_url": "https://github.com/MTN-AYOBA-HACK-2021/ayoba_Adamteh",
            "http_clone_url": "https://github.com/MTN-AYOBA-HACK-2021/ayoba_Adamteh.git",
            "id": "ayoba_Adamteh",
            "is_template": false,
            "license_template": null,
            "name": "ayoba_Adamteh",
            "node_id": "MDEwOlJlcG9zaXRvcnk0MDI2ODE0Njg=",
            "pages": [],
            "private": true,
            "repo_id": 402681468,
            "ssh_clone_url": "git@github.com:MTN-AYOBA-HACK-2021/ayoba_Adamteh.git",
            "svn_url": "https://github.com/MTN-AYOBA-HACK-2021/ayoba_Adamteh",
            "template": [],
            "topics": null,
            "visibility": "private",
            "vulnerability_alerts": false
          },
          "sensitive_attributes": [],
          "private": "bnVsbA=="
        },
        {
          "index_key": "Afari318",
          "schema_version": 0,
          "attributes": {
            "allow_merge_commit": true,
            "allow_rebase_merge": true,
            "allow_squash_merge": true,
            "archive_on_destroy": null,
            "archived": false,
            "auto_init": null,
            "default_branch": "main",
            "delete_branch_on_merge": false,
            "description": "",
            "etag": "W/\"a26653b0c3e1f0456783f94919d171a88d21b2c44ad7623c4e9bd0e730cd736f\"",
            "full_name": "MTN-AYOBA-HACK-2021/ayoba_Afari318",
            "git_clone_url": "git://github.com/MTN-AYOBA-HACK-2021/ayoba_Afari318.git",
            "gitignore_template": null,
            "has_downloads": false,
            "has_issues": false,
            "has_projects": false,
            "has_wiki": false,
            "homepage_url": "",
            "html_url": "https://github.com/MTN-AYOBA-HACK-2021/ayoba_Afari318",
            "http_clone_url": "https://github.com/MTN-AYOBA-HACK-2021/ayoba_Afari318.git",
            "id": "ayoba_Afari318",
            "is_template": false,
            "license_template": null,
            "name": "ayoba_Afari318",
            "node_id": "MDEwOlJlcG9zaXRvcnk0MDI2ODA2OTU=",
            "pages": [],
            "private": true,
            "repo_id": 402680695,
            "ssh_clone_url": "git@github.com:MTN-AYOBA-HACK-2021/ayoba_Afari318.git",
            "svn_url": "https://github.com/MTN-AYOBA-HACK-2021/ayoba_Afari318",
            "template": [],
            "topics": null,
            "visibility": "private",
            "vulnerability_alerts": false
          },
          "sensitive_attributes": [],
          "private": "bnVsbA=="
        },
        {
          "index_key": "BomehD",
          "schema_version": 0,
          "attributes": {
            "allow_merge_commit": true,
            "allow_rebase_merge": true,
            "allow_squash_merge": true,
            "archive_on_destroy": null,
            "archived": false,
            "auto_init": null,
            "default_branch": "main",
            "delete_branch_on_merge": false,
            "description": "",
            "etag": "W/\"f58fd51e04537745e4cd9f9ac604c2702390efbd094fedd04feacec1f6d5027a\"",
            "full_name": "MTN-AYOBA-HACK-2021/ayoba_BomehD",
            "git_clone_url": "git://github.com/MTN-AYOBA-HACK-2021/ayoba_BomehD.git",
            "gitignore_template": null,
            "has_downloads": false,
            "has_issues": false,
            "has_projects": false,
            "has_wiki": false,
            "homepage_url": "",
            "html_url": "https://github.com/MTN-AYOBA-HACK-2021/ayoba_BomehD",
            "http_clone_url": "https://github.com/MTN-AYOBA-HACK-2021/ayoba_BomehD.git",
            "id": "ayoba_BomehD",
            "is_template": false,
            "license_template": null,
            "name": "ayoba_BomehD",
            "node_id": "MDEwOlJlcG9zaXRvcnk0MDI2ODEwMTk=",
            "pages": [],
            "private": true,
            "repo_id": 402681019,
            "ssh_clone_url": "git@github.com:MTN-AYOBA-HACK-2021/ayoba_BomehD.git",
            "svn_url": "https://github.com/MTN-AYOBA-HACK-2021/ayoba_BomehD",
            "template": [],
            "topics": null,
            "visibility": "private",
            "vulnerability_alerts": false
          },
          "sensitive_attributes": [],
          "private": "bnVsbA=="
        },
        {
          "index_key": "DAVNOBLE",
          "schema_version": 0,
          "attributes": {
            "allow_merge_commit": true,
            "allow_rebase_merge": true,
            "allow_squash_merge": true,
            "archive_on_destroy": null,
            "archived": false,
            "auto_init": null,
            "default_branch": "main",
            "delete_branch_on_merge": false,
            "description": "",
            "etag": "W/\"3ce166646706fb1c18898d0226a87a2be3e2ea63fbafac54011381b5ab5d4ea8\"",
            "full_name": "MTN-AYOBA-HACK-2021/ayoba_DAVNOBLE",
            "git_clone_url": "git://github.com/MTN-AYOBA-HACK-2021/ayoba_DAVNOBLE.git",
            "gitignore_template": null,
            "has_downloads": false,
            "has_issues": false,
            "has_projects": false,
            "has_wiki": false,
            "homepage_url": "",
            "html_url": "https://github.com/MTN-AYOBA-HACK-2021/ayoba_DAVNOBLE",
            "http_clone_url": "https://github.com/MTN-AYOBA-HACK-2021/ayoba_DAVNOBLE.git",
            "id": "ayoba_DAVNOBLE",
            "is_template": false,
            "license_template": null,
            "name": "ayoba_DAVNOBLE",
            "node_id": "MDEwOlJlcG9zaXRvcnk0MDI2ODE0MDY=",
            "pages": [],
            "private": true,
            "repo_id": 402681406,
            "ssh_clone_url": "git@github.com:MTN-AYOBA-HACK-2021/ayoba_DAVNOBLE.git",
            "svn_url": "https://github.com/MTN-AYOBA-HACK-2021/ayoba_DAVNOBLE",
            "template": [],
            "topics": null,
            "visibility": "private",
            "vulnerability_alerts": false
          },
          "sensitive_attributes": [],
          "private": "bnVsbA=="
        },
        {
          "index_key": "Eddy-Morgan",
          "schema_version": 0,
          "attributes": {
            "allow_merge_commit": true,
            "allow_rebase_merge": true,
            "allow_squash_merge": true,
            "archive_on_destroy": null,
            "archived": false,
            "auto_init": null,
            "default_branch": "main",
            "delete_branch_on_merge": false,
            "description": "",
            "etag": "W/\"a196d871bfb2d402b7a46a31796a2d49e0b5500dee76bab42c8143632be740a4\"",
            "full_name": "MTN-AYOBA-HACK-2021/ayoba_Eddy-Morgan",
            "git_clone_url": "git://github.com/MTN-AYOBA-HACK-2021/ayoba_Eddy-Morgan.git",
            "gitignore_template": null,
            "has_downloads": false,
            "has_issues": false,
            "has_projects": false,
            "has_wiki": false,
            "homepage_url": "",
            "html_url": "https://github.com/MTN-AYOBA-HACK-2021/ayoba_Eddy-Morgan",
            "http_clone_url": "https://github.com/MTN-AYOBA-HACK-2021/ayoba_Eddy-Morgan.git",
            "id": "ayoba_Eddy-Morgan",
            "is_template": false,
            "license_template": null,
            "name": "ayoba_Eddy-Morgan",
            "node_id": "MDEwOlJlcG9zaXRvcnk0MDI2ODEyMDk=",
            "pages": [],
            "private": true,
            "repo_id": 402681209,
            "ssh_clone_url": "git@github.com:MTN-AYOBA-HACK-2021/ayoba_Eddy-Morgan.git",
            "svn_url": "https://github.com/MTN-AYOBA-HACK-2021/ayoba_Eddy-Morgan",
            "template": [],
            "topics": null,
            "visibility": "private",
            "vulnerability_alerts": false
          },
          "sensitive_attributes": [],
          "private": "bnVsbA=="
        },
        {
          "index_key": "Elvis-Sarfo",
          "schema_version": 0,
          "attributes": {
            "allow_merge_commit": true,
            "allow_rebase_merge": true,
            "allow_squash_merge": true,
            "archive_on_destroy": null,
            "archived": false,
            "auto_init": null,
            "default_branch": "main",
            "delete_branch_on_merge": false,
            "description": "",
            "etag": "W/\"0a0746d539c0378d368b85f5f9ad51d4e31c4621a383052c4532e7f299ab4624\"",
            "full_name": "MTN-AYOBA-HACK-2021/ayoba_Elvis-Sarfo",
            "git_clone_url": "git://github.com/MTN-AYOBA-HACK-2021/ayoba_Elvis-Sarfo.git",
            "gitignore_template": null,
            "has_downloads": false,
            "has_issues": false,
            "has_projects": false,
            "has_wiki": false,
            "homepage_url": "",
            "html_url": "https://github.com/MTN-AYOBA-HACK-2021/ayoba_Elvis-Sarfo",
            "http_clone_url": "https://github.com/MTN-AYOBA-HACK-2021/ayoba_Elvis-Sarfo.git",
            "id": "ayoba_Elvis-Sarfo",
            "is_template": false,
            "license_template": null,
            "name": "ayoba_Elvis-Sarfo",
            "node_id": "MDEwOlJlcG9zaXRvcnk0MDI2ODExODU=",
            "pages": [],
            "private": true,
            "repo_id": 402681185,
            "ssh_clone_url": "git@github.com:MTN-AYOBA-HACK-2021/ayoba_Elvis-Sarfo.git",
            "svn_url": "https://github.com/MTN-AYOBA-HACK-2021/ayoba_Elvis-Sarfo",
            "template": [],
            "topics": null,
            "visibility": "private",
            "vulnerability_alerts": false
          },
          "sensitive_attributes": [],
          "private": "bnVsbA=="
        },
        {
          "index_key": "Emmanuelfrimpong",
          "schema_version": 0,
          "attributes": {
            "allow_merge_commit": true,
            "allow_rebase_merge": true,
            "allow_squash_merge": true,
            "archive_on_destroy": null,
            "archived": false,
            "auto_init": null,
            "default_branch": "main",
            "delete_branch_on_merge": false,
            "description": "",
            "etag": "W/\"9443b6f65e6efd154542ca37daebf865110b991bb71270c38ad78bf9d522eede\"",
            "full_name": "MTN-AYOBA-HACK-2021/ayoba_Emmanuelfrimpong",
            "git_clone_url": "git://github.com/MTN-AYOBA-HACK-2021/ayoba_Emmanuelfrimpong.git",
            "gitignore_template": null,
            "has_downloads": false,
            "has_issues": false,
            "has_projects": false,
            "has_wiki": false,
            "homepage_url": "",
            "html_url": "https://github.com/MTN-AYOBA-HACK-2021/ayoba_Emmanuelfrimpong",
            "http_clone_url": "https://github.com/MTN-AYOBA-HACK-2021/ayoba_Emmanuelfrimpong.git",
            "id": "ayoba_Emmanuelfrimpong",
            "is_template": false,
            "license_template": null,
            "name": "ayoba_Emmanuelfrimpong",
            "node_id": "MDEwOlJlcG9zaXRvcnk0MDI2ODQ1MTQ=",
            "pages": [],
            "private": true,
            "repo_id": 402684514,
            "ssh_clone_url": "git@github.com:MTN-AYOBA-HACK-2021/ayoba_Emmanuelfrimpong.git",
            "svn_url": "https://github.com/MTN-AYOBA-HACK-2021/ayoba_Emmanuelfrimpong",
            "template": [],
            "topics": null,
            "visibility": "private",
            "vulnerability_alerts": false
          },
          "sensitive_attributes": [],
          "private": "bnVsbA=="
        },
        {
          "index_key": "HephWisdom",
          "schema_version": 0,
          "attributes": {
            "allow_merge_commit": true,
            "allow_rebase_merge": true,
            "allow_squash_merge": true,
            "archive_on_destroy": null,
            "archived": false,
            "auto_init": null,
            "default_branch": "main",
            "delete_branch_on_merge": false,
            "description": "",
            "etag": "W/\"ee7eb3adefe07799203d5051342d3282170d3682fb4a94872c52e0b2c9b26e82\"",
            "full_name": "MTN-AYOBA-HACK-2021/ayoba_HephWisdom",
            "git_clone_url": "git://github.com/MTN-AYOBA-HACK-2021/ayoba_HephWisdom.git",
            "gitignore_template": null,
            "has_downloads": false,
            "has_issues": false,
            "has_projects": false,
            "has_wiki": false,
            "homepage_url": "",
            "html_url": "https://github.com/MTN-AYOBA-HACK-2021/ayoba_HephWisdom",
            "http_clone_url": "https://github.com/MTN-AYOBA-HACK-2021/ayoba_HephWisdom.git",
            "id": "ayoba_HephWisdom",
            "is_template": false,
            "license_template": null,
            "name": "ayoba_HephWisdom",
            "node_id": "MDEwOlJlcG9zaXRvcnk0MDI2ODAxNTg=",
            "pages": [],
            "private": true,
            "repo_id": 402680158,
            "ssh_clone_url": "git@github.com:MTN-AYOBA-HACK-2021/ayoba_HephWisdom.git",
            "svn_url": "https://github.com/MTN-AYOBA-HACK-2021/ayoba_HephWisdom",
            "template": [],
            "topics": null,
            "visibility": "private",
            "vulnerability_alerts": false
          },
          "sensitive_attributes": [],
          "private": "bnVsbA=="
        },
        {
          "index_key": "Kelvin-tech",
          "schema_version": 0,
          "attributes": {
            "allow_merge_commit": true,
            "allow_rebase_merge": true,
            "allow_squash_merge": true,
            "archive_on_destroy": null,
            "archived": false,
            "auto_init": null,
            "default_branch": "main",
            "delete_branch_on_merge": false,
            "description": "",
            "etag": "W/\"13f3c2cdfde57d506efb008d0169c22ccb5874a86ba428a923e02d137d416644\"",
            "full_name": "MTN-AYOBA-HACK-2021/ayoba_Kelvin-tech",
            "git_clone_url": "git://github.com/MTN-AYOBA-HACK-2021/ayoba_Kelvin-tech.git",
            "gitignore_template": null,
            "has_downloads": false,
            "has_issues": false,
            "has_projects": false,
            "has_wiki": false,
            "homepage_url": "",
            "html_url": "https://github.com/MTN-AYOBA-HACK-2021/ayoba_Kelvin-tech",
            "http_clone_url": "https://github.com/MTN-AYOBA-HACK-2021/ayoba_Kelvin-tech.git",
            "id": "ayoba_Kelvin-tech",
            "is_template": false,
            "license_template": null,
            "name": "ayoba_Kelvin-tech",
            "node_id": "MDEwOlJlcG9zaXRvcnk0MDI2ODAyMjk=",
            "pages": [],
            "private": true,
            "repo_id": 402680229,
            "ssh_clone_url": "git@github.com:MTN-AYOBA-HACK-2021/ayoba_Kelvin-tech.git",
            "svn_url": "https://github.com/MTN-AYOBA-HACK-2021/ayoba_Kelvin-tech",
            "template": [],
            "topics": null,
            "visibility": "private",
            "vulnerability_alerts": false
          },
          "sensitive_attributes": [],
          "private": "bnVsbA=="
        },
        {
          "index_key": "Kweeku",
          "schema_version": 0,
          "attributes": {
            "allow_merge_commit": true,
            "allow_rebase_merge": true,
            "allow_squash_merge": true,
            "archive_on_destroy": null,
            "archived": false,
            "auto_init": null,
            "default_branch": "main",
            "delete_branch_on_merge": false,
            "description": "",
            "etag": "W/\"1c6d6065ac99e938b2f692cd599f0e46022186f1d20bef110545ce840cef6baf\"",
            "full_name": "MTN-AYOBA-HACK-2021/ayoba_Kweeku",
            "git_clone_url": "git://github.com/MTN-AYOBA-HACK-2021/ayoba_Kweeku.git",
            "gitignore_template": null,
            "has_downloads": false,
            "has_issues": false,
            "has_projects": false,
            "has_wiki": false,
            "homepage_url": "",
            "html_url": "https://github.com/MTN-AYOBA-HACK-2021/ayoba_Kweeku",
            "http_clone_url": "https://github.com/MTN-AYOBA-HACK-2021/ayoba_Kweeku.git",
            "id": "ayoba_Kweeku",
            "is_template": false,
            "license_template": null,
            "name": "ayoba_Kweeku",
            "node_id": "MDEwOlJlcG9zaXRvcnk0MDI2ODA0Nzg=",
            "pages": [],
            "private": true,
            "repo_id": 402680478,
            "ssh_clone_url": "git@github.com:MTN-AYOBA-HACK-2021/ayoba_Kweeku.git",
            "svn_url": "https://github.com/MTN-AYOBA-HACK-2021/ayoba_Kweeku",
            "template": [],
            "topics": null,
            "visibility": "private",
            "vulnerability_alerts": false
          },
          "sensitive_attributes": [],
          "private": "bnVsbA=="
        },
        {
          "index_key": "ManuelDCoder",
          "schema_version": 0,
          "attributes": {
            "allow_merge_commit": true,
            "allow_rebase_merge": true,
            "allow_squash_merge": true,
            "archive_on_destroy": null,
            "archived": false,
            "auto_init": null,
            "default_branch": "main",
            "delete_branch_on_merge": false,
            "description": "",
            "etag": "W/\"80bc48d152320165ac2661c750917aade9eb96064804645b3292fabe39a0d32d\"",
            "full_name": "MTN-AYOBA-HACK-2021/ayoba_ManuelDCoder",
            "git_clone_url": "git://github.com/MTN-AYOBA-HACK-2021/ayoba_ManuelDCoder.git",
            "gitignore_template": null,
            "has_downloads": false,
            "has_issues": false,
            "has_projects": false,
            "has_wiki": false,
            "homepage_url": "",
            "html_url": "https://github.com/MTN-AYOBA-HACK-2021/ayoba_ManuelDCoder",
            "http_clone_url": "https://github.com/MTN-AYOBA-HACK-2021/ayoba_ManuelDCoder.git",
            "id": "ayoba_ManuelDCoder",
            "is_template": false,
            "license_template": null,
            "name": "ayoba_ManuelDCoder",
            "node_id": "MDEwOlJlcG9zaXRvcnk0MDI2ODExMDA=",
            "pages": [],
            "private": true,
            "repo_id": 402681100,
            "ssh_clone_url": "git@github.com:MTN-AYOBA-HACK-2021/ayoba_ManuelDCoder.git",
            "svn_url": "https://github.com/MTN-AYOBA-HACK-2021/ayoba_ManuelDCoder",
            "template": [],
            "topics": null,
            "visibility": "private",
            "vulnerability_alerts": false
          },
          "sensitive_attributes": [],
          "private": "bnVsbA=="
        },
        {
          "index_key": "NanaPokun",
          "schema_version": 0,
          "attributes": {
            "allow_merge_commit": true,
            "allow_rebase_merge": true,
            "allow_squash_merge": true,
            "archive_on_destroy": null,
            "archived": false,
            "auto_init": null,
            "default_branch": "main",
            "delete_branch_on_merge": false,
            "description": "",
            "etag": "W/\"cf4cf97a2a8862a00eacc42db77f2758a210474efcaf4d80369038f68536ea02\"",
            "full_name": "MTN-AYOBA-HACK-2021/ayoba_NanaPokun",
            "git_clone_url": "git://github.com/MTN-AYOBA-HACK-2021/ayoba_NanaPokun.git",
            "gitignore_template": null,
            "has_downloads": false,
            "has_issues": false,
            "has_projects": false,
            "has_wiki": false,
            "homepage_url": "",
            "html_url": "https://github.com/MTN-AYOBA-HACK-2021/ayoba_NanaPokun",
            "http_clone_url": "https://github.com/MTN-AYOBA-HACK-2021/ayoba_NanaPokun.git",
            "id": "ayoba_NanaPokun",
            "is_template": false,
            "license_template": null,
            "name": "ayoba_NanaPokun",
            "node_id": "MDEwOlJlcG9zaXRvcnk0MDI2ODA2NDc=",
            "pages": [],
            "private": true,
            "repo_id": 402680647,
            "ssh_clone_url": "git@github.com:MTN-AYOBA-HACK-2021/ayoba_NanaPokun.git",
            "svn_url": "https://github.com/MTN-AYOBA-HACK-2021/ayoba_NanaPokun",
            "template": [],
            "topics": null,
            "visibility": "private",
            "vulnerability_alerts": false
          },
          "sensitive_attributes": [],
          "private": "bnVsbA=="
        },
        {
          "index_key": "NaroSoft",
          "schema_version": 0,
          "attributes": {
            "allow_merge_commit": true,
            "allow_rebase_merge": true,
            "allow_squash_merge": true,
            "archive_on_destroy": null,
            "archived": false,
            "auto_init": null,
            "default_branch": "main",
            "delete_branch_on_merge": false,
            "description": "",
            "etag": "W/\"a368c0827181ba9ca3a6fb5246b50fc32fdc55086f3012077ffa89d5a985ebf2\"",
            "full_name": "MTN-AYOBA-HACK-2021/ayoba_NaroSoft",
            "git_clone_url": "git://github.com/MTN-AYOBA-HACK-2021/ayoba_NaroSoft.git",
            "gitignore_template": null,
            "has_downloads": false,
            "has_issues": false,
            "has_projects": false,
            "has_wiki": false,
            "homepage_url": "",
            "html_url": "https://github.com/MTN-AYOBA-HACK-2021/ayoba_NaroSoft",
            "http_clone_url": "https://github.com/MTN-AYOBA-HACK-2021/ayoba_NaroSoft.git",
            "id": "ayoba_NaroSoft",
            "is_template": false,
            "license_template": null,
            "name": "ayoba_NaroSoft",
            "node_id": "MDEwOlJlcG9zaXRvcnk0MDI2ODAwNzI=",
            "pages": [],
            "private": true,
            "repo_id": 402680072,
            "ssh_clone_url": "git@github.com:MTN-AYOBA-HACK-2021/ayoba_NaroSoft.git",
            "svn_url": "https://github.com/MTN-AYOBA-HACK-2021/ayoba_NaroSoft",
            "template": [],
            "topics": null,
            "visibility": "private",
            "vulnerability_alerts": false
          },
          "sensitive_attributes": [],
          "private": "bnVsbA=="
        },
        {
          "index_key": "Onihani",
          "schema_version": 0,
          "attributes": {
            "allow_merge_commit": true,
            "allow_rebase_merge": true,
            "allow_squash_merge": true,
            "archive_on_destroy": null,
            "archived": false,
            "auto_init": null,
            "default_branch": "main",
            "delete_branch_on_merge": false,
            "description": "",
            "etag": "W/\"2504a5fe6dc736bf251192b052c7425fad7b03e3121ac863414b701b13e519b8\"",
            "full_name": "MTN-AYOBA-HACK-2021/ayoba_Onihani",
            "git_clone_url": "git://github.com/MTN-AYOBA-HACK-2021/ayoba_Onihani.git",
            "gitignore_template": null,
            "has_downloads": false,
            "has_issues": false,
            "has_projects": false,
            "has_wiki": false,
            "homepage_url": "",
            "html_url": "https://github.com/MTN-AYOBA-HACK-2021/ayoba_Onihani",
            "http_clone_url": "https://github.com/MTN-AYOBA-HACK-2021/ayoba_Onihani.git",
            "id": "ayoba_Onihani",
            "is_template": false,
            "license_template": null,
            "name": "ayoba_Onihani",
            "node_id": "MDEwOlJlcG9zaXRvcnk0MDI2ODE0MjY=",
            "pages": [],
            "private": true,
            "repo_id": 402681426,
            "ssh_clone_url": "git@github.com:MTN-AYOBA-HACK-2021/ayoba_Onihani.git",
            "svn_url": "https://github.com/MTN-AYOBA-HACK-2021/ayoba_Onihani",
            "template": [],
            "topics": null,
            "visibility": "private",
            "vulnerability_alerts": false
          },
          "sensitive_attributes": [],
          "private": "bnVsbA=="
        },
        {
          "index_key": "Osadiapet",
          "schema_version": 0,
          "attributes": {
            "allow_merge_commit": true,
            "allow_rebase_merge": true,
            "allow_squash_merge": true,
            "archive_on_destroy": null,
            "archived": false,
            "auto_init": null,
            "default_branch": "main",
            "delete_branch_on_merge": false,
            "description": "",
            "etag": "W/\"4b7a754251671e8982e154a837af91ea6d6a890a1e370876c181023a4c993dc9\"",
            "full_name": "MTN-AYOBA-HACK-2021/ayoba_Osadiapet",
            "git_clone_url": "git://github.com/MTN-AYOBA-HACK-2021/ayoba_Osadiapet.git",
            "gitignore_template": null,
            "has_downloads": false,
            "has_issues": false,
            "has_projects": false,
            "has_wiki": false,
            "homepage_url": "",
            "html_url": "https://github.com/MTN-AYOBA-HACK-2021/ayoba_Osadiapet",
            "http_clone_url": "https://github.com/MTN-AYOBA-HACK-2021/ayoba_Osadiapet.git",
            "id": "ayoba_Osadiapet",
            "is_template": false,
            "license_template": null,
            "name": "ayoba_Osadiapet",
            "node_id": "MDEwOlJlcG9zaXRvcnk0MDI2ODExMjA=",
            "pages": [],
            "private": true,
            "repo_id": 402681120,
            "ssh_clone_url": "git@github.com:MTN-AYOBA-HACK-2021/ayoba_Osadiapet.git",
            "svn_url": "https://github.com/MTN-AYOBA-HACK-2021/ayoba_Osadiapet",
            "template": [],
            "topics": null,
            "visibility": "private",
            "vulnerability_alerts": false
          },
          "sensitive_attributes": [],
          "private": "bnVsbA=="
        },
        {
          "index_key": "Prince-Ampomah",
          "schema_version": 0,
          "attributes": {
            "allow_merge_commit": true,
            "allow_rebase_merge": true,
            "allow_squash_merge": true,
            "archive_on_destroy": null,
            "archived": false,
            "auto_init": null,
            "default_branch": "main",
            "delete_branch_on_merge": false,
            "description": "",
            "etag": "W/\"7f8ed2274351c96058b708f489b4120b0eb472aed45f7bb58bfeb2714acf06fe\"",
            "full_name": "MTN-AYOBA-HACK-2021/ayoba_Prince-Ampomah",
            "git_clone_url": "git://github.com/MTN-AYOBA-HACK-2021/ayoba_Prince-Ampomah.git",
            "gitignore_template": null,
            "has_downloads": false,
            "has_issues": false,
            "has_projects": false,
            "has_wiki": false,
            "homepage_url": "",
            "html_url": "https://github.com/MTN-AYOBA-HACK-2021/ayoba_Prince-Ampomah",
            "http_clone_url": "https://github.com/MTN-AYOBA-HACK-2021/ayoba_Prince-Ampomah.git",
            "id": "ayoba_Prince-Ampomah",
            "is_template": false,
            "license_template": null,
            "name": "ayoba_Prince-Ampomah",
            "node_id": "MDEwOlJlcG9zaXRvcnk0MDI2ODQ1MDQ=",
            "pages": [],
            "private": true,
            "repo_id": 402684504,
            "ssh_clone_url": "git@github.com:MTN-AYOBA-HACK-2021/ayoba_Prince-Ampomah.git",
            "svn_url": "https://github.com/MTN-AYOBA-HACK-2021/ayoba_Prince-Ampomah",
            "template": [],
            "topics": null,
            "visibility": "private",
            "vulnerability_alerts": false
          },
          "sensitive_attributes": [],
          "private": "bnVsbA=="
        },
        {
          "index_key": "ProfOJ",
          "schema_version": 0,
          "attributes": {
            "allow_merge_commit": true,
            "allow_rebase_merge": true,
            "allow_squash_merge": true,
            "archive_on_destroy": null,
            "archived": false,
            "auto_init": null,
            "default_branch": "main",
            "delete_branch_on_merge": false,
            "description": "",
            "etag": "W/\"9540153658f944f7b39158ccb8535161b3311e6790cc1dd8168eb3c23df042ee\"",
            "full_name": "MTN-AYOBA-HACK-2021/ayoba_ProfOJ",
            "git_clone_url": "git://github.com/MTN-AYOBA-HACK-2021/ayoba_ProfOJ.git",
            "gitignore_template": null,
            "has_downloads": false,
            "has_issues": false,
            "has_projects": false,
            "has_wiki": false,
            "homepage_url": "",
            "html_url": "https://github.com/MTN-AYOBA-HACK-2021/ayoba_ProfOJ",
            "http_clone_url": "https://github.com/MTN-AYOBA-HACK-2021/ayoba_ProfOJ.git",
            "id": "ayoba_ProfOJ",
            "is_template": false,
            "license_template": null,
            "name": "ayoba_ProfOJ",
            "node_id": "MDEwOlJlcG9zaXRvcnk0MDI2ODEzMTg=",
            "pages": [],
            "private": true,
            "repo_id": 402681318,
            "ssh_clone_url": "git@github.com:MTN-AYOBA-HACK-2021/ayoba_ProfOJ.git",
            "svn_url": "https://github.com/MTN-AYOBA-HACK-2021/ayoba_ProfOJ",
            "template": [],
            "topics": null,
            "visibility": "private",
            "vulnerability_alerts": false
          },
          "sensitive_attributes": [],
          "private": "bnVsbA=="
        },
        {
          "index_key": "Rogerkorantenng",
          "schema_version": 0,
          "attributes": {
            "allow_merge_commit": true,
            "allow_rebase_merge": true,
            "allow_squash_merge": true,
            "archive_on_destroy": null,
            "archived": false,
            "auto_init": null,
            "default_branch": "main",
            "delete_branch_on_merge": false,
            "description": "",
            "etag": "W/\"1fe540f8a26cf1384a697b0d47336e59ea62c1ed6077a5d2feecd4481f7b4f2c\"",
            "full_name": "MTN-AYOBA-HACK-2021/ayoba_Rogerkorantenng",
            "git_clone_url": "git://github.com/MTN-AYOBA-HACK-2021/ayoba_Rogerkorantenng.git",
            "gitignore_template": null,
            "has_downloads": false,
            "has_issues": false,
            "has_projects": false,
            "has_wiki": false,
            "homepage_url": "",
            "html_url": "https://github.com/MTN-AYOBA-HACK-2021/ayoba_Rogerkorantenng",
            "http_clone_url": "https://github.com/MTN-AYOBA-HACK-2021/ayoba_Rogerkorantenng.git",
            "id": "ayoba_Rogerkorantenng",
            "is_template": false,
            "license_template": null,
            "name": "ayoba_Rogerkorantenng",
            "node_id": "MDEwOlJlcG9zaXRvcnk0MDI2ODAyMTk=",
            "pages": [],
            "private": true,
            "repo_id": 402680219,
            "ssh_clone_url": "git@github.com:MTN-AYOBA-HACK-2021/ayoba_Rogerkorantenng.git",
            "svn_url": "https://github.com/MTN-AYOBA-HACK-2021/ayoba_Rogerkorantenng",
            "template": [],
            "topics": null,
            "visibility": "private",
            "vulnerability_alerts": false
          },
          "sensitive_attributes": [],
          "private": "bnVsbA=="
        },
        {
          "index_key": "Seyramize",
          "schema_version": 0,
          "attributes": {
            "allow_merge_commit": true,
            "allow_rebase_merge": true,
            "allow_squash_merge": true,
            "archive_on_destroy": null,
            "archived": false,
            "auto_init": null,
            "default_branch": "main",
            "delete_branch_on_merge": false,
            "description": "",
            "etag": "W/\"e4605e56e02951c07092de0914961918b571317df88bbd7cf1dd7e31f6728c37\"",
            "full_name": "MTN-AYOBA-HACK-2021/ayoba_Seyramize",
            "git_clone_url": "git://github.com/MTN-AYOBA-HACK-2021/ayoba_Seyramize.git",
            "gitignore_template": null,
            "has_downloads": false,
            "has_issues": false,
            "has_projects": false,
            "has_wiki": false,
            "homepage_url": "",
            "html_url": "https://github.com/MTN-AYOBA-HACK-2021/ayoba_Seyramize",
            "http_clone_url": "https://github.com/MTN-AYOBA-HACK-2021/ayoba_Seyramize.git",
            "id": "ayoba_Seyramize",
            "is_template": false,
            "license_template": null,
            "name": "ayoba_Seyramize",
            "node_id": "MDEwOlJlcG9zaXRvcnk0MDI2ODA5NDk=",
            "pages": [],
            "private": true,
            "repo_id": 402680949,
            "ssh_clone_url": "git@github.com:MTN-AYOBA-HACK-2021/ayoba_Seyramize.git",
            "svn_url": "https://github.com/MTN-AYOBA-HACK-2021/ayoba_Seyramize",
            "template": [],
            "topics": null,
            "visibility": "private",
            "vulnerability_alerts": false
          },
          "sensitive_attributes": [],
          "private": "bnVsbA=="
        },
        {
          "index_key": "TheDynasto",
          "schema_version": 0,
          "attributes": {
            "allow_merge_commit": true,
            "allow_rebase_merge": true,
            "allow_squash_merge": true,
            "archive_on_destroy": null,
            "archived": false,
            "auto_init": null,
            "default_branch": "main",
            "delete_branch_on_merge": false,
            "description": "",
            "etag": "W/\"6e1588f909ad58772ad05c2ee86bc7e5f1b85558ebd5b44bdb70ceb62c8d317b\"",
            "full_name": "MTN-AYOBA-HACK-2021/ayoba_TheDynasto",
            "git_clone_url": "git://github.com/MTN-AYOBA-HACK-2021/ayoba_TheDynasto.git",
            "gitignore_template": null,
            "has_downloads": false,
            "has_issues": false,
            "has_projects": false,
            "has_wiki": false,
            "homepage_url": "",
            "html_url": "https://github.com/MTN-AYOBA-HACK-2021/ayoba_TheDynasto",
            "http_clone_url": "https://github.com/MTN-AYOBA-HACK-2021/ayoba_TheDynasto.git",
            "id": "ayoba_TheDynasto",
            "is_template": false,
            "license_template": null,
            "name": "ayoba_TheDynasto",
            "node_id": "MDEwOlJlcG9zaXRvcnk0MDI2ODA2Mjg=",
            "pages": [],
            "private": true,
            "repo_id": 402680628,
            "ssh_clone_url": "git@github.com:MTN-AYOBA-HACK-2021/ayoba_TheDynasto.git",
            "svn_url": "https://github.com/MTN-AYOBA-HACK-2021/ayoba_TheDynasto",
            "template": [],
            "topics": null,
            "visibility": "private",
            "vulnerability_alerts": false
          },
          "sensitive_attributes": [],
          "private": "bnVsbA=="
        },
        {
          "index_key": "Xybron",
          "schema_version": 0,
          "attributes": {
            "allow_merge_commit": true,
            "allow_rebase_merge": true,
            "allow_squash_merge": true,
            "archive_on_destroy": null,
            "archived": false,
            "auto_init": null,
            "default_branch": "main",
            "delete_branch_on_merge": false,
            "description": "",
            "etag": "W/\"3d708adc5fcfcac00123fc571a5de55c2c868f7aeac93788a1865436598d1ee2\"",
            "full_name": "MTN-AYOBA-HACK-2021/ayoba_Xybron",
            "git_clone_url": "git://github.com/MTN-AYOBA-HACK-2021/ayoba_Xybron.git",
            "gitignore_template": null,
            "has_downloads": false,
            "has_issues": false,
            "has_projects": false,
            "has_wiki": false,
            "homepage_url": "",
            "html_url": "https://github.com/MTN-AYOBA-HACK-2021/ayoba_Xybron",
            "http_clone_url": "https://github.com/MTN-AYOBA-HACK-2021/ayoba_Xybron.git",
            "id": "ayoba_Xybron",
            "is_template": false,
            "license_template": null,
            "name": "ayoba_Xybron",
            "node_id": "MDEwOlJlcG9zaXRvcnk0MDI2ODAyODI=",
            "pages": [],
            "private": true,
            "repo_id": 402680282,
            "ssh_clone_url": "git@github.com:MTN-AYOBA-HACK-2021/ayoba_Xybron.git",
            "svn_url": "https://github.com/MTN-AYOBA-HACK-2021/ayoba_Xybron",
            "template": [],
            "topics": null,
            "visibility": "private",
            "vulnerability_alerts": false
          },
          "sensitive_attributes": [],
          "private": "bnVsbA=="
        },
        {
          "index_key": "acquahsamuel",
          "schema_version": 0,
          "attributes": {
            "allow_merge_commit": true,
            "allow_rebase_merge": true,
            "allow_squash_merge": true,
            "archive_on_destroy": null,
            "archived": false,
            "auto_init": null,
            "default_branch": "main",
            "delete_branch_on_merge": false,
            "description": "",
            "etag": "W/\"7707cc00090ad1d409126de11a4415890a68fdfd6ac278e44666222d70d361af\"",
            "full_name": "MTN-AYOBA-HACK-2021/ayoba_acquahsamuel",
            "git_clone_url": "git://github.com/MTN-AYOBA-HACK-2021/ayoba_acquahsamuel.git",
            "gitignore_template": null,
            "has_downloads": false,
            "has_issues": false,
            "has_projects": false,
            "has_wiki": false,
            "homepage_url": "",
            "html_url": "https://github.com/MTN-AYOBA-HACK-2021/ayoba_acquahsamuel",
            "http_clone_url": "https://github.com/MTN-AYOBA-HACK-2021/ayoba_acquahsamuel.git",
            "id": "ayoba_acquahsamuel",
            "is_template": false,
            "license_template": null,
            "name": "ayoba_acquahsamuel",
            "node_id": "MDEwOlJlcG9zaXRvcnk0MDI2ODA4NTU=",
            "pages": [],
            "private": true,
            "repo_id": 402680855,
            "ssh_clone_url": "git@github.com:MTN-AYOBA-HACK-2021/ayoba_acquahsamuel.git",
            "svn_url": "https://github.com/MTN-AYOBA-HACK-2021/ayoba_acquahsamuel",
            "template": [],
            "topics": null,
            "visibility": "private",
            "vulnerability_alerts": false
          },
          "sensitive_attributes": [],
          "private": "bnVsbA=="
        },
        {
          "index_key": "berrydeblaq",
          "schema_version": 0,
          "attributes": {
            "allow_merge_commit": true,
            "allow_rebase_merge": true,
            "allow_squash_merge": true,
            "archive_on_destroy": null,
            "archived": false,
            "auto_init": null,
            "default_branch": "main",
            "delete_branch_on_merge": false,
            "description": "",
            "etag": "W/\"02efb394dcf77014322046d75656c7b73472b9ceff50027e58bd414b0ac6940a\"",
            "full_name": "MTN-AYOBA-HACK-2021/ayoba_berrydeblaq",
            "git_clone_url": "git://github.com/MTN-AYOBA-HACK-2021/ayoba_berrydeblaq.git",
            "gitignore_template": null,
            "has_downloads": false,
            "has_issues": false,
            "has_projects": false,
            "has_wiki": false,
            "homepage_url": "",
            "html_url": "https://github.com/MTN-AYOBA-HACK-2021/ayoba_berrydeblaq",
            "http_clone_url": "https://github.com/MTN-AYOBA-HACK-2021/ayoba_berrydeblaq.git",
            "id": "ayoba_berrydeblaq",
            "is_template": false,
            "license_template": null,
            "name": "ayoba_berrydeblaq",
            "node_id": "MDEwOlJlcG9zaXRvcnk0MDI2ODA5MTY=",
            "pages": [],
            "private": true,
            "repo_id": 402680916,
            "ssh_clone_url": "git@github.com:MTN-AYOBA-HACK-2021/ayoba_berrydeblaq.git",
            "svn_url": "https://github.com/MTN-AYOBA-HACK-2021/ayoba_berrydeblaq",
            "template": [],
            "topics": null,
            "visibility": "private",
            "vulnerability_alerts": false
          },
          "sensitive_attributes": [],
          "private": "bnVsbA=="
        },
        {
          "index_key": "botchway44",
          "schema_version": 0,
          "attributes": {
            "allow_merge_commit": true,
            "allow_rebase_merge": true,
            "allow_squash_merge": true,
            "archive_on_destroy": null,
            "archived": false,
            "auto_init": null,
            "default_branch": "master",
            "delete_branch_on_merge": false,
            "description": "",
            "etag": "W/\"c7f6159f40d52a158e2a04a00262382925164fbe1952eca13852eb07ee1cf9f1\"",
            "full_name": "MTN-AYOBA-HACK-2021/ayoba_botchway44",
            "git_clone_url": "git://github.com/MTN-AYOBA-HACK-2021/ayoba_botchway44.git",
            "gitignore_template": null,
            "has_downloads": false,
            "has_issues": false,
            "has_projects": false,
            "has_wiki": false,
            "homepage_url": "",
            "html_url": "https://github.com/MTN-AYOBA-HACK-2021/ayoba_botchway44",
            "http_clone_url": "https://github.com/MTN-AYOBA-HACK-2021/ayoba_botchway44.git",
            "id": "ayoba_botchway44",
            "is_template": false,
            "license_template": null,
            "name": "ayoba_botchway44",
            "node_id": "MDEwOlJlcG9zaXRvcnk0MDI2ODEyMjk=",
            "pages": [],
            "private": true,
            "repo_id": 402681229,
            "ssh_clone_url": "git@github.com:MTN-AYOBA-HACK-2021/ayoba_botchway44.git",
            "svn_url": "https://github.com/MTN-AYOBA-HACK-2021/ayoba_botchway44",
            "template": [],
            "topics": [],
            "visibility": "private",
            "vulnerability_alerts": false
          },
          "sensitive_attributes": [],
          "private": "bnVsbA=="
        },
        {
          "index_key": "coding-rev",
          "schema_version": 0,
          "attributes": {
            "allow_merge_commit": true,
            "allow_rebase_merge": true,
            "allow_squash_merge": true,
            "archive_on_destroy": null,
            "archived": false,
            "auto_init": null,
            "default_branch": "main",
            "delete_branch_on_merge": false,
            "description": "",
            "etag": "W/\"616f973e4352bb7eb4c94aeda43827e385cddae44c57d1891e8e4584bd87cd15\"",
            "full_name": "MTN-AYOBA-HACK-2021/ayoba_coding-rev",
            "git_clone_url": "git://github.com/MTN-AYOBA-HACK-2021/ayoba_coding-rev.git",
            "gitignore_template": null,
            "has_downloads": false,
            "has_issues": false,
            "has_projects": false,
            "has_wiki": false,
            "homepage_url": "",
            "html_url": "https://github.com/MTN-AYOBA-HACK-2021/ayoba_coding-rev",
            "http_clone_url": "https://github.com/MTN-AYOBA-HACK-2021/ayoba_coding-rev.git",
            "id": "ayoba_coding-rev",
            "is_template": false,
            "license_template": null,
            "name": "ayoba_coding-rev",
            "node_id": "MDEwOlJlcG9zaXRvcnk0MDI2ODEzNTY=",
            "pages": [],
            "private": true,
            "repo_id": 402681356,
            "ssh_clone_url": "git@github.com:MTN-AYOBA-HACK-2021/ayoba_coding-rev.git",
            "svn_url": "https://github.com/MTN-AYOBA-HACK-2021/ayoba_coding-rev",
            "template": [],
            "topics": null,
            "visibility": "private",
            "vulnerability_alerts": false
          },
          "sensitive_attributes": [],
          "private": "bnVsbA=="
        },
        {
          "index_key": "crazicoda",
          "schema_version": 0,
          "attributes": {
            "allow_merge_commit": true,
            "allow_rebase_merge": true,
            "allow_squash_merge": true,
            "archive_on_destroy": null,
            "archived": false,
            "auto_init": null,
            "default_branch": "main",
            "delete_branch_on_merge": false,
            "description": "",
            "etag": "W/\"41ed50d6c91e7b57b81410b600d7be894d47a586ae12a51079f11110e0367efd\"",
            "full_name": "MTN-AYOBA-HACK-2021/ayoba_crazicoda",
            "git_clone_url": "git://github.com/MTN-AYOBA-HACK-2021/ayoba_crazicoda.git",
            "gitignore_template": null,
            "has_downloads": false,
            "has_issues": false,
            "has_projects": false,
            "has_wiki": false,
            "homepage_url": "",
            "html_url": "https://github.com/MTN-AYOBA-HACK-2021/ayoba_crazicoda",
            "http_clone_url": "https://github.com/MTN-AYOBA-HACK-2021/ayoba_crazicoda.git",
            "id": "ayoba_crazicoda",
            "is_template": false,
            "license_template": null,
            "name": "ayoba_crazicoda",
            "node_id": "MDEwOlJlcG9zaXRvcnk0MDI2ODA5NDA=",
            "pages": [],
            "private": true,
            "repo_id": 402680940,
            "ssh_clone_url": "git@github.com:MTN-AYOBA-HACK-2021/ayoba_crazicoda.git",
            "svn_url": "https://github.com/MTN-AYOBA-HACK-2021/ayoba_crazicoda",
            "template": [],
            "topics": null,
            "visibility": "private",
            "vulnerability_alerts": false
          },
          "sensitive_attributes": [],
          "private": "bnVsbA=="
        },
        {
          "index_key": "dbilly1",
          "schema_version": 0,
          "attributes": {
            "allow_merge_commit": true,
            "allow_rebase_merge": true,
            "allow_squash_merge": true,
            "archive_on_destroy": null,
            "archived": false,
            "auto_init": null,
            "default_branch": "main",
            "delete_branch_on_merge": false,
            "description": "",
            "etag": "W/\"45959ba0fa4a38a71d0f698618ac2884fcce9eaec95f0d83403c723ef30f2f94\"",
            "full_name": "MTN-AYOBA-HACK-2021/ayoba_dbilly1",
            "git_clone_url": "git://github.com/MTN-AYOBA-HACK-2021/ayoba_dbilly1.git",
            "gitignore_template": null,
            "has_downloads": false,
            "has_issues": false,
            "has_projects": false,
            "has_wiki": false,
            "homepage_url": "",
            "html_url": "https://github.com/MTN-AYOBA-HACK-2021/ayoba_dbilly1",
            "http_clone_url": "https://github.com/MTN-AYOBA-HACK-2021/ayoba_dbilly1.git",
            "id": "ayoba_dbilly1",
            "is_template": false,
            "license_template": null,
            "name": "ayoba_dbilly1",
            "node_id": "MDEwOlJlcG9zaXRvcnk0MDI2ODA3NDc=",
            "pages": [],
            "private": true,
            "repo_id": 402680747,
            "ssh_clone_url": "git@github.com:MTN-AYOBA-HACK-2021/ayoba_dbilly1.git",
            "svn_url": "https://github.com/MTN-AYOBA-HACK-2021/ayoba_dbilly1",
            "template": [],
            "topics": null,
            "visibility": "private",
            "vulnerability_alerts": false
          },
          "sensitive_attributes": [],
          "private": "bnVsbA=="
        },
        {
          "index_key": "emrade",
          "schema_version": 0,
          "attributes": {
            "allow_merge_commit": true,
            "allow_rebase_merge": true,
            "allow_squash_merge": true,
            "archive_on_destroy": null,
            "archived": false,
            "auto_init": null,
            "default_branch": "main",
            "delete_branch_on_merge": false,
            "description": "",
            "etag": "W/\"6bb30e98d42748d1757f2ca961e726777eedff53a306c4939795eb69eef93d37\"",
            "full_name": "MTN-AYOBA-HACK-2021/ayoba_emrade",
            "git_clone_url": "git://github.com/MTN-AYOBA-HACK-2021/ayoba_emrade.git",
            "gitignore_template": null,
            "has_downloads": false,
            "has_issues": false,
            "has_projects": false,
            "has_wiki": false,
            "homepage_url": "",
            "html_url": "https://github.com/MTN-AYOBA-HACK-2021/ayoba_emrade",
            "http_clone_url": "https://github.com/MTN-AYOBA-HACK-2021/ayoba_emrade.git",
            "id": "ayoba_emrade",
            "is_template": false,
            "license_template": null,
            "name": "ayoba_emrade",
            "node_id": "MDEwOlJlcG9zaXRvcnk0MDI2ODA5Mjg=",
            "pages": [],
            "private": true,
            "repo_id": 402680928,
            "ssh_clone_url": "git@github.com:MTN-AYOBA-HACK-2021/ayoba_emrade.git",
            "svn_url": "https://github.com/MTN-AYOBA-HACK-2021/ayoba_emrade",
            "template": [],
            "topics": null,
            "visibility": "private",
            "vulnerability_alerts": false
          },
          "sensitive_attributes": [],
          "private": "bnVsbA=="
        },
        {
          "index_key": "fennin3",
          "schema_version": 0,
          "attributes": {
            "allow_merge_commit": true,
            "allow_rebase_merge": true,
            "allow_squash_merge": true,
            "archive_on_destroy": null,
            "archived": false,
            "auto_init": null,
            "default_branch": "main",
            "delete_branch_on_merge": false,
            "description": "",
            "etag": "W/\"897e918437fdcdec3611527eba7fa9d1539f5bf200e3310112dc73672b07b123\"",
            "full_name": "MTN-AYOBA-HACK-2021/ayoba_fennin3",
            "git_clone_url": "git://github.com/MTN-AYOBA-HACK-2021/ayoba_fennin3.git",
            "gitignore_template": null,
            "has_downloads": false,
            "has_issues": false,
            "has_projects": false,
            "has_wiki": false,
            "homepage_url": "",
            "html_url": "https://github.com/MTN-AYOBA-HACK-2021/ayoba_fennin3",
            "http_clone_url": "https://github.com/MTN-AYOBA-HACK-2021/ayoba_fennin3.git",
            "id": "ayoba_fennin3",
            "is_template": false,
            "license_template": null,
            "name": "ayoba_fennin3",
            "node_id": "MDEwOlJlcG9zaXRvcnk0MDI2ODI1NjA=",
            "pages": [],
            "private": true,
            "repo_id": 402682560,
            "ssh_clone_url": "git@github.com:MTN-AYOBA-HACK-2021/ayoba_fennin3.git",
            "svn_url": "https://github.com/MTN-AYOBA-HACK-2021/ayoba_fennin3",
            "template": [],
            "topics": null,
            "visibility": "private",
            "vulnerability_alerts": false
          },
          "sensitive_attributes": [],
          "private": "bnVsbA=="
        },
        {
          "index_key": "franklinosei",
          "schema_version": 0,
          "attributes": {
            "allow_merge_commit": true,
            "allow_rebase_merge": true,
            "allow_squash_merge": true,
            "archive_on_destroy": null,
            "archived": false,
            "auto_init": null,
            "default_branch": "main",
            "delete_branch_on_merge": false,
            "description": "",
            "etag": "W/\"b8bfc67799bd33e8a27f442471fa14861024e36e61015dc92f62ec2b91b27f2d\"",
            "full_name": "MTN-AYOBA-HACK-2021/ayoba_franklinosei",
            "git_clone_url": "git://github.com/MTN-AYOBA-HACK-2021/ayoba_franklinosei.git",
            "gitignore_template": null,
            "has_downloads": false,
            "has_issues": false,
            "has_projects": false,
            "has_wiki": false,
            "homepage_url": "",
            "html_url": "https://github.com/MTN-AYOBA-HACK-2021/ayoba_franklinosei",
            "http_clone_url": "https://github.com/MTN-AYOBA-HACK-2021/ayoba_franklinosei.git",
            "id": "ayoba_franklinosei",
            "is_template": false,
            "license_template": null,
            "name": "ayoba_franklinosei",
            "node_id": "MDEwOlJlcG9zaXRvcnk0MDI2ODA2NjE=",
            "pages": [],
            "private": true,
            "repo_id": 402680661,
            "ssh_clone_url": "git@github.com:MTN-AYOBA-HACK-2021/ayoba_franklinosei.git",
            "svn_url": "https://github.com/MTN-AYOBA-HACK-2021/ayoba_franklinosei",
            "template": [],
            "topics": null,
            "visibility": "private",
            "vulnerability_alerts": false
          },
          "sensitive_attributes": [],
          "private": "bnVsbA=="
        },
        {
          "index_key": "henryhkb",
          "schema_version": 0,
          "attributes": {
            "allow_merge_commit": true,
            "allow_rebase_merge": true,
            "allow_squash_merge": true,
            "archive_on_destroy": null,
            "archived": false,
            "auto_init": null,
            "default_branch": "main",
            "delete_branch_on_merge": false,
            "description": "",
            "etag": "W/\"02d8f20b0186612eb87251527eb7692b9c7fe54b3829e26ad0dc7b884501dca3\"",
            "full_name": "MTN-AYOBA-HACK-2021/ayoba_henryhkb",
            "git_clone_url": "git://github.com/MTN-AYOBA-HACK-2021/ayoba_henryhkb.git",
            "gitignore_template": null,
            "has_downloads": false,
            "has_issues": false,
            "has_projects": false,
            "has_wiki": false,
            "homepage_url": "",
            "html_url": "https://github.com/MTN-AYOBA-HACK-2021/ayoba_henryhkb",
            "http_clone_url": "https://github.com/MTN-AYOBA-HACK-2021/ayoba_henryhkb.git",
            "id": "ayoba_henryhkb",
            "is_template": false,
            "license_template": null,
            "name": "ayoba_henryhkb",
            "node_id": "MDEwOlJlcG9zaXRvcnk0MDI2ODAyNDk=",
            "pages": [],
            "private": true,
            "repo_id": 402680249,
            "ssh_clone_url": "git@github.com:MTN-AYOBA-HACK-2021/ayoba_henryhkb.git",
            "svn_url": "https://github.com/MTN-AYOBA-HACK-2021/ayoba_henryhkb",
            "template": [],
            "topics": null,
            "visibility": "private",
            "vulnerability_alerts": false
          },
          "sensitive_attributes": [],
          "private": "bnVsbA=="
        },
        {
          "index_key": "iamnanne",
          "schema_version": 0,
          "attributes": {
            "allow_merge_commit": true,
            "allow_rebase_merge": true,
            "allow_squash_merge": true,
            "archive_on_destroy": null,
            "archived": false,
            "auto_init": null,
            "default_branch": "main",
            "delete_branch_on_merge": false,
            "description": "",
            "etag": "W/\"a9293b982a265ba6372c3b1f3d20fce6e393a16e8c43b1b884cd308e08e87730\"",
            "full_name": "MTN-AYOBA-HACK-2021/ayoba_iamnanne",
            "git_clone_url": "git://github.com/MTN-AYOBA-HACK-2021/ayoba_iamnanne.git",
            "gitignore_template": null,
            "has_downloads": false,
            "has_issues": false,
            "has_projects": false,
            "has_wiki": false,
            "homepage_url": "",
            "html_url": "https://github.com/MTN-AYOBA-HACK-2021/ayoba_iamnanne",
            "http_clone_url": "https://github.com/MTN-AYOBA-HACK-2021/ayoba_iamnanne.git",
            "id": "ayoba_iamnanne",
            "is_template": false,
            "license_template": null,
            "name": "ayoba_iamnanne",
            "node_id": "MDEwOlJlcG9zaXRvcnk0MDI2ODA1OTc=",
            "pages": [],
            "private": true,
            "repo_id": 402680597,
            "ssh_clone_url": "git@github.com:MTN-AYOBA-HACK-2021/ayoba_iamnanne.git",
            "svn_url": "https://github.com/MTN-AYOBA-HACK-2021/ayoba_iamnanne",
            "template": [],
            "topics": null,
            "visibility": "private",
            "vulnerability_alerts": false
          },
          "sensitive_attributes": [],
          "private": "bnVsbA=="
        },
        {
          "index_key": "idadia",
          "schema_version": 0,
          "attributes": {
            "allow_merge_commit": true,
            "allow_rebase_merge": true,
            "allow_squash_merge": true,
            "archive_on_destroy": null,
            "archived": false,
            "auto_init": null,
            "default_branch": "main",
            "delete_branch_on_merge": false,
            "description": "",
            "etag": "W/\"a6286c8145fa6f0fbbb1e503c958dbf5afec6befec670b2e4ad7323ee5bf5261\"",
            "full_name": "MTN-AYOBA-HACK-2021/ayoba_idadia",
            "git_clone_url": "git://github.com/MTN-AYOBA-HACK-2021/ayoba_idadia.git",
            "gitignore_template": null,
            "has_downloads": false,
            "has_issues": false,
            "has_projects": false,
            "has_wiki": false,
            "homepage_url": "",
            "html_url": "https://github.com/MTN-AYOBA-HACK-2021/ayoba_idadia",
            "http_clone_url": "https://github.com/MTN-AYOBA-HACK-2021/ayoba_idadia.git",
            "id": "ayoba_idadia",
            "is_template": false,
            "license_template": null,
            "name": "ayoba_idadia",
            "node_id": "MDEwOlJlcG9zaXRvcnk0MDI2ODAwODU=",
            "pages": [],
            "private": true,
            "repo_id": 402680085,
            "ssh_clone_url": "git@github.com:MTN-AYOBA-HACK-2021/ayoba_idadia.git",
            "svn_url": "https://github.com/MTN-AYOBA-HACK-2021/ayoba_idadia",
            "template": [],
            "topics": null,
            "visibility": "private",
            "vulnerability_alerts": false
          },
          "sensitive_attributes": [],
          "private": "bnVsbA=="
        },
        {
          "index_key": "jakazzy",
          "schema_version": 0,
          "attributes": {
            "allow_merge_commit": true,
            "allow_rebase_merge": true,
            "allow_squash_merge": true,
            "archive_on_destroy": null,
            "archived": false,
            "auto_init": null,
            "default_branch": "main",
            "delete_branch_on_merge": false,
            "description": "",
            "etag": "W/\"8bb7f0fffca881bee0c28877a90142807f204ccfe136c0764dd4a421686ee215\"",
            "full_name": "MTN-AYOBA-HACK-2021/ayoba_jakazzy",
            "git_clone_url": "git://github.com/MTN-AYOBA-HACK-2021/ayoba_jakazzy.git",
            "gitignore_template": null,
            "has_downloads": false,
            "has_issues": false,
            "has_projects": false,
            "has_wiki": false,
            "homepage_url": "",
            "html_url": "https://github.com/MTN-AYOBA-HACK-2021/ayoba_jakazzy",
            "http_clone_url": "https://github.com/MTN-AYOBA-HACK-2021/ayoba_jakazzy.git",
            "id": "ayoba_jakazzy",
            "is_template": false,
            "license_template": null,
            "name": "ayoba_jakazzy",
            "node_id": "MDEwOlJlcG9zaXRvcnk0MDI2ODA3Nzg=",
            "pages": [],
            "private": true,
            "repo_id": 402680778,
            "ssh_clone_url": "git@github.com:MTN-AYOBA-HACK-2021/ayoba_jakazzy.git",
            "svn_url": "https://github.com/MTN-AYOBA-HACK-2021/ayoba_jakazzy",
            "template": [],
            "topics": null,
            "visibility": "private",
            "vulnerability_alerts": false
          },
          "sensitive_attributes": [],
          "private": "bnVsbA=="
        },
        {
          "index_key": "lhost101",
          "schema_version": 0,
          "attributes": {
            "allow_merge_commit": true,
            "allow_rebase_merge": true,
            "allow_squash_merge": true,
            "archive_on_destroy": null,
            "archived": false,
            "auto_init": null,
            "default_branch": "main",
            "delete_branch_on_merge": false,
            "description": "",
            "etag": "W/\"707762bc08fc2f3dce5e7ba3048c24ddd4953d0389195708cb44344e6d2c041b\"",
            "full_name": "MTN-AYOBA-HACK-2021/ayoba_lhost101",
            "git_clone_url": "git://github.com/MTN-AYOBA-HACK-2021/ayoba_lhost101.git",
            "gitignore_template": null,
            "has_downloads": false,
            "has_issues": false,
            "has_projects": false,
            "has_wiki": false,
            "homepage_url": "",
            "html_url": "https://github.com/MTN-AYOBA-HACK-2021/ayoba_lhost101",
            "http_clone_url": "https://github.com/MTN-AYOBA-HACK-2021/ayoba_lhost101.git",
            "id": "ayoba_lhost101",
            "is_template": false,
            "license_template": null,
            "name": "ayoba_lhost101",
            "node_id": "MDEwOlJlcG9zaXRvcnk0MDI2ODA3MTA=",
            "pages": [],
            "private": true,
            "repo_id": 402680710,
            "ssh_clone_url": "git@github.com:MTN-AYOBA-HACK-2021/ayoba_lhost101.git",
            "svn_url": "https://github.com/MTN-AYOBA-HACK-2021/ayoba_lhost101",
            "template": [],
            "topics": null,
            "visibility": "private",
            "vulnerability_alerts": false
          },
          "sensitive_attributes": [],
          "private": "bnVsbA=="
        },
        {
          "index_key": "majestyjnr",
          "schema_version": 0,
          "attributes": {
            "allow_merge_commit": true,
            "allow_rebase_merge": true,
            "allow_squash_merge": true,
            "archive_on_destroy": null,
            "archived": false,
            "auto_init": null,
            "default_branch": "main",
            "delete_branch_on_merge": false,
            "description": "",
            "etag": "W/\"1be43f930635bdb90ac938d1b1e2f0fd2ef889a20c31bfb6c4bacd689e91153f\"",
            "full_name": "MTN-AYOBA-HACK-2021/ayoba_majestyjnr",
            "git_clone_url": "git://github.com/MTN-AYOBA-HACK-2021/ayoba_majestyjnr.git",
            "gitignore_template": null,
            "has_downloads": false,
            "has_issues": false,
            "has_projects": false,
            "has_wiki": false,
            "homepage_url": "",
            "html_url": "https://github.com/MTN-AYOBA-HACK-2021/ayoba_majestyjnr",
            "http_clone_url": "https://github.com/MTN-AYOBA-HACK-2021/ayoba_majestyjnr.git",
            "id": "ayoba_majestyjnr",
            "is_template": false,
            "license_template": null,
            "name": "ayoba_majestyjnr",
            "node_id": "MDEwOlJlcG9zaXRvcnk0MDI2ODAyNzI=",
            "pages": [],
            "private": true,
            "repo_id": 402680272,
            "ssh_clone_url": "git@github.com:MTN-AYOBA-HACK-2021/ayoba_majestyjnr.git",
            "svn_url": "https://github.com/MTN-AYOBA-HACK-2021/ayoba_majestyjnr",
            "template": [],
            "topics": null,
            "visibility": "private",
            "vulnerability_alerts": false
          },
          "sensitive_attributes": [],
          "private": "bnVsbA=="
        },
        {
          "index_key": "mcqueccu",
          "schema_version": 0,
          "attributes": {
            "allow_merge_commit": true,
            "allow_rebase_merge": true,
            "allow_squash_merge": true,
            "archive_on_destroy": null,
            "archived": false,
            "auto_init": null,
            "default_branch": "main",
            "delete_branch_on_merge": false,
            "description": "",
            "etag": "W/\"35bb385d07bf28ee7e93b5a06aa57c6b61f8a3e5dd7c1ccb51f254158d2514b9\"",
            "full_name": "MTN-AYOBA-HACK-2021/ayoba_mcqueccu",
            "git_clone_url": "git://github.com/MTN-AYOBA-HACK-2021/ayoba_mcqueccu.git",
            "gitignore_template": null,
            "has_downloads": false,
            "has_issues": false,
            "has_projects": false,
            "has_wiki": false,
            "homepage_url": "",
            "html_url": "https://github.com/MTN-AYOBA-HACK-2021/ayoba_mcqueccu",
            "http_clone_url": "https://github.com/MTN-AYOBA-HACK-2021/ayoba_mcqueccu.git",
            "id": "ayoba_mcqueccu",
            "is_template": false,
            "license_template": null,
            "name": "ayoba_mcqueccu",
            "node_id": "MDEwOlJlcG9zaXRvcnk0MDI2ODA2MDk=",
            "pages": [],
            "private": true,
            "repo_id": 402680609,
            "ssh_clone_url": "git@github.com:MTN-AYOBA-HACK-2021/ayoba_mcqueccu.git",
            "svn_url": "https://github.com/MTN-AYOBA-HACK-2021/ayoba_mcqueccu",
            "template": [],
            "topics": null,
            "visibility": "private",
            "vulnerability_alerts": false
          },
          "sensitive_attributes": [],
          "private": "bnVsbA=="
        },
        {
          "index_key": "mightytv12",
          "schema_version": 0,
          "attributes": {
            "allow_merge_commit": true,
            "allow_rebase_merge": true,
            "allow_squash_merge": true,
            "archive_on_destroy": null,
            "archived": false,
            "auto_init": null,
            "default_branch": "main",
            "delete_branch_on_merge": false,
            "description": "",
            "etag": "W/\"0f93ee6b964f2f9c46fd3685b9e6f73591d37c79fa6da318456687040a605d4b\"",
            "full_name": "MTN-AYOBA-HACK-2021/ayoba_mightytv12",
            "git_clone_url": "git://github.com/MTN-AYOBA-HACK-2021/ayoba_mightytv12.git",
            "gitignore_template": null,
            "has_downloads": false,
            "has_issues": false,
            "has_projects": false,
            "has_wiki": false,
            "homepage_url": "",
            "html_url": "https://github.com/MTN-AYOBA-HACK-2021/ayoba_mightytv12",
            "http_clone_url": "https://github.com/MTN-AYOBA-HACK-2021/ayoba_mightytv12.git",
            "id": "ayoba_mightytv12",
            "is_template": false,
            "license_template": null,
            "name": "ayoba_mightytv12",
            "node_id": "MDEwOlJlcG9zaXRvcnk0MDI2ODAxNDU=",
            "pages": [],
            "private": true,
            "repo_id": 402680145,
            "ssh_clone_url": "git@github.com:MTN-AYOBA-HACK-2021/ayoba_mightytv12.git",
            "svn_url": "https://github.com/MTN-AYOBA-HACK-2021/ayoba_mightytv12",
            "template": [],
            "topics": null,
            "visibility": "private",
            "vulnerability_alerts": false
          },
          "sensitive_attributes": [],
          "private": "bnVsbA=="
        },
        {
          "index_key": "muhsingenius",
          "schema_version": 0,
          "attributes": {
            "allow_merge_commit": true,
            "allow_rebase_merge": true,
            "allow_squash_merge": true,
            "archive_on_destroy": null,
            "archived": false,
            "auto_init": null,
            "default_branch": "main",
            "delete_branch_on_merge": false,
            "description": "",
            "etag": "W/\"9d5315b5247096acc667d8c5f5fe2e49f2c3b2d29a991a8c7f62ce1534d8ec13\"",
            "full_name": "MTN-AYOBA-HACK-2021/ayoba_muhsingenius",
            "git_clone_url": "git://github.com/MTN-AYOBA-HACK-2021/ayoba_muhsingenius.git",
            "gitignore_template": null,
            "has_downloads": false,
            "has_issues": false,
            "has_projects": false,
            "has_wiki": false,
            "homepage_url": "",
            "html_url": "https://github.com/MTN-AYOBA-HACK-2021/ayoba_muhsingenius",
            "http_clone_url": "https://github.com/MTN-AYOBA-HACK-2021/ayoba_muhsingenius.git",
            "id": "ayoba_muhsingenius",
            "is_template": false,
            "license_template": null,
            "name": "ayoba_muhsingenius",
            "node_id": "MDEwOlJlcG9zaXRvcnk0MDI2ODEwNDg=",
            "pages": [],
            "private": true,
            "repo_id": 402681048,
            "ssh_clone_url": "git@github.com:MTN-AYOBA-HACK-2021/ayoba_muhsingenius.git",
            "svn_url": "https://github.com/MTN-AYOBA-HACK-2021/ayoba_muhsingenius",
            "template": [],
            "topics": null,
            "visibility": "private",
            "vulnerability_alerts": false
          },
          "sensitive_attributes": [],
          "private": "bnVsbA=="
        },
        {
          "index_key": "pehjos",
          "schema_version": 0,
          "attributes": {
            "allow_merge_commit": true,
            "allow_rebase_merge": true,
            "allow_squash_merge": true,
            "archive_on_destroy": null,
            "archived": false,
            "auto_init": null,
            "default_branch": "main",
            "delete_branch_on_merge": false,
            "description": "",
            "etag": "W/\"cc6b2e3d8ed43021d03ff08e0febdc6db5e067f86db0a6f9b94cab639fc12fa4\"",
            "full_name": "MTN-AYOBA-HACK-2021/ayoba_pehjos",
            "git_clone_url": "git://github.com/MTN-AYOBA-HACK-2021/ayoba_pehjos.git",
            "gitignore_template": null,
            "has_downloads": false,
            "has_issues": false,
            "has_projects": false,
            "has_wiki": false,
            "homepage_url": "",
            "html_url": "https://github.com/MTN-AYOBA-HACK-2021/ayoba_pehjos",
            "http_clone_url": "https://github.com/MTN-AYOBA-HACK-2021/ayoba_pehjos.git",
            "id": "ayoba_pehjos",
            "is_template": false,
            "license_template": null,
            "name": "ayoba_pehjos",
            "node_id": "MDEwOlJlcG9zaXRvcnk0MDI2ODAyMzg=",
            "pages": [],
            "private": true,
            "repo_id": 402680238,
            "ssh_clone_url": "git@github.com:MTN-AYOBA-HACK-2021/ayoba_pehjos.git",
            "svn_url": "https://github.com/MTN-AYOBA-HACK-2021/ayoba_pehjos",
            "template": [],
            "topics": null,
            "visibility": "private",
            "vulnerability_alerts": false
          },
          "sensitive_attributes": [],
          "private": "bnVsbA=="
        },
        {
          "index_key": "prince272",
          "schema_version": 0,
          "attributes": {
            "allow_merge_commit": true,
            "allow_rebase_merge": true,
            "allow_squash_merge": true,
            "archive_on_destroy": null,
            "archived": false,
            "auto_init": null,
            "default_branch": "main",
            "delete_branch_on_merge": false,
            "description": "",
            "etag": "W/\"fa1240b4caca6aa504b488fcaadbf17cc8b81c01b022e12cf46d39834b540a88\"",
            "full_name": "MTN-AYOBA-HACK-2021/ayoba_prince272",
            "git_clone_url": "git://github.com/MTN-AYOBA-HACK-2021/ayoba_prince272.git",
            "gitignore_template": null,
            "has_downloads": false,
            "has_issues": false,
            "has_projects": false,
            "has_wiki": false,
            "homepage_url": "",
            "html_url": "https://github.com/MTN-AYOBA-HACK-2021/ayoba_prince272",
            "http_clone_url": "https://github.com/MTN-AYOBA-HACK-2021/ayoba_prince272.git",
            "id": "ayoba_prince272",
            "is_template": false,
            "license_template": null,
            "name": "ayoba_prince272",
            "node_id": "MDEwOlJlcG9zaXRvcnk0MDI2ODEzMDY=",
            "pages": [],
            "private": true,
            "repo_id": 402681306,
            "ssh_clone_url": "git@github.com:MTN-AYOBA-HACK-2021/ayoba_prince272.git",
            "svn_url": "https://github.com/MTN-AYOBA-HACK-2021/ayoba_prince272",
            "template": [],
            "topics": null,
            "visibility": "private",
            "vulnerability_alerts": false
          },
          "sensitive_attributes": [],
          "private": "bnVsbA=="
        },
        {
          "index_key": "rhutmann",
          "schema_version": 0,
          "attributes": {
            "allow_merge_commit": true,
            "allow_rebase_merge": true,
            "allow_squash_merge": true,
            "archive_on_destroy": null,
            "archived": false,
            "auto_init": null,
            "default_branch": "main",
            "delete_branch_on_merge": false,
            "description": "",
            "etag": "W/\"e59e59d3544ac371e400e7a391d7aef25028b9dee641a6e8509b016398ed76c0\"",
            "full_name": "MTN-AYOBA-HACK-2021/ayoba_rhutmann",
            "git_clone_url": "git://github.com/MTN-AYOBA-HACK-2021/ayoba_rhutmann.git",
            "gitignore_template": null,
            "has_downloads": false,
            "has_issues": false,
            "has_projects": false,
            "has_wiki": false,
            "homepage_url": "",
            "html_url": "https://github.com/MTN-AYOBA-HACK-2021/ayoba_rhutmann",
            "http_clone_url": "https://github.com/MTN-AYOBA-HACK-2021/ayoba_rhutmann.git",
            "id": "ayoba_rhutmann",
            "is_template": false,
            "license_template": null,
            "name": "ayoba_rhutmann",
            "node_id": "MDEwOlJlcG9zaXRvcnk0MDI2ODA1Njg=",
            "pages": [],
            "private": true,
            "repo_id": 402680568,
            "ssh_clone_url": "git@github.com:MTN-AYOBA-HACK-2021/ayoba_rhutmann.git",
            "svn_url": "https://github.com/MTN-AYOBA-HACK-2021/ayoba_rhutmann",
            "template": [],
            "topics": null,
            "visibility": "private",
            "vulnerability_alerts": false
          },
          "sensitive_attributes": [],
          "private": "bnVsbA=="
        },
        {
          "index_key": "saeed-wahab",
          "schema_version": 0,
          "attributes": {
            "allow_merge_commit": true,
            "allow_rebase_merge": true,
            "allow_squash_merge": true,
            "archive_on_destroy": null,
            "archived": false,
            "auto_init": null,
            "default_branch": "main",
            "delete_branch_on_merge": false,
            "description": "",
            "etag": "W/\"635237611cd5cb87c800f14dd4fc1da65d864643d16139121fa646fa9ea9dfa1\"",
            "full_name": "MTN-AYOBA-HACK-2021/ayoba_saeed-wahab",
            "git_clone_url": "git://github.com/MTN-AYOBA-HACK-2021/ayoba_saeed-wahab.git",
            "gitignore_template": null,
            "has_downloads": false,
            "has_issues": false,
            "has_projects": false,
            "has_wiki": false,
            "homepage_url": "",
            "html_url": "https://github.com/MTN-AYOBA-HACK-2021/ayoba_saeed-wahab",
            "http_clone_url": "https://github.com/MTN-AYOBA-HACK-2021/ayoba_saeed-wahab.git",
            "id": "ayoba_saeed-wahab",
            "is_template": false,
            "license_template": null,
            "name": "ayoba_saeed-wahab",
            "node_id": "MDEwOlJlcG9zaXRvcnk0MDI2ODExNjQ=",
            "pages": [],
            "private": true,
            "repo_id": 402681164,
            "ssh_clone_url": "git@github.com:MTN-AYOBA-HACK-2021/ayoba_saeed-wahab.git",
            "svn_url": "https://github.com/MTN-AYOBA-HACK-2021/ayoba_saeed-wahab",
            "template": [],
            "topics": null,
            "visibility": "private",
            "vulnerability_alerts": false
          },
          "sensitive_attributes": [],
          "private": "bnVsbA=="
        },
        {
          "index_key": "sarponge2",
          "schema_version": 0,
          "attributes": {
            "allow_merge_commit": true,
            "allow_rebase_merge": true,
            "allow_squash_merge": true,
            "archive_on_destroy": null,
            "archived": false,
            "auto_init": null,
            "default_branch": "main",
            "delete_branch_on_merge": false,
            "description": "",
            "etag": "W/\"8f51154fa129781c60d985bbcd2b4f54f043edf71f5565eac629978b940fce0d\"",
            "full_name": "MTN-AYOBA-HACK-2021/ayoba_sarponge2",
            "git_clone_url": "git://github.com/MTN-AYOBA-HACK-2021/ayoba_sarponge2.git",
            "gitignore_template": null,
            "has_downloads": false,
            "has_issues": false,
            "has_projects": false,
            "has_wiki": false,
            "homepage_url": "",
            "html_url": "https://github.com/MTN-AYOBA-HACK-2021/ayoba_sarponge2",
            "http_clone_url": "https://github.com/MTN-AYOBA-HACK-2021/ayoba_sarponge2.git",
            "id": "ayoba_sarponge2",
            "is_template": false,
            "license_template": null,
            "name": "ayoba_sarponge2",
            "node_id": "MDEwOlJlcG9zaXRvcnk0MDI3NTkwMTg=",
            "pages": [],
            "private": true,
            "repo_id": 402759018,
            "ssh_clone_url": "git@github.com:MTN-AYOBA-HACK-2021/ayoba_sarponge2.git",
            "svn_url": "https://github.com/MTN-AYOBA-HACK-2021/ayoba_sarponge2",
            "template": [],
            "topics": [],
            "visibility": "private",
            "vulnerability_alerts": false
          },
          "sensitive_attributes": [],
          "private": "bnVsbA=="
        },
        {
          "index_key": "sualah",
          "schema_version": 0,
          "attributes": {
            "allow_merge_commit": true,
            "allow_rebase_merge": true,
            "allow_squash_merge": true,
            "archive_on_destroy": null,
            "archived": false,
            "auto_init": null,
            "default_branch": "main",
            "delete_branch_on_merge": false,
            "description": "",
            "etag": "W/\"1740654c5f307a8c51d618ca0d5a4e06cb880e2c9b0732816e98089c497f3219\"",
            "full_name": "MTN-AYOBA-HACK-2021/ayoba_sualah",
            "git_clone_url": "git://github.com/MTN-AYOBA-HACK-2021/ayoba_sualah.git",
            "gitignore_template": null,
            "has_downloads": false,
            "has_issues": false,
            "has_projects": false,
            "has_wiki": false,
            "homepage_url": "",
            "html_url": "https://github.com/MTN-AYOBA-HACK-2021/ayoba_sualah",
            "http_clone_url": "https://github.com/MTN-AYOBA-HACK-2021/ayoba_sualah.git",
            "id": "ayoba_sualah",
            "is_template": false,
            "license_template": null,
            "name": "ayoba_sualah",
            "node_id": "MDEwOlJlcG9zaXRvcnk0MDI3NTA5NTg=",
            "pages": [],
            "private": true,
            "repo_id": 402750958,
            "ssh_clone_url": "git@github.com:MTN-AYOBA-HACK-2021/ayoba_sualah.git",
            "svn_url": "https://github.com/MTN-AYOBA-HACK-2021/ayoba_sualah",
            "template": [],
            "topics": null,
            "visibility": "private",
            "vulnerability_alerts": false
          },
          "sensitive_attributes": [],
          "private": "bnVsbA=="
        },
        {
          "index_key": "terewere",
          "schema_version": 0,
          "attributes": {
            "allow_merge_commit": true,
            "allow_rebase_merge": true,
            "allow_squash_merge": true,
            "archive_on_destroy": null,
            "archived": false,
            "auto_init": null,
            "default_branch": "main",
            "delete_branch_on_merge": false,
            "description": "",
            "etag": "W/\"c2b4fc45a3e6d04ce54b9a6e59481475953e05c6d390e8572967b2d335acb244\"",
            "full_name": "MTN-AYOBA-HACK-2021/ayoba_terewere",
            "git_clone_url": "git://github.com/MTN-AYOBA-HACK-2021/ayoba_terewere.git",
            "gitignore_template": null,
            "has_downloads": false,
            "has_issues": false,
            "has_projects": false,
            "has_wiki": false,
            "homepage_url": "",
            "html_url": "https://github.com/MTN-AYOBA-HACK-2021/ayoba_terewere",
            "http_clone_url": "https://github.com/MTN-AYOBA-HACK-2021/ayoba_terewere.git",
            "id": "ayoba_terewere",
            "is_template": false,
            "license_template": null,
            "name": "ayoba_terewere",
            "node_id": "MDEwOlJlcG9zaXRvcnk0MDI2ODA4MjI=",
            "pages": [],
            "private": true,
            "repo_id": 402680822,
            "ssh_clone_url": "git@github.com:MTN-AYOBA-HACK-2021/ayoba_terewere.git",
            "svn_url": "https://github.com/MTN-AYOBA-HACK-2021/ayoba_terewere",
            "template": [],
            "topics": null,
            "visibility": "private",
            "vulnerability_alerts": false
          },
          "sensitive_attributes": [],
          "private": "bnVsbA=="
        },
        {
          "index_key": "zamensah",
          "schema_version": 0,
          "attributes": {
            "allow_merge_commit": true,
            "allow_rebase_merge": true,
            "allow_squash_merge": true,
            "archive_on_destroy": null,
            "archived": false,
            "auto_init": null,
            "default_branch": "main",
            "delete_branch_on_merge": false,
            "description": "",
            "etag": "W/\"04501a80440844a24b9d8023c65f58b41ab63c3be7e9d13455771d6fed70e088\"",
            "full_name": "MTN-AYOBA-HACK-2021/ayoba_zamensah",
            "git_clone_url": "git://github.com/MTN-AYOBA-HACK-2021/ayoba_zamensah.git",
            "gitignore_template": null,
            "has_downloads": false,
            "has_issues": false,
            "has_projects": false,
            "has_wiki": false,
            "homepage_url": "",
            "html_url": "https://github.com/MTN-AYOBA-HACK-2021/ayoba_zamensah",
            "http_clone_url": "https://github.com/MTN-AYOBA-HACK-2021/ayoba_zamensah.git",
            "id": "ayoba_zamensah",
            "is_template": false,
            "license_template": null,
            "name": "ayoba_zamensah",
            "node_id": "MDEwOlJlcG9zaXRvcnk0MDI2ODAyNTc=",
            "pages": [],
            "private": true,
            "repo_id": 402680257,
            "ssh_clone_url": "git@github.com:MTN-AYOBA-HACK-2021/ayoba_zamensah.git",
            "svn_url": "https://github.com/MTN-AYOBA-HACK-2021/ayoba_zamensah",
            "template": [],
            "topics": null,
            "visibility": "private",
            "vulnerability_alerts": false
          },
          "sensitive_attributes": [],
          "private": "bnVsbA=="
        }
      ]
    },
    {
      "module": "module.github",
      "mode": "managed",
      "type": "github_repository_collaborator",
      "name": "repo_user",
      "provider": "provider[\"registry.terraform.io/hashicorp/github\"]",
      "instances": [
        {
          "index_key": "Adamteh",
          "schema_version": 0,
          "attributes": {
            "id": "ayoba_Adamteh:Adamteh",
            "invitation_id": "52403193",
            "permission": "maintain",
            "permission_diff_suppression": false,
            "repository": "ayoba_Adamteh",
            "username": "Adamteh"
          },
          "sensitive_attributes": [],
          "private": "bnVsbA==",
          "dependencies": [
            "module.github.github_membership.members",
            "module.github.github_repository.this"
          ]
        },
        {
          "index_key": "Afari318",
          "schema_version": 0,
          "attributes": {
            "id": "ayoba_Afari318:Afari318",
            "invitation_id": "52403221",
            "permission": "maintain",
            "permission_diff_suppression": false,
            "repository": "ayoba_Afari318",
            "username": "Afari318"
          },
          "sensitive_attributes": [],
          "private": "bnVsbA==",
          "dependencies": [
            "module.github.github_membership.members",
            "module.github.github_repository.this"
          ]
        },
        {
          "index_key": "BomehD",
          "schema_version": 0,
          "attributes": {
            "id": "ayoba_BomehD:BomehD",
            "invitation_id": "52403260",
            "permission": "maintain",
            "permission_diff_suppression": false,
            "repository": "ayoba_BomehD",
            "username": "BomehD"
          },
          "sensitive_attributes": [],
          "private": "bnVsbA==",
          "dependencies": [
            "module.github.github_repository.this",
            "module.github.github_membership.members"
          ]
        },
        {
          "index_key": "DAVNOBLE",
          "schema_version": 0,
          "attributes": {
            "id": "ayoba_DAVNOBLE:DAVNOBLE",
            "invitation_id": "52379574",
            "permission": "maintain",
            "permission_diff_suppression": false,
            "repository": "ayoba_DAVNOBLE",
            "username": "DAVNOBLE"
          },
          "sensitive_attributes": [],
          "private": "bnVsbA==",
          "dependencies": [
            "module.github.github_membership.members",
            "module.github.github_repository.this"
          ]
        },
        {
          "index_key": "Eddy-Morgan",
          "schema_version": 0,
          "attributes": {
            "id": "ayoba_Eddy-Morgan:Eddy-Morgan",
            "invitation_id": "52403214",
            "permission": "maintain",
            "permission_diff_suppression": false,
            "repository": "ayoba_Eddy-Morgan",
            "username": "Eddy-Morgan"
          },
          "sensitive_attributes": [],
          "private": "bnVsbA==",
          "dependencies": [
            "module.github.github_membership.members",
            "module.github.github_repository.this"
          ]
        },
        {
          "index_key": "Elvis-Sarfo",
          "schema_version": 0,
          "attributes": {
            "id": "ayoba_Elvis-Sarfo:Elvis-Sarfo",
            "invitation_id": "52379480",
            "permission": "maintain",
            "permission_diff_suppression": false,
            "repository": "ayoba_Elvis-Sarfo",
            "username": "Elvis-Sarfo"
          },
          "sensitive_attributes": [],
          "private": "bnVsbA==",
          "dependencies": [
            "module.github.github_membership.members",
            "module.github.github_repository.this"
          ]
        },
        {
          "index_key": "Emmanuelfrimpong",
          "schema_version": 0,
          "attributes": {
            "id": "ayoba_Emmanuelfrimpong:Emmanuelfrimpong",
            "invitation_id": "52380287",
            "permission": "maintain",
            "permission_diff_suppression": false,
            "repository": "ayoba_Emmanuelfrimpong",
            "username": "Emmanuelfrimpong"
          },
          "sensitive_attributes": [],
          "private": "bnVsbA==",
          "dependencies": [
            "module.github.github_membership.members",
            "module.github.github_repository.this"
          ]
        },
        {
          "index_key": "HephWisdom",
          "schema_version": 0,
          "attributes": {
            "id": "ayoba_HephWisdom:HephWisdom",
            "invitation_id": "52379527",
            "permission": "maintain",
            "permission_diff_suppression": false,
            "repository": "ayoba_HephWisdom",
            "username": "HephWisdom"
          },
          "sensitive_attributes": [],
          "private": "bnVsbA==",
          "dependencies": [
            "module.github.github_membership.members",
            "module.github.github_repository.this"
          ]
        },
        {
          "index_key": "Kelvin-tech",
          "schema_version": 0,
          "attributes": {
            "id": "ayoba_Kelvin-tech:Kelvin-tech",
            "invitation_id": null,
            "permission": "maintain",
            "permission_diff_suppression": false,
            "repository": "ayoba_Kelvin-tech",
            "username": "kelvin-tech"
          },
          "sensitive_attributes": [],
          "private": "bnVsbA==",
          "dependencies": [
            "module.github.github_membership.members",
            "module.github.github_repository.this"
          ]
        },
        {
          "index_key": "Kweeku",
          "schema_version": 0,
          "attributes": {
            "id": "ayoba_Kweeku:Kweeku",
            "invitation_id": "52379507",
            "permission": "maintain",
            "permission_diff_suppression": false,
            "repository": "ayoba_Kweeku",
            "username": "Kweeku"
          },
          "sensitive_attributes": [],
          "private": "bnVsbA==",
          "dependencies": [
            "module.github.github_membership.members",
            "module.github.github_repository.this"
          ]
        },
        {
          "index_key": "ManuelDCoder",
          "schema_version": 0,
          "attributes": {
            "id": "ayoba_ManuelDCoder:ManuelDCoder",
            "invitation_id": "52379565",
            "permission": "maintain",
            "permission_diff_suppression": false,
            "repository": "ayoba_ManuelDCoder",
            "username": "ManuelDCoder"
          },
          "sensitive_attributes": [],
          "private": "bnVsbA==",
          "dependencies": [
            "module.github.github_membership.members",
            "module.github.github_repository.this"
          ]
        },
        {
          "index_key": "NanaPokun",
          "schema_version": 0,
          "attributes": {
            "id": "ayoba_NanaPokun:NanaPokun",
            "invitation_id": "52403224",
            "permission": "maintain",
            "permission_diff_suppression": false,
            "repository": "ayoba_NanaPokun",
            "username": "NanaPokun"
          },
          "sensitive_attributes": [],
          "private": "bnVsbA==",
          "dependencies": [
            "module.github.github_membership.members",
            "module.github.github_repository.this"
          ]
        },
        {
          "index_key": "NaroSoft",
          "schema_version": 0,
          "attributes": {
            "id": "ayoba_NaroSoft:NaroSoft",
            "invitation_id": "52403256",
            "permission": "maintain",
            "permission_diff_suppression": false,
            "repository": "ayoba_NaroSoft",
            "username": "NaroSoft"
          },
          "sensitive_attributes": [],
          "private": "bnVsbA==",
          "dependencies": [
            "module.github.github_membership.members",
            "module.github.github_repository.this"
          ]
        },
        {
          "index_key": "Onihani",
          "schema_version": 0,
          "attributes": {
            "id": "ayoba_Onihani:Onihani",
            "invitation_id": "52379663",
            "permission": "maintain",
            "permission_diff_suppression": false,
            "repository": "ayoba_Onihani",
            "username": "Onihani"
          },
          "sensitive_attributes": [],
          "private": "bnVsbA==",
          "dependencies": [
            "module.github.github_membership.members",
            "module.github.github_repository.this"
          ]
        },
        {
          "index_key": "Osadiapet",
          "schema_version": 0,
          "attributes": {
            "id": "ayoba_Osadiapet:Osadiapet",
            "invitation_id": null,
            "permission": "maintain",
            "permission_diff_suppression": false,
            "repository": "ayoba_Osadiapet",
            "username": "Osadiapet"
          },
          "sensitive_attributes": [],
          "private": "bnVsbA==",
          "dependencies": [
            "module.github.github_membership.members",
            "module.github.github_repository.this"
          ]
        },
        {
          "index_key": "Prince-Ampomah",
          "schema_version": 0,
          "attributes": {
            "id": "ayoba_Prince-Ampomah:Prince-Ampomah",
            "invitation_id": "52403202",
            "permission": "maintain",
            "permission_diff_suppression": false,
            "repository": "ayoba_Prince-Ampomah",
            "username": "Prince-Ampomah"
          },
          "sensitive_attributes": [],
          "private": "bnVsbA==",
          "dependencies": [
            "module.github.github_repository.this",
            "module.github.github_membership.members"
          ]
        },
        {
          "index_key": "ProfOJ",
          "schema_version": 0,
          "attributes": {
            "id": "ayoba_ProfOJ:ProfOJ",
            "invitation_id": "52379470",
            "permission": "maintain",
            "permission_diff_suppression": false,
            "repository": "ayoba_ProfOJ",
            "username": "ProfOJ"
          },
          "sensitive_attributes": [],
          "private": "bnVsbA==",
          "dependencies": [
            "module.github.github_membership.members",
            "module.github.github_repository.this"
          ]
        },
        {
          "index_key": "Rogerkorantenng",
          "schema_version": 0,
          "attributes": {
            "id": "ayoba_Rogerkorantenng:Rogerkorantenng",
            "invitation_id": null,
            "permission": "maintain",
            "permission_diff_suppression": false,
            "repository": "ayoba_Rogerkorantenng",
            "username": "rogerkorantenng"
          },
          "sensitive_attributes": [],
          "private": "bnVsbA==",
          "dependencies": [
            "module.github.github_membership.members",
            "module.github.github_repository.this"
          ]
        },
        {
          "index_key": "Seyramize",
          "schema_version": 0,
          "attributes": {
            "id": "ayoba_Seyramize:Seyramize",
            "invitation_id": "52403216",
            "permission": "maintain",
            "permission_diff_suppression": false,
            "repository": "ayoba_Seyramize",
            "username": "Seyramize"
          },
          "sensitive_attributes": [],
          "private": "bnVsbA==",
          "dependencies": [
            "module.github.github_membership.members",
            "module.github.github_repository.this"
          ]
        },
        {
          "index_key": "TheDynasto",
          "schema_version": 0,
          "attributes": {
            "id": "ayoba_TheDynasto:TheDynasto",
            "invitation_id": null,
            "permission": "maintain",
            "permission_diff_suppression": false,
            "repository": "ayoba_TheDynasto",
            "username": "TheDynasto"
          },
          "sensitive_attributes": [],
          "private": "bnVsbA==",
          "dependencies": [
            "module.github.github_repository.this",
            "module.github.github_membership.members"
          ]
        },
        {
          "index_key": "Xybron",
          "schema_version": 0,
          "attributes": {
            "id": "ayoba_Xybron:Xybron",
            "invitation_id": "52403225",
            "permission": "maintain",
            "permission_diff_suppression": false,
            "repository": "ayoba_Xybron",
            "username": "Xybron"
          },
          "sensitive_attributes": [],
          "private": "bnVsbA==",
          "dependencies": [
            "module.github.github_membership.members",
            "module.github.github_repository.this"
          ]
        },
        {
          "index_key": "acquahsamuel",
          "schema_version": 0,
          "attributes": {
            "id": "ayoba_acquahsamuel:acquahsamuel",
            "invitation_id": "52379686",
            "permission": "maintain",
            "permission_diff_suppression": false,
            "repository": "ayoba_acquahsamuel",
            "username": "acquahsamuel"
          },
          "sensitive_attributes": [],
          "private": "bnVsbA==",
          "dependencies": [
            "module.github.github_membership.members",
            "module.github.github_repository.this"
          ]
        },
        {
          "index_key": "berrydeblaq",
          "schema_version": 0,
          "attributes": {
            "id": "ayoba_berrydeblaq:berrydeblaq",
            "invitation_id": null,
            "permission": "maintain",
            "permission_diff_suppression": false,
            "repository": "ayoba_berrydeblaq",
            "username": "berrydeblaq"
          },
          "sensitive_attributes": [],
          "private": "bnVsbA==",
          "dependencies": [
            "module.github.github_membership.members",
            "module.github.github_repository.this"
          ]
        },
        {
          "index_key": "botchway44",
          "schema_version": 0,
          "attributes": {
            "id": "ayoba_botchway44:botchway44",
            "invitation_id": "52379634",
            "permission": "maintain",
            "permission_diff_suppression": false,
            "repository": "ayoba_botchway44",
            "username": "botchway44"
          },
          "sensitive_attributes": [],
          "private": "bnVsbA==",
          "dependencies": [
            "module.github.github_membership.members",
            "module.github.github_repository.this"
          ]
        },
        {
          "index_key": "coding-rev",
          "schema_version": 0,
          "attributes": {
            "id": "ayoba_coding-rev:coding-rev",
            "invitation_id": null,
            "permission": "maintain",
            "permission_diff_suppression": false,
            "repository": "ayoba_coding-rev",
            "username": "coding-rev"
          },
          "sensitive_attributes": [],
          "private": "bnVsbA==",
          "dependencies": [
            "module.github.github_membership.members",
            "module.github.github_repository.this"
          ]
        },
        {
          "index_key": "crazicoda",
          "schema_version": 0,
          "attributes": {
            "id": "ayoba_crazicoda:crazicoda",
            "invitation_id": "52379657",
            "permission": "maintain",
            "permission_diff_suppression": false,
            "repository": "ayoba_crazicoda",
            "username": "CraziCoda"
          },
          "sensitive_attributes": [],
          "private": "bnVsbA==",
          "dependencies": [
            "module.github.github_membership.members",
            "module.github.github_repository.this"
          ]
        },
        {
          "index_key": "dbilly1",
          "schema_version": 0,
          "attributes": {
            "id": "ayoba_dbilly1:dbilly1",
            "invitation_id": "52403262",
            "permission": "maintain",
            "permission_diff_suppression": false,
            "repository": "ayoba_dbilly1",
            "username": "dbilly1"
          },
          "sensitive_attributes": [],
          "private": "bnVsbA==",
          "dependencies": [
            "module.github.github_membership.members",
            "module.github.github_repository.this"
          ]
        },
        {
          "index_key": "emrade",
          "schema_version": 0,
          "attributes": {
            "id": "ayoba_emrade:emrade",
            "invitation_id": "52379475",
            "permission": "maintain",
            "permission_diff_suppression": false,
            "repository": "ayoba_emrade",
            "username": "emrade"
          },
          "sensitive_attributes": [],
          "private": "bnVsbA==",
          "dependencies": [
            "module.github.github_membership.members",
            "module.github.github_repository.this"
          ]
        },
        {
          "index_key": "fennin3",
          "schema_version": 0,
          "attributes": {
            "id": "ayoba_fennin3:fennin3",
            "invitation_id": "52403197",
            "permission": "maintain",
            "permission_diff_suppression": false,
            "repository": "ayoba_fennin3",
            "username": "fennin3"
          },
          "sensitive_attributes": [],
          "private": "bnVsbA==",
          "dependencies": [
            "module.github.github_membership.members",
            "module.github.github_repository.this"
          ]
        },
        {
          "index_key": "franklinosei",
          "schema_version": 0,
          "attributes": {
            "id": "ayoba_franklinosei:franklinosei",
            "invitation_id": "52403183",
            "permission": "maintain",
            "permission_diff_suppression": false,
            "repository": "ayoba_franklinosei",
            "username": "franklinosei"
          },
          "sensitive_attributes": [],
          "private": "bnVsbA==",
          "dependencies": [
            "module.github.github_membership.members",
            "module.github.github_repository.this"
          ]
        },
        {
          "index_key": "henryhkb",
          "schema_version": 0,
          "attributes": {
            "id": "ayoba_henryhkb:henryhkb",
            "invitation_id": "52379483",
            "permission": "maintain",
            "permission_diff_suppression": false,
            "repository": "ayoba_henryhkb",
            "username": "henryhkb"
          },
          "sensitive_attributes": [],
          "private": "bnVsbA==",
          "dependencies": [
            "module.github.github_membership.members",
            "module.github.github_repository.this"
          ]
        },
        {
          "index_key": "iamnanne",
          "schema_version": 0,
          "attributes": {
            "id": "ayoba_iamnanne:iamnanne",
            "invitation_id": "52403185",
            "permission": "maintain",
            "permission_diff_suppression": false,
            "repository": "ayoba_iamnanne",
            "username": "iamnanne"
          },
          "sensitive_attributes": [],
          "private": "bnVsbA==",
          "dependencies": [
            "module.github.github_membership.members",
            "module.github.github_repository.this"
          ]
        },
        {
          "index_key": "idadia",
          "schema_version": 0,
          "attributes": {
            "id": "ayoba_idadia:idadia",
            "invitation_id": null,
            "permission": "maintain",
            "permission_diff_suppression": false,
            "repository": "ayoba_idadia",
            "username": "idadia"
          },
          "sensitive_attributes": [],
          "private": "bnVsbA==",
          "dependencies": [
            "module.github.github_membership.members",
            "module.github.github_repository.this"
          ]
        },
        {
          "index_key": "jakazzy",
          "schema_version": 0,
          "attributes": {
            "id": "ayoba_jakazzy:jakazzy",
            "invitation_id": "52379593",
            "permission": "maintain",
            "permission_diff_suppression": false,
            "repository": "ayoba_jakazzy",
            "username": "jakazzy"
          },
          "sensitive_attributes": [],
          "private": "bnVsbA==",
          "dependencies": [
            "module.github.github_membership.members",
            "module.github.github_repository.this"
          ]
        },
        {
          "index_key": "lhost101",
          "schema_version": 0,
          "attributes": {
            "id": "ayoba_lhost101:lhost101",
            "invitation_id": null,
            "permission": "maintain",
            "permission_diff_suppression": false,
            "repository": "ayoba_lhost101",
            "username": "lhost101"
          },
          "sensitive_attributes": [],
          "private": "bnVsbA==",
          "dependencies": [
            "module.github.github_membership.members",
            "module.github.github_repository.this"
          ]
        },
        {
          "index_key": "majestyjnr",
          "schema_version": 0,
          "attributes": {
            "id": "ayoba_majestyjnr:majestyjnr",
            "invitation_id": "52379624",
            "permission": "maintain",
            "permission_diff_suppression": false,
            "repository": "ayoba_majestyjnr",
            "username": "majestyjnr"
          },
          "sensitive_attributes": [],
          "private": "bnVsbA==",
          "dependencies": [
            "module.github.github_membership.members",
            "module.github.github_repository.this"
          ]
        },
        {
          "index_key": "mcqueccu",
          "schema_version": 0,
          "attributes": {
            "id": "ayoba_mcqueccu:mcqueccu",
            "invitation_id": "52379487",
            "permission": "maintain",
            "permission_diff_suppression": false,
            "repository": "ayoba_mcqueccu",
            "username": "mcqueccu"
          },
          "sensitive_attributes": [],
          "private": "bnVsbA==",
          "dependencies": [
            "module.github.github_membership.members",
            "module.github.github_repository.this"
          ]
        },
        {
          "index_key": "mightytv12",
          "schema_version": 0,
          "attributes": {
            "id": "ayoba_mightytv12:mightytv12",
            "invitation_id": "52403274",
            "permission": "maintain",
            "permission_diff_suppression": false,
            "repository": "ayoba_mightytv12",
            "username": "mightytv12"
          },
          "sensitive_attributes": [],
          "private": "bnVsbA==",
          "dependencies": [
            "module.github.github_membership.members",
            "module.github.github_repository.this"
          ]
        },
        {
          "index_key": "muhsingenius",
          "schema_version": 0,
          "attributes": {
            "id": "ayoba_muhsingenius:muhsingenius",
            "invitation_id": "52403188",
            "permission": "maintain",
            "permission_diff_suppression": false,
            "repository": "ayoba_muhsingenius",
            "username": "muhsingenius"
          },
          "sensitive_attributes": [],
          "private": "bnVsbA==",
          "dependencies": [
            "module.github.github_membership.members",
            "module.github.github_repository.this"
          ]
        },
        {
          "index_key": "pehjos",
          "schema_version": 0,
          "attributes": {
            "id": "ayoba_pehjos:pehjos",
            "invitation_id": "52403251",
            "permission": "maintain",
            "permission_diff_suppression": false,
            "repository": "ayoba_pehjos",
            "username": "pehjos"
          },
          "sensitive_attributes": [],
          "private": "bnVsbA==",
          "dependencies": [
            "module.github.github_membership.members",
            "module.github.github_repository.this"
          ]
        },
        {
          "index_key": "prince272",
          "schema_version": 0,
          "attributes": {
            "id": "ayoba_prince272:prince272",
            "invitation_id": null,
            "permission": "maintain",
            "permission_diff_suppression": false,
            "repository": "ayoba_prince272",
            "username": "prince272"
          },
          "sensitive_attributes": [],
          "private": "bnVsbA==",
          "dependencies": [
            "module.github.github_repository.this",
            "module.github.github_membership.members"
          ]
        },
        {
          "index_key": "rhutmann",
          "schema_version": 0,
          "attributes": {
            "id": "ayoba_rhutmann:rhutmann",
            "invitation_id": "52379628",
            "permission": "maintain",
            "permission_diff_suppression": false,
            "repository": "ayoba_rhutmann",
            "username": "rhutmann"
          },
          "sensitive_attributes": [],
          "private": "bnVsbA==",
          "dependencies": [
            "module.github.github_membership.members",
            "module.github.github_repository.this"
          ]
        },
        {
          "index_key": "saeed-wahab",
          "schema_version": 0,
          "attributes": {
            "id": "ayoba_saeed-wahab:saeed-wahab",
            "invitation_id": "52403247",
            "permission": "maintain",
            "permission_diff_suppression": false,
            "repository": "ayoba_saeed-wahab",
            "username": "saeed-wahab"
          },
          "sensitive_attributes": [],
          "private": "bnVsbA==",
          "dependencies": [
            "module.github.github_membership.members",
            "module.github.github_repository.this"
          ]
        },
        {
          "index_key": "sarponge2",
          "schema_version": 0,
          "attributes": {
            "id": "ayoba_sarponge2:sarponge2",
            "invitation_id": "52403200",
            "permission": "maintain",
            "permission_diff_suppression": false,
            "repository": "ayoba_sarponge2",
            "username": "sarponge2"
          },
          "sensitive_attributes": [],
          "private": "bnVsbA==",
          "dependencies": [
            "module.github.github_membership.members",
            "module.github.github_repository.this"
          ]
        },
        {
          "index_key": "sualah",
          "schema_version": 0,
          "attributes": {
            "id": "ayoba_sualah:sualah",
            "invitation_id": "52403230",
            "permission": "maintain",
            "permission_diff_suppression": false,
            "repository": "ayoba_sualah",
            "username": "sualah"
          },
          "sensitive_attributes": [],
          "private": "bnVsbA==",
          "dependencies": [
            "module.github.github_membership.members",
            "module.github.github_repository.this"
          ]
        },
        {
          "index_key": "terewere",
          "schema_version": 0,
          "attributes": {
            "id": "ayoba_terewere:terewere",
            "invitation_id": "52379646",
            "permission": "maintain",
            "permission_diff_suppression": false,
            "repository": "ayoba_terewere",
            "username": "terewere"
          },
          "sensitive_attributes": [],
          "private": "bnVsbA==",
          "dependencies": [
            "module.github.github_membership.members",
            "module.github.github_repository.this"
          ]
        },
        {
          "index_key": "zamensah",
          "schema_version": 0,
          "attributes": {
            "id": "ayoba_zamensah:zamensah",
            "invitation_id": "52379588",
            "permission": "maintain",
            "permission_diff_suppression": false,
            "repository": "ayoba_zamensah",
            "username": "zAmensah"
          },
          "sensitive_attributes": [],
          "private": "bnVsbA==",
          "dependencies": [
            "module.github.github_membership.members",
            "module.github.github_repository.this"
          ]
        }
      ]
    }
  ]
}
